// !$*UTF8*$!
{
	archiveVersion = 1;
	classes = {
	};
	objectVersion = 46;
	objects = {

/* Begin PBXBuildFile section */
		9C4D1EE918658D2200EFE020 /* Foundation.framework in Frameworks */ = {isa = PBXBuildFile; fileRef = 9C4D1EE818658D2200EFE020 /* Foundation.framework */; };
		9C4D1EEB18658D2200EFE020 /* CoreGraphics.framework in Frameworks */ = {isa = PBXBuildFile; fileRef = 9C4D1EEA18658D2200EFE020 /* CoreGraphics.framework */; };
		9C4D1EED18658D2200EFE020 /* UIKit.framework in Frameworks */ = {isa = PBXBuildFile; fileRef = 9C4D1EEC18658D2200EFE020 /* UIKit.framework */; };
		9C4D1EF518658D2200EFE020 /* main.m in Sources */ = {isa = PBXBuildFile; fileRef = 9C4D1EF418658D2200EFE020 /* main.m */; };
		9C4D1EF918658D2200EFE020 /* ZAppDelegate.m in Sources */ = {isa = PBXBuildFile; fileRef = 9C4D1EF818658D2200EFE020 /* ZAppDelegate.m */; };
		9C4D1EFC18658D2200EFE020 /* Main.storyboard in Resources */ = {isa = PBXBuildFile; fileRef = 9C4D1EFA18658D2200EFE020 /* Main.storyboard */; };
		9C4D1F0B18658D2200EFE020 /* XCTest.framework in Frameworks */ = {isa = PBXBuildFile; fileRef = 9C4D1F0A18658D2200EFE020 /* XCTest.framework */; };
		9C4D1F0C18658D2200EFE020 /* Foundation.framework in Frameworks */ = {isa = PBXBuildFile; fileRef = 9C4D1EE818658D2200EFE020 /* Foundation.framework */; };
		9C4D1F0D18658D2200EFE020 /* UIKit.framework in Frameworks */ = {isa = PBXBuildFile; fileRef = 9C4D1EEC18658D2200EFE020 /* UIKit.framework */; };
		9C4D1F1718658D2200EFE020 /* ZTelTests.m in Sources */ = {isa = PBXBuildFile; fileRef = 9C4D1F1618658D2200EFE020 /* ZTelTests.m */; };
		9C4D1FFB1865A62900EFE020 /* Emcall.m in Sources */ = {isa = PBXBuildFile; fileRef = 9C4D1FED1865A62900EFE020 /* Emcall.m */; };
		9C4D1FFD1865A62900EFE020 /* SearchPhoneController.m in Sources */ = {isa = PBXBuildFile; fileRef = 9C4D1FF01865A62900EFE020 /* SearchPhoneController.m */; };
		9C4D1FFF1865A62900EFE020 /* Telephone.m in Sources */ = {isa = PBXBuildFile; fileRef = 9C4D1FF31865A62900EFE020 /* Telephone.m */; };
		9C4D20031865A62900EFE020 /* YellowPageViewController.m in Sources */ = {isa = PBXBuildFile; fileRef = 9C4D1FF91865A62900EFE020 /* YellowPageViewController.m */; };
		9C4D20121865A66C00EFE020 /* FMDatabase.m in Sources */ = {isa = PBXBuildFile; fileRef = 9C4D20091865A66C00EFE020 /* FMDatabase.m */; };
		9C4D20131865A66C00EFE020 /* FMDatabaseAdditions.m in Sources */ = {isa = PBXBuildFile; fileRef = 9C4D200B1865A66C00EFE020 /* FMDatabaseAdditions.m */; };
		9C4D20141865A66C00EFE020 /* FMDatabasePool.m in Sources */ = {isa = PBXBuildFile; fileRef = 9C4D200D1865A66C00EFE020 /* FMDatabasePool.m */; };
		9C4D20151865A66C00EFE020 /* FMDatabaseQueue.m in Sources */ = {isa = PBXBuildFile; fileRef = 9C4D200F1865A66C00EFE020 /* FMDatabaseQueue.m */; };
		9C4D20161865A66C00EFE020 /* FMResultSet.m in Sources */ = {isa = PBXBuildFile; fileRef = 9C4D20111865A66C00EFE020 /* FMResultSet.m */; };
		9C4D20271865A6BD00EFE020 /* ioapi.c in Sources */ = {isa = PBXBuildFile; fileRef = 9C4D201B1865A6BD00EFE020 /* ioapi.c */; };
		9C4D20291865A6BD00EFE020 /* mztools.c in Sources */ = {isa = PBXBuildFile; fileRef = 9C4D201E1865A6BD00EFE020 /* mztools.c */; };
		9C4D202A1865A6BD00EFE020 /* unzip.c in Sources */ = {isa = PBXBuildFile; fileRef = 9C4D20201865A6BD00EFE020 /* unzip.c */; };
		9C4D202B1865A6BD00EFE020 /* zip.c in Sources */ = {isa = PBXBuildFile; fileRef = 9C4D20221865A6BD00EFE020 /* zip.c */; };
		9C4D202C1865A6BD00EFE020 /* ZipArchive.m in Sources */ = {isa = PBXBuildFile; fileRef = 9C4D20251865A6BD00EFE020 /* ZipArchive.m */; settings = {COMPILER_FLAGS = "-fno-objc-arc"; }; };
		9C4D202F1865A70800EFE020 /* AppHelper.m in Sources */ = {isa = PBXBuildFile; fileRef = 9C4D202E1865A70800EFE020 /* AppHelper.m */; };
		9C4D20341865A77700EFE020 /* SVProgressHUD.bundle in Resources */ = {isa = PBXBuildFile; fileRef = 9C4D20311865A77700EFE020 /* SVProgressHUD.bundle */; };
		9C4D20351865A77700EFE020 /* SVProgressHUD.m in Sources */ = {isa = PBXBuildFile; fileRef = 9C4D20331865A77700EFE020 /* SVProgressHUD.m */; };
		9C4D20391865A89100EFE020 /* Toast+UIView.m in Sources */ = {isa = PBXBuildFile; fileRef = 9C4D20381865A89100EFE020 /* Toast+UIView.m */; settings = {COMPILER_FLAGS = "-fno-objc-arc"; }; };
		9C4D203D1865A91400EFE020 /* libz.1.2.5.dylib in Frameworks */ = {isa = PBXBuildFile; fileRef = 9C4D203C1865A91400EFE020 /* libz.1.2.5.dylib */; };
		9C4D203F1865A92300EFE020 /* libsqlite3.0.dylib in Frameworks */ = {isa = PBXBuildFile; fileRef = 9C4D203E1865A92300EFE020 /* libsqlite3.0.dylib */; };
		9C4D20441865B59E00EFE020 /* FavoritePhoneController.m in Sources */ = {isa = PBXBuildFile; fileRef = 9C4D20431865B59E00EFE020 /* FavoritePhoneController.m */; };
		9C4D204C1865C86A00EFE020 /* Icon-120@2x.png in Resources */ = {isa = PBXBuildFile; fileRef = 9C4D20481865C86A00EFE020 /* Icon-120@2x.png */; };
		9C4D204D1865C86A00EFE020 /* Icon.png in Resources */ = {isa = PBXBuildFile; fileRef = 9C4D20491865C86A00EFE020 /* Icon.png */; };
		9C4D204E1865C86A00EFE020 /* Icon@2x.png in Resources */ = {isa = PBXBuildFile; fileRef = 9C4D204A1865C86A00EFE020 /* Icon@2x.png */; };
		9C4D204F1865C86A00EFE020 /* zjutel.db in Resources */ = {isa = PBXBuildFile; fileRef = 9C4D204B1865C86A00EFE020 /* zjutel.db */; };
		9C4D20511865E68500EFE020 /* phone@2x.png in Resources */ = {isa = PBXBuildFile; fileRef = 9C4D20501865E68500EFE020 /* phone@2x.png */; };
		9C4D20541865EA3100EFE020 /* star@2x.png in Resources */ = {isa = PBXBuildFile; fileRef = 9C4D20521865EA3100EFE020 /* star@2x.png */; };
		9C4D20551865EA3100EFE020 /* star-highlight@2x.png in Resources */ = {isa = PBXBuildFile; fileRef = 9C4D20531865EA3100EFE020 /* star-highlight@2x.png */; };
		9C4D20571865ECD100EFE020 /* UI7NavigationBarBackButton@2x.png in Resources */ = {isa = PBXBuildFile; fileRef = 9C4D20561865ECD100EFE020 /* UI7NavigationBarBackButton@2x.png */; };
		9C4D20591865EE6800EFE020 /* view@2x.png in Resources */ = {isa = PBXBuildFile; fileRef = 9C4D20581865EE6800EFE020 /* view@2x.png */; };
		9C4D205B1865EE9300EFE020 /* search@2x.png in Resources */ = {isa = PBXBuildFile; fileRef = 9C4D205A1865EE9300EFE020 /* search@2x.png */; };
		9C4D205D1865F25500EFE020 /* none@2x.png in Resources */ = {isa = PBXBuildFile; fileRef = 9C4D205C1865F25500EFE020 /* none@2x.png */; };
		9C4D205F1865FB2B00EFE020 /* bar@2x.png in Resources */ = {isa = PBXBuildFile; fileRef = 9C4D205E1865FB2B00EFE020 /* bar@2x.png */; };
		9C4D20631865FF8400EFE020 /* Default-568h@2x.png in Resources */ = {isa = PBXBuildFile; fileRef = 9C4D20601865FF8400EFE020 /* Default-568h@2x.png */; };
		9C4D20641865FF8400EFE020 /* Default.png in Resources */ = {isa = PBXBuildFile; fileRef = 9C4D20611865FF8400EFE020 /* Default.png */; };
		9C4D20651865FF8400EFE020 /* Default@2x.png in Resources */ = {isa = PBXBuildFile; fileRef = 9C4D20621865FF8400EFE020 /* Default@2x.png */; };
		9C7C68C31867373800EABAEA /* ZNavigationViewController.m in Sources */ = {isa = PBXBuildFile; fileRef = 9C7C68C21867373800EABAEA /* ZNavigationViewController.m */; };
		9C7C68CA18674E4300EABAEA /* view-selected@2x.png in Resources */ = {isa = PBXBuildFile; fileRef = 9C7C68C718674E4300EABAEA /* view-selected@2x.png */; };
		9C7C68CB18674E4300EABAEA /* search-selected@2x.png in Resources */ = {isa = PBXBuildFile; fileRef = 9C7C68C818674E4300EABAEA /* search-selected@2x.png */; };
		9C7C68CC18674E4300EABAEA /* star-selected@2x.png in Resources */ = {isa = PBXBuildFile; fileRef = 9C7C68C918674E4300EABAEA /* star-selected@2x.png */; };
		9C7C68CE1867507C00EABAEA /* phone-selected@2x.png in Resources */ = {isa = PBXBuildFile; fileRef = 9C7C68CD1867507C00EABAEA /* phone-selected@2x.png */; };
/* End PBXBuildFile section */

/* Begin PBXContainerItemProxy section */
		9C4D1F0E18658D2200EFE020 /* PBXContainerItemProxy */ = {
			isa = PBXContainerItemProxy;
			containerPortal = 9C4D1EDD18658D2200EFE020 /* Project object */;
			proxyType = 1;
			remoteGlobalIDString = 9C4D1EE418658D2200EFE020;
			remoteInfo = ZTel;
		};
/* End PBXContainerItemProxy section */

/* Begin PBXFileReference section */
		9C4D1EE518658D2200EFE020 /* ZTel.app */ = {isa = PBXFileReference; explicitFileType = wrapper.application; includeInIndex = 0; path = ZTel.app; sourceTree = BUILT_PRODUCTS_DIR; };
		9C4D1EE818658D2200EFE020 /* Foundation.framework */ = {isa = PBXFileReference; lastKnownFileType = wrapper.framework; name = Foundation.framework; path = System/Library/Frameworks/Foundation.framework; sourceTree = SDKROOT; };
		9C4D1EEA18658D2200EFE020 /* CoreGraphics.framework */ = {isa = PBXFileReference; lastKnownFileType = wrapper.framework; name = CoreGraphics.framework; path = System/Library/Frameworks/CoreGraphics.framework; sourceTree = SDKROOT; };
		9C4D1EEC18658D2200EFE020 /* UIKit.framework */ = {isa = PBXFileReference; lastKnownFileType = wrapper.framework; name = UIKit.framework; path = System/Library/Frameworks/UIKit.framework; sourceTree = SDKROOT; };
		9C4D1EF018658D2200EFE020 /* ZTel-Info.plist */ = {isa = PBXFileReference; lastKnownFileType = text.plist.xml; path = "ZTel-Info.plist"; sourceTree = "<group>"; };
		9C4D1EF418658D2200EFE020 /* main.m */ = {isa = PBXFileReference; lastKnownFileType = sourcecode.c.objc; path = main.m; sourceTree = "<group>"; };
		9C4D1EF618658D2200EFE020 /* ZTel-Prefix.pch */ = {isa = PBXFileReference; lastKnownFileType = sourcecode.c.h; path = "ZTel-Prefix.pch"; sourceTree = "<group>"; };
		9C4D1EF718658D2200EFE020 /* ZAppDelegate.h */ = {isa = PBXFileReference; lastKnownFileType = sourcecode.c.h; path = ZAppDelegate.h; sourceTree = "<group>"; };
		9C4D1EF818658D2200EFE020 /* ZAppDelegate.m */ = {isa = PBXFileReference; lastKnownFileType = sourcecode.c.objc; path = ZAppDelegate.m; sourceTree = "<group>"; };
		9C4D1EFB18658D2200EFE020 /* Base */ = {isa = PBXFileReference; lastKnownFileType = file.storyboard; name = Base; path = Base.lproj/Main.storyboard; sourceTree = "<group>"; };
		9C4D1F0918658D2200EFE020 /* ZTelTests.xctest */ = {isa = PBXFileReference; explicitFileType = wrapper.cfbundle; includeInIndex = 0; path = ZTelTests.xctest; sourceTree = BUILT_PRODUCTS_DIR; };
		9C4D1F0A18658D2200EFE020 /* XCTest.framework */ = {isa = PBXFileReference; lastKnownFileType = wrapper.framework; name = XCTest.framework; path = Library/Frameworks/XCTest.framework; sourceTree = DEVELOPER_DIR; };
		9C4D1F1218658D2200EFE020 /* ZTelTests-Info.plist */ = {isa = PBXFileReference; lastKnownFileType = text.plist.xml; path = "ZTelTests-Info.plist"; sourceTree = "<group>"; };
		9C4D1F1618658D2200EFE020 /* ZTelTests.m */ = {isa = PBXFileReference; lastKnownFileType = sourcecode.c.objc; path = ZTelTests.m; sourceTree = "<group>"; };
		9C4D1FEC1865A62900EFE020 /* Emcall.h */ = {isa = PBXFileReference; fileEncoding = 4; lastKnownFileType = sourcecode.c.h; path = Emcall.h; sourceTree = "<group>"; };
		9C4D1FED1865A62900EFE020 /* Emcall.m */ = {isa = PBXFileReference; fileEncoding = 4; lastKnownFileType = sourcecode.c.objc; path = Emcall.m; sourceTree = "<group>"; };
		9C4D1FEF1865A62900EFE020 /* SearchPhoneController.h */ = {isa = PBXFileReference; fileEncoding = 4; lastKnownFileType = sourcecode.c.h; path = SearchPhoneController.h; sourceTree = "<group>"; };
		9C4D1FF01865A62900EFE020 /* SearchPhoneController.m */ = {isa = PBXFileReference; fileEncoding = 4; lastKnownFileType = sourcecode.c.objc; path = SearchPhoneController.m; sourceTree = "<group>"; };
		9C4D1FF21865A62900EFE020 /* Telephone.h */ = {isa = PBXFileReference; fileEncoding = 4; lastKnownFileType = sourcecode.c.h; path = Telephone.h; sourceTree = "<group>"; };
		9C4D1FF31865A62900EFE020 /* Telephone.m */ = {isa = PBXFileReference; fileEncoding = 4; lastKnownFileType = sourcecode.c.objc; path = Telephone.m; sourceTree = "<group>"; };
		9C4D1FF81865A62900EFE020 /* YellowPageViewController.h */ = {isa = PBXFileReference; fileEncoding = 4; lastKnownFileType = sourcecode.c.h; path = YellowPageViewController.h; sourceTree = "<group>"; };
		9C4D1FF91865A62900EFE020 /* YellowPageViewController.m */ = {isa = PBXFileReference; fileEncoding = 4; lastKnownFileType = sourcecode.c.objc; path = YellowPageViewController.m; sourceTree = "<group>"; };
		9C4D20081865A66C00EFE020 /* FMDatabase.h */ = {isa = PBXFileReference; fileEncoding = 4; lastKnownFileType = sourcecode.c.h; path = FMDatabase.h; sourceTree = "<group>"; };
		9C4D20091865A66C00EFE020 /* FMDatabase.m */ = {isa = PBXFileReference; fileEncoding = 4; lastKnownFileType = sourcecode.c.objc; path = FMDatabase.m; sourceTree = "<group>"; };
		9C4D200A1865A66C00EFE020 /* FMDatabaseAdditions.h */ = {isa = PBXFileReference; fileEncoding = 4; lastKnownFileType = sourcecode.c.h; path = FMDatabaseAdditions.h; sourceTree = "<group>"; };
		9C4D200B1865A66C00EFE020 /* FMDatabaseAdditions.m */ = {isa = PBXFileReference; fileEncoding = 4; lastKnownFileType = sourcecode.c.objc; path = FMDatabaseAdditions.m; sourceTree = "<group>"; };
		9C4D200C1865A66C00EFE020 /* FMDatabasePool.h */ = {isa = PBXFileReference; fileEncoding = 4; lastKnownFileType = sourcecode.c.h; path = FMDatabasePool.h; sourceTree = "<group>"; };
		9C4D200D1865A66C00EFE020 /* FMDatabasePool.m */ = {isa = PBXFileReference; fileEncoding = 4; lastKnownFileType = sourcecode.c.objc; path = FMDatabasePool.m; sourceTree = "<group>"; };
		9C4D200E1865A66C00EFE020 /* FMDatabaseQueue.h */ = {isa = PBXFileReference; fileEncoding = 4; lastKnownFileType = sourcecode.c.h; path = FMDatabaseQueue.h; sourceTree = "<group>"; };
		9C4D200F1865A66C00EFE020 /* FMDatabaseQueue.m */ = {isa = PBXFileReference; fileEncoding = 4; lastKnownFileType = sourcecode.c.objc; path = FMDatabaseQueue.m; sourceTree = "<group>"; };
		9C4D20101865A66C00EFE020 /* FMResultSet.h */ = {isa = PBXFileReference; fileEncoding = 4; lastKnownFileType = sourcecode.c.h; path = FMResultSet.h; sourceTree = "<group>"; };
		9C4D20111865A66C00EFE020 /* FMResultSet.m */ = {isa = PBXFileReference; fileEncoding = 4; lastKnownFileType = sourcecode.c.objc; path = FMResultSet.m; sourceTree = "<group>"; };
		9C4D201A1865A6BD00EFE020 /* crypt.h */ = {isa = PBXFileReference; fileEncoding = 4; lastKnownFileType = sourcecode.c.h; path = crypt.h; sourceTree = "<group>"; };
		9C4D201B1865A6BD00EFE020 /* ioapi.c */ = {isa = PBXFileReference; fileEncoding = 4; lastKnownFileType = sourcecode.c.c; path = ioapi.c; sourceTree = "<group>"; };
		9C4D201C1865A6BD00EFE020 /* ioapi.h */ = {isa = PBXFileReference; fileEncoding = 4; lastKnownFileType = sourcecode.c.h; path = ioapi.h; sourceTree = "<group>"; };
		9C4D201E1865A6BD00EFE020 /* mztools.c */ = {isa = PBXFileReference; fileEncoding = 4; lastKnownFileType = sourcecode.c.c; path = mztools.c; sourceTree = "<group>"; };
		9C4D201F1865A6BD00EFE020 /* mztools.h */ = {isa = PBXFileReference; fileEncoding = 4; lastKnownFileType = sourcecode.c.h; path = mztools.h; sourceTree = "<group>"; };
		9C4D20201865A6BD00EFE020 /* unzip.c */ = {isa = PBXFileReference; fileEncoding = 4; lastKnownFileType = sourcecode.c.c; path = unzip.c; sourceTree = "<group>"; };
		9C4D20211865A6BD00EFE020 /* unzip.h */ = {isa = PBXFileReference; fileEncoding = 4; lastKnownFileType = sourcecode.c.h; path = unzip.h; sourceTree = "<group>"; };
		9C4D20221865A6BD00EFE020 /* zip.c */ = {isa = PBXFileReference; fileEncoding = 4; lastKnownFileType = sourcecode.c.c; path = zip.c; sourceTree = "<group>"; };
		9C4D20231865A6BD00EFE020 /* zip.h */ = {isa = PBXFileReference; fileEncoding = 4; lastKnownFileType = sourcecode.c.h; path = zip.h; sourceTree = "<group>"; };
		9C4D20241865A6BD00EFE020 /* ZipArchive.h */ = {isa = PBXFileReference; fileEncoding = 4; lastKnownFileType = sourcecode.c.h; path = ZipArchive.h; sourceTree = "<group>"; };
		9C4D20251865A6BD00EFE020 /* ZipArchive.m */ = {isa = PBXFileReference; fileEncoding = 4; lastKnownFileType = sourcecode.c.objc; path = ZipArchive.m; sourceTree = "<group>"; };
		9C4D202D1865A70800EFE020 /* AppHelper.h */ = {isa = PBXFileReference; fileEncoding = 4; lastKnownFileType = sourcecode.c.h; path = AppHelper.h; sourceTree = "<group>"; };
		9C4D202E1865A70800EFE020 /* AppHelper.m */ = {isa = PBXFileReference; fileEncoding = 4; lastKnownFileType = sourcecode.c.objc; path = AppHelper.m; sourceTree = "<group>"; };
		9C4D20311865A77700EFE020 /* SVProgressHUD.bundle */ = {isa = PBXFileReference; lastKnownFileType = "wrapper.plug-in"; path = SVProgressHUD.bundle; sourceTree = "<group>"; };
		9C4D20321865A77700EFE020 /* SVProgressHUD.h */ = {isa = PBXFileReference; fileEncoding = 4; lastKnownFileType = sourcecode.c.h; path = SVProgressHUD.h; sourceTree = "<group>"; };
		9C4D20331865A77700EFE020 /* SVProgressHUD.m */ = {isa = PBXFileReference; fileEncoding = 4; lastKnownFileType = sourcecode.c.objc; path = SVProgressHUD.m; sourceTree = "<group>"; };
		9C4D20371865A89100EFE020 /* Toast+UIView.h */ = {isa = PBXFileReference; fileEncoding = 4; lastKnownFileType = sourcecode.c.h; path = "Toast+UIView.h"; sourceTree = "<group>"; };
		9C4D20381865A89100EFE020 /* Toast+UIView.m */ = {isa = PBXFileReference; fileEncoding = 4; lastKnownFileType = sourcecode.c.objc; path = "Toast+UIView.m"; sourceTree = "<group>"; };
		9C4D203A1865A90D00EFE020 /* libz.1.1.3.dylib */ = {isa = PBXFileReference; lastKnownFileType = "compiled.mach-o.dylib"; name = libz.1.1.3.dylib; path = usr/lib/libz.1.1.3.dylib; sourceTree = SDKROOT; };
		9C4D203C1865A91400EFE020 /* libz.1.2.5.dylib */ = {isa = PBXFileReference; lastKnownFileType = "compiled.mach-o.dylib"; name = libz.1.2.5.dylib; path = usr/lib/libz.1.2.5.dylib; sourceTree = SDKROOT; };
		9C4D203E1865A92300EFE020 /* libsqlite3.0.dylib */ = {isa = PBXFileReference; lastKnownFileType = "compiled.mach-o.dylib"; name = libsqlite3.0.dylib; path = usr/lib/libsqlite3.0.dylib; sourceTree = SDKROOT; };
		9C4D20421865B59E00EFE020 /* FavoritePhoneController.h */ = {isa = PBXFileReference; fileEncoding = 4; lastKnownFileType = sourcecode.c.h; path = FavoritePhoneController.h; sourceTree = "<group>"; };
		9C4D20431865B59E00EFE020 /* FavoritePhoneController.m */ = {isa = PBXFileReference; fileEncoding = 4; lastKnownFileType = sourcecode.c.objc; path = FavoritePhoneController.m; sourceTree = "<group>"; };
		9C4D20451865B5FC00EFE020 /* Config.h */ = {isa = PBXFileReference; fileEncoding = 4; lastKnownFileType = sourcecode.c.h; path = Config.h; sourceTree = "<group>"; };
		9C4D20461865B89200EFE020 /* zh-Hans */ = {isa = PBXFileReference; lastKnownFileType = text.plist.strings; name = "zh-Hans"; path = "zh-Hans.lproj/Main.strings"; sourceTree = "<group>"; };
		9C4D20481865C86A00EFE020 /* Icon-120@2x.png */ = {isa = PBXFileReference; lastKnownFileType = image.png; path = "Icon-120@2x.png"; sourceTree = "<group>"; };
		9C4D20491865C86A00EFE020 /* Icon.png */ = {isa = PBXFileReference; lastKnownFileType = image.png; path = Icon.png; sourceTree = "<group>"; };
		9C4D204A1865C86A00EFE020 /* Icon@2x.png */ = {isa = PBXFileReference; lastKnownFileType = image.png; path = "Icon@2x.png"; sourceTree = "<group>"; };
		9C4D204B1865C86A00EFE020 /* zjutel.db */ = {isa = PBXFileReference; lastKnownFileType = file; path = zjutel.db; sourceTree = "<group>"; };
		9C4D20501865E68500EFE020 /* phone@2x.png */ = {isa = PBXFileReference; lastKnownFileType = image.png; path = "phone@2x.png"; sourceTree = "<group>"; };
		9C4D20521865EA3100EFE020 /* star@2x.png */ = {isa = PBXFileReference; lastKnownFileType = image.png; path = "star@2x.png"; sourceTree = "<group>"; };
		9C4D20531865EA3100EFE020 /* star-highlight@2x.png */ = {isa = PBXFileReference; lastKnownFileType = image.png; path = "star-highlight@2x.png"; sourceTree = "<group>"; };
		9C4D20561865ECD100EFE020 /* UI7NavigationBarBackButton@2x.png */ = {isa = PBXFileReference; lastKnownFileType = image.png; path = "UI7NavigationBarBackButton@2x.png"; sourceTree = "<group>"; };
		9C4D20581865EE6800EFE020 /* view@2x.png */ = {isa = PBXFileReference; lastKnownFileType = image.png; path = "view@2x.png"; sourceTree = "<group>"; };
		9C4D205A1865EE9300EFE020 /* search@2x.png */ = {isa = PBXFileReference; lastKnownFileType = image.png; path = "search@2x.png"; sourceTree = "<group>"; };
		9C4D205C1865F25500EFE020 /* none@2x.png */ = {isa = PBXFileReference; lastKnownFileType = image.png; path = "none@2x.png"; sourceTree = "<group>"; };
		9C4D205E1865FB2B00EFE020 /* bar@2x.png */ = {isa = PBXFileReference; lastKnownFileType = image.png; path = "bar@2x.png"; sourceTree = "<group>"; };
		9C4D20601865FF8400EFE020 /* Default-568h@2x.png */ = {isa = PBXFileReference; lastKnownFileType = image.png; path = "Default-568h@2x.png"; sourceTree = "<group>"; };
		9C4D20611865FF8400EFE020 /* Default.png */ = {isa = PBXFileReference; lastKnownFileType = image.png; path = Default.png; sourceTree = "<group>"; };
		9C4D20621865FF8400EFE020 /* Default@2x.png */ = {isa = PBXFileReference; lastKnownFileType = image.png; path = "Default@2x.png"; sourceTree = "<group>"; };
		9C7C68C11867373800EABAEA /* ZNavigationViewController.h */ = {isa = PBXFileReference; fileEncoding = 4; lastKnownFileType = sourcecode.c.h; path = ZNavigationViewController.h; sourceTree = "<group>"; };
		9C7C68C21867373800EABAEA /* ZNavigationViewController.m */ = {isa = PBXFileReference; fileEncoding = 4; lastKnownFileType = sourcecode.c.objc; path = ZNavigationViewController.m; sourceTree = "<group>"; };
		9C7C68C718674E4300EABAEA /* view-selected@2x.png */ = {isa = PBXFileReference; lastKnownFileType = image.png; path = "view-selected@2x.png"; sourceTree = "<group>"; };
		9C7C68C818674E4300EABAEA /* search-selected@2x.png */ = {isa = PBXFileReference; lastKnownFileType = image.png; path = "search-selected@2x.png"; sourceTree = "<group>"; };
		9C7C68C918674E4300EABAEA /* star-selected@2x.png */ = {isa = PBXFileReference; lastKnownFileType = image.png; path = "star-selected@2x.png"; sourceTree = "<group>"; };
		9C7C68CD1867507C00EABAEA /* phone-selected@2x.png */ = {isa = PBXFileReference; lastKnownFileType = image.png; path = "phone-selected@2x.png"; sourceTree = "<group>"; };
/* End PBXFileReference section */

/* Begin PBXFrameworksBuildPhase section */
		9C4D1EE218658D2200EFE020 /* Frameworks */ = {
			isa = PBXFrameworksBuildPhase;
			buildActionMask = 2147483647;
			files = (
				9C4D203F1865A92300EFE020 /* libsqlite3.0.dylib in Frameworks */,
				9C4D203D1865A91400EFE020 /* libz.1.2.5.dylib in Frameworks */,
				9C4D1EEB18658D2200EFE020 /* CoreGraphics.framework in Frameworks */,
				9C4D1EED18658D2200EFE020 /* UIKit.framework in Frameworks */,
				9C4D1EE918658D2200EFE020 /* Foundation.framework in Frameworks */,
			);
			runOnlyForDeploymentPostprocessing = 0;
		};
		9C4D1F0618658D2200EFE020 /* Frameworks */ = {
			isa = PBXFrameworksBuildPhase;
			buildActionMask = 2147483647;
			files = (
				9C4D1F0B18658D2200EFE020 /* XCTest.framework in Frameworks */,
				9C4D1F0D18658D2200EFE020 /* UIKit.framework in Frameworks */,
				9C4D1F0C18658D2200EFE020 /* Foundation.framework in Frameworks */,
			);
			runOnlyForDeploymentPostprocessing = 0;
		};
/* End PBXFrameworksBuildPhase section */

/* Begin PBXGroup section */
		9C4D1EDC18658D2200EFE020 = {
			isa = PBXGroup;
			children = (
				9C4D20071865A66C00EFE020 /* FMDB */,
				9C4D1EE718658D2200EFE020 /* Frameworks */,
				9C4D1EE618658D2200EFE020 /* Products */,
				9C4D20471865C86A00EFE020 /* Resources */,
				9C4D20301865A77700EFE020 /* SVProgressHUD */,
				9C4D20361865A89100EFE020 /* Toast */,
				9C4D20171865A6BD00EFE020 /* ZipArchive */,
				9C4D1EEE18658D2200EFE020 /* ZTel */,
				9C4D1F1018658D2200EFE020 /* ZTelTests */,
			);
			sourceTree = "<group>";
		};
		9C4D1EE618658D2200EFE020 /* Products */ = {
			isa = PBXGroup;
			children = (
				9C4D1EE518658D2200EFE020 /* ZTel.app */,
				9C4D1F0918658D2200EFE020 /* ZTelTests.xctest */,
			);
			name = Products;
			sourceTree = "<group>";
		};
		9C4D1EE718658D2200EFE020 /* Frameworks */ = {
			isa = PBXGroup;
			children = (
				9C4D203E1865A92300EFE020 /* libsqlite3.0.dylib */,
				9C4D203C1865A91400EFE020 /* libz.1.2.5.dylib */,
				9C4D203A1865A90D00EFE020 /* libz.1.1.3.dylib */,
				9C4D1EE818658D2200EFE020 /* Foundation.framework */,
				9C4D1EEA18658D2200EFE020 /* CoreGraphics.framework */,
				9C4D1EEC18658D2200EFE020 /* UIKit.framework */,
				9C4D1F0A18658D2200EFE020 /* XCTest.framework */,
			);
			name = Frameworks;
			sourceTree = "<group>";
		};
		9C4D1EEE18658D2200EFE020 /* ZTel */ = {
			isa = PBXGroup;
			children = (
				9C4D202D1865A70800EFE020 /* AppHelper.h */,
				9C4D202E1865A70800EFE020 /* AppHelper.m */,
				9C4D20451865B5FC00EFE020 /* Config.h */,
				9C4D1FEC1865A62900EFE020 /* Emcall.h */,
				9C4D1FED1865A62900EFE020 /* Emcall.m */,
				9C4D20421865B59E00EFE020 /* FavoritePhoneController.h */,
				9C4D20431865B59E00EFE020 /* FavoritePhoneController.m */,
				9C4D1EFA18658D2200EFE020 /* Main.storyboard */,
				9C4D1FEF1865A62900EFE020 /* SearchPhoneController.h */,
				9C4D1FF01865A62900EFE020 /* SearchPhoneController.m */,
				9C4D1EEF18658D2200EFE020 /* Supporting Files */,
				9C4D1FF21865A62900EFE020 /* Telephone.h */,
				9C4D1FF31865A62900EFE020 /* Telephone.m */,
				9C4D1FF81865A62900EFE020 /* YellowPageViewController.h */,
				9C4D1FF91865A62900EFE020 /* YellowPageViewController.m */,
				9C4D1EF718658D2200EFE020 /* ZAppDelegate.h */,
				9C4D1EF818658D2200EFE020 /* ZAppDelegate.m */,
				9C7C68C11867373800EABAEA /* ZNavigationViewController.h */,
				9C7C68C21867373800EABAEA /* ZNavigationViewController.m */,
			);
			path = ZTel;
			sourceTree = "<group>";
		};
		9C4D1EEF18658D2200EFE020 /* Supporting Files */ = {
			isa = PBXGroup;
			children = (
				9C4D1EF018658D2200EFE020 /* ZTel-Info.plist */,
				9C4D1EF418658D2200EFE020 /* main.m */,
				9C4D1EF618658D2200EFE020 /* ZTel-Prefix.pch */,
			);
			name = "Supporting Files";
			sourceTree = "<group>";
		};
		9C4D1F1018658D2200EFE020 /* ZTelTests */ = {
			isa = PBXGroup;
			children = (
				9C4D1F1618658D2200EFE020 /* ZTelTests.m */,
				9C4D1F1118658D2200EFE020 /* Supporting Files */,
			);
			path = ZTelTests;
			sourceTree = "<group>";
		};
		9C4D1F1118658D2200EFE020 /* Supporting Files */ = {
			isa = PBXGroup;
			children = (
				9C4D1F1218658D2200EFE020 /* ZTelTests-Info.plist */,
			);
			name = "Supporting Files";
			sourceTree = "<group>";
		};
		9C4D20071865A66C00EFE020 /* FMDB */ = {
			isa = PBXGroup;
			children = (
				9C4D20081865A66C00EFE020 /* FMDatabase.h */,
				9C4D20091865A66C00EFE020 /* FMDatabase.m */,
				9C4D200A1865A66C00EFE020 /* FMDatabaseAdditions.h */,
				9C4D200B1865A66C00EFE020 /* FMDatabaseAdditions.m */,
				9C4D200C1865A66C00EFE020 /* FMDatabasePool.h */,
				9C4D200D1865A66C00EFE020 /* FMDatabasePool.m */,
				9C4D200E1865A66C00EFE020 /* FMDatabaseQueue.h */,
				9C4D200F1865A66C00EFE020 /* FMDatabaseQueue.m */,
				9C4D20101865A66C00EFE020 /* FMResultSet.h */,
				9C4D20111865A66C00EFE020 /* FMResultSet.m */,
			);
			path = FMDB;
			sourceTree = "<group>";
		};
		9C4D20171865A6BD00EFE020 /* ZipArchive */ = {
			isa = PBXGroup;
			children = (
				9C4D20181865A6BD00EFE020 /* minizip */,
				9C4D20241865A6BD00EFE020 /* ZipArchive.h */,
				9C4D20251865A6BD00EFE020 /* ZipArchive.m */,
			);
			path = ZipArchive;
			sourceTree = "<group>";
		};
		9C4D20181865A6BD00EFE020 /* minizip */ = {
			isa = PBXGroup;
			children = (
				9C4D201A1865A6BD00EFE020 /* crypt.h */,
				9C4D201B1865A6BD00EFE020 /* ioapi.c */,
				9C4D201C1865A6BD00EFE020 /* ioapi.h */,
				9C4D201E1865A6BD00EFE020 /* mztools.c */,
				9C4D201F1865A6BD00EFE020 /* mztools.h */,
				9C4D20201865A6BD00EFE020 /* unzip.c */,
				9C4D20211865A6BD00EFE020 /* unzip.h */,
				9C4D20221865A6BD00EFE020 /* zip.c */,
				9C4D20231865A6BD00EFE020 /* zip.h */,
			);
			path = minizip;
			sourceTree = "<group>";
		};
		9C4D20301865A77700EFE020 /* SVProgressHUD */ = {
			isa = PBXGroup;
			children = (
				9C4D20311865A77700EFE020 /* SVProgressHUD.bundle */,
				9C4D20321865A77700EFE020 /* SVProgressHUD.h */,
				9C4D20331865A77700EFE020 /* SVProgressHUD.m */,
			);
			path = SVProgressHUD;
			sourceTree = "<group>";
		};
		9C4D20361865A89100EFE020 /* Toast */ = {
			isa = PBXGroup;
			children = (
				9C4D20371865A89100EFE020 /* Toast+UIView.h */,
				9C4D20381865A89100EFE020 /* Toast+UIView.m */,
			);
			path = Toast;
			sourceTree = "<group>";
		};
		9C4D20471865C86A00EFE020 /* Resources */ = {
			isa = PBXGroup;
			children = (
				9C4D205E1865FB2B00EFE020 /* bar@2x.png */,
				9C4D20601865FF8400EFE020 /* Default-568h@2x.png */,
				9C4D20611865FF8400EFE020 /* Default.png */,
				9C4D20621865FF8400EFE020 /* Default@2x.png */,
				9C4D20481865C86A00EFE020 /* Icon-120@2x.png */,
				9C4D20491865C86A00EFE020 /* Icon.png */,
				9C4D204A1865C86A00EFE020 /* Icon@2x.png */,
				9C4D205C1865F25500EFE020 /* none@2x.png */,
				9C4D20501865E68500EFE020 /* phone@2x.png */,
				9C7C68CD1867507C00EABAEA /* phone-selected@2x.png */,
				9C7C68C818674E4300EABAEA /* search-selected@2x.png */,
				9C4D205A1865EE9300EFE020 /* search@2x.png */,
				9C4D20531865EA3100EFE020 /* star-highlight@2x.png */,
				9C7C68C918674E4300EABAEA /* star-selected@2x.png */,
				9C4D20521865EA3100EFE020 /* star@2x.png */,
				9C4D20561865ECD100EFE020 /* UI7NavigationBarBackButton@2x.png */,
				9C7C68C718674E4300EABAEA /* view-selected@2x.png */,
				9C4D20581865EE6800EFE020 /* view@2x.png */,
				9C4D204B1865C86A00EFE020 /* zjutel.db */,
			);
			path = Resources;
			sourceTree = "<group>";
		};
/* End PBXGroup section */

/* Begin PBXNativeTarget section */
		9C4D1EE418658D2200EFE020 /* ZTel */ = {
			isa = PBXNativeTarget;
			buildConfigurationList = 9C4D1F1A18658D2200EFE020 /* Build configuration list for PBXNativeTarget "ZTel" */;
			buildPhases = (
				9C4D1EE118658D2200EFE020 /* Sources */,
				9C4D1EE218658D2200EFE020 /* Frameworks */,
				9C4D1EE318658D2200EFE020 /* Resources */,
			);
			buildRules = (
			);
			dependencies = (
			);
			name = ZTel;
			productName = ZTel;
			productReference = 9C4D1EE518658D2200EFE020 /* ZTel.app */;
			productType = "com.apple.product-type.application";
		};
		9C4D1F0818658D2200EFE020 /* ZTelTests */ = {
			isa = PBXNativeTarget;
			buildConfigurationList = 9C4D1F1D18658D2200EFE020 /* Build configuration list for PBXNativeTarget "ZTelTests" */;
			buildPhases = (
				9C4D1F0518658D2200EFE020 /* Sources */,
				9C4D1F0618658D2200EFE020 /* Frameworks */,
				9C4D1F0718658D2200EFE020 /* Resources */,
			);
			buildRules = (
			);
			dependencies = (
				9C4D1F0F18658D2200EFE020 /* PBXTargetDependency */,
			);
			name = ZTelTests;
			productName = ZTelTests;
			productReference = 9C4D1F0918658D2200EFE020 /* ZTelTests.xctest */;
			productType = "com.apple.product-type.bundle.unit-test";
		};
/* End PBXNativeTarget section */

/* Begin PBXProject section */
		9C4D1EDD18658D2200EFE020 /* Project object */ = {
			isa = PBXProject;
			attributes = {
				CLASSPREFIX = Z;
				LastUpgradeCheck = 0500;
				ORGANIZATIONNAME = Ricky;
				TargetAttributes = {
					9C4D1EE418658D2200EFE020 = {
						DevelopmentTeam = JM9WSY7Q38;
					};
					9C4D1F0818658D2200EFE020 = {
						TestTargetID = 9C4D1EE418658D2200EFE020;
					};
				};
			};
			buildConfigurationList = 9C4D1EE018658D2200EFE020 /* Build configuration list for PBXProject "ZTel" */;
			compatibilityVersion = "Xcode 3.2";
			developmentRegion = English;
			hasScannedForEncodings = 0;
			knownRegions = (
				en,
				Base,
			);
			mainGroup = 9C4D1EDC18658D2200EFE020;
			productRefGroup = 9C4D1EE618658D2200EFE020 /* Products */;
			projectDirPath = "";
			projectRoot = "";
			targets = (
				9C4D1EE418658D2200EFE020 /* ZTel */,
				9C4D1F0818658D2200EFE020 /* ZTelTests */,
			);
		};
/* End PBXProject section */

/* Begin PBXResourcesBuildPhase section */
		9C4D1EE318658D2200EFE020 /* Resources */ = {
			isa = PBXResourcesBuildPhase;
			buildActionMask = 2147483647;
			files = (
				9C7C68CB18674E4300EABAEA /* search-selected@2x.png in Resources */,
				9C4D205B1865EE9300EFE020 /* search@2x.png in Resources */,
				9C4D204D1865C86A00EFE020 /* Icon.png in Resources */,
				9C4D20591865EE6800EFE020 /* view@2x.png in Resources */,
				9C4D20641865FF8400EFE020 /* Default.png in Resources */,
				9C7C68CE1867507C00EABAEA /* phone-selected@2x.png in Resources */,
				9C4D204F1865C86A00EFE020 /* zjutel.db in Resources */,
				9C4D20541865EA3100EFE020 /* star@2x.png in Resources */,
				9C4D1EFC18658D2200EFE020 /* Main.storyboard in Resources */,
				9C4D20341865A77700EFE020 /* SVProgressHUD.bundle in Resources */,
				9C4D20571865ECD100EFE020 /* UI7NavigationBarBackButton@2x.png in Resources */,
				9C4D20651865FF8400EFE020 /* Default@2x.png in Resources */,
				9C4D20631865FF8400EFE020 /* Default-568h@2x.png in Resources */,
				9C4D204C1865C86A00EFE020 /* Icon-120@2x.png in Resources */,
				9C7C68CC18674E4300EABAEA /* star-selected@2x.png in Resources */,
				9C4D204E1865C86A00EFE020 /* Icon@2x.png in Resources */,
				9C4D205F1865FB2B00EFE020 /* bar@2x.png in Resources */,
				9C7C68CA18674E4300EABAEA /* view-selected@2x.png in Resources */,
				9C4D20551865EA3100EFE020 /* star-highlight@2x.png in Resources */,
				9C4D20511865E68500EFE020 /* phone@2x.png in Resources */,
				9C4D205D1865F25500EFE020 /* none@2x.png in Resources */,
			);
			runOnlyForDeploymentPostprocessing = 0;
		};
		9C4D1F0718658D2200EFE020 /* Resources */ = {
			isa = PBXResourcesBuildPhase;
			buildActionMask = 2147483647;
			files = (
			);
			runOnlyForDeploymentPostprocessing = 0;
		};
/* End PBXResourcesBuildPhase section */

/* Begin PBXSourcesBuildPhase section */
		9C4D1EE118658D2200EFE020 /* Sources */ = {
			isa = PBXSourcesBuildPhase;
			buildActionMask = 2147483647;
			files = (
				9C7C68C31867373800EABAEA /* ZNavigationViewController.m in Sources */,
				9C4D202A1865A6BD00EFE020 /* unzip.c in Sources */,
				9C4D1FFF1865A62900EFE020 /* Telephone.m in Sources */,
				9C4D20441865B59E00EFE020 /* FavoritePhoneController.m in Sources */,
				9C4D20141865A66C00EFE020 /* FMDatabasePool.m in Sources */,
				9C4D20161865A66C00EFE020 /* FMResultSet.m in Sources */,
				9C4D1EF518658D2200EFE020 /* main.m in Sources */,
				9C4D1EF918658D2200EFE020 /* ZAppDelegate.m in Sources */,
				9C4D202B1865A6BD00EFE020 /* zip.c in Sources */,
				9C4D20151865A66C00EFE020 /* FMDatabaseQueue.m in Sources */,
				9C4D20351865A77700EFE020 /* SVProgressHUD.m in Sources */,
				9C4D20291865A6BD00EFE020 /* mztools.c in Sources */,
				9C4D20121865A66C00EFE020 /* FMDatabase.m in Sources */,
				9C4D20391865A89100EFE020 /* Toast+UIView.m in Sources */,
				9C4D1FFB1865A62900EFE020 /* Emcall.m in Sources */,
				9C4D20271865A6BD00EFE020 /* ioapi.c in Sources */,
				9C4D20031865A62900EFE020 /* YellowPageViewController.m in Sources */,
				9C4D20131865A66C00EFE020 /* FMDatabaseAdditions.m in Sources */,
				9C4D202C1865A6BD00EFE020 /* ZipArchive.m in Sources */,
				9C4D202F1865A70800EFE020 /* AppHelper.m in Sources */,
				9C4D1FFD1865A62900EFE020 /* SearchPhoneController.m in Sources */,
			);
			runOnlyForDeploymentPostprocessing = 0;
		};
		9C4D1F0518658D2200EFE020 /* Sources */ = {
			isa = PBXSourcesBuildPhase;
			buildActionMask = 2147483647;
			files = (
				9C4D1F1718658D2200EFE020 /* ZTelTests.m in Sources */,
			);
			runOnlyForDeploymentPostprocessing = 0;
		};
/* End PBXSourcesBuildPhase section */

/* Begin PBXTargetDependency section */
		9C4D1F0F18658D2200EFE020 /* PBXTargetDependency */ = {
			isa = PBXTargetDependency;
			target = 9C4D1EE418658D2200EFE020 /* ZTel */;
			targetProxy = 9C4D1F0E18658D2200EFE020 /* PBXContainerItemProxy */;
		};
/* End PBXTargetDependency section */

/* Begin PBXVariantGroup section */
		9C4D1EFA18658D2200EFE020 /* Main.storyboard */ = {
			isa = PBXVariantGroup;
			children = (
				9C4D1EFB18658D2200EFE020 /* Base */,
				9C4D20461865B89200EFE020 /* zh-Hans */,
			);
			name = Main.storyboard;
			sourceTree = "<group>";
		};
/* End PBXVariantGroup section */

/* Begin XCBuildConfiguration section */
		9C4D1F1818658D2200EFE020 /* Debug */ = {
			isa = XCBuildConfiguration;
			buildSettings = {
				ALWAYS_SEARCH_USER_PATHS = NO;
				ARCHS = "$(ARCHS_STANDARD_INCLUDING_64_BIT)";
				CLANG_CXX_LANGUAGE_STANDARD = "gnu++0x";
				CLANG_CXX_LIBRARY = "libc++";
				CLANG_ENABLE_MODULES = YES;
				CLANG_ENABLE_OBJC_ARC = YES;
				CLANG_WARN_BOOL_CONVERSION = YES;
				CLANG_WARN_CONSTANT_CONVERSION = YES;
				CLANG_WARN_DIRECT_OBJC_ISA_USAGE = YES_ERROR;
				CLANG_WARN_EMPTY_BODY = YES;
				CLANG_WARN_ENUM_CONVERSION = YES;
				CLANG_WARN_INT_CONVERSION = YES;
				CLANG_WARN_OBJC_ROOT_CLASS = YES_ERROR;
				CLANG_WARN__DUPLICATE_METHOD_MATCH = YES;
				"CODE_SIGN_IDENTITY[sdk=iphoneos*]" = "iPhone Developer";
				COPY_PHASE_STRIP = NO;
				GCC_C_LANGUAGE_STANDARD = gnu99;
				GCC_DYNAMIC_NO_PIC = NO;
				GCC_OPTIMIZATION_LEVEL = 0;
				GCC_PREPROCESSOR_DEFINITIONS = (
					"DEBUG=1",
					"$(inherited)",
				);
				GCC_SYMBOLS_PRIVATE_EXTERN = NO;
				GCC_WARN_64_TO_32_BIT_CONVERSION = YES;
				GCC_WARN_ABOUT_RETURN_TYPE = YES_ERROR;
				GCC_WARN_UNDECLARED_SELECTOR = YES;
				GCC_WARN_UNINITIALIZED_AUTOS = YES;
				GCC_WARN_UNUSED_FUNCTION = YES;
				GCC_WARN_UNUSED_VARIABLE = YES;
				ONLY_ACTIVE_ARCH = YES;
				SDKROOT = iphoneos;
			};
			name = Debug;
		};
		9C4D1F1918658D2200EFE020 /* Release */ = {
			isa = XCBuildConfiguration;
			buildSettings = {
				ALWAYS_SEARCH_USER_PATHS = NO;
				ARCHS = "$(ARCHS_STANDARD_INCLUDING_64_BIT)";
				CLANG_CXX_LANGUAGE_STANDARD = "gnu++0x";
				CLANG_CXX_LIBRARY = "libc++";
				CLANG_ENABLE_MODULES = YES;
				CLANG_ENABLE_OBJC_ARC = YES;
				CLANG_WARN_BOOL_CONVERSION = YES;
				CLANG_WARN_CONSTANT_CONVERSION = YES;
				CLANG_WARN_DIRECT_OBJC_ISA_USAGE = YES_ERROR;
				CLANG_WARN_EMPTY_BODY = YES;
				CLANG_WARN_ENUM_CONVERSION = YES;
				CLANG_WARN_INT_CONVERSION = YES;
				CLANG_WARN_OBJC_ROOT_CLASS = YES_ERROR;
				CLANG_WARN__DUPLICATE_METHOD_MATCH = YES;
				"CODE_SIGN_IDENTITY[sdk=iphoneos*]" = "iPhone Developer";
				COPY_PHASE_STRIP = YES;
				ENABLE_NS_ASSERTIONS = NO;
				GCC_C_LANGUAGE_STANDARD = gnu99;
				GCC_WARN_64_TO_32_BIT_CONVERSION = YES;
				GCC_WARN_ABOUT_RETURN_TYPE = YES_ERROR;
				GCC_WARN_UNDECLARED_SELECTOR = YES;
				GCC_WARN_UNINITIALIZED_AUTOS = YES;
				GCC_WARN_UNUSED_FUNCTION = YES;
				GCC_WARN_UNUSED_VARIABLE = YES;
				SDKROOT = iphoneos;
				VALIDATE_PRODUCT = YES;
			};
			name = Release;
		};
		9C4D1F1B18658D2200EFE020 /* Debug */ = {
			isa = XCBuildConfiguration;
			buildSettings = {
				ARCHS = "$(ARCHS_STANDARD_INCLUDING_64_BIT)";
				CODE_SIGN_IDENTITY = "iPhone Distribution: hang zhang (JM9WSY7Q38)";
				GCC_PRECOMPILE_PREFIX_HEADER = YES;
				GCC_PREFIX_HEADER = "ZTel/ZTel-Prefix.pch";
				INFOPLIST_FILE = "ZTel/ZTel-Info.plist";
				IPHONEOS_DEPLOYMENT_TARGET = 6.0;
				PRODUCT_NAME = "$(TARGET_NAME)";
				PROVISIONING_PROFILE = "16FF03DC-AEE6-4752-B17A-36F984187F04";
				TARGETED_DEVICE_FAMILY = 1;
				WRAPPER_EXTENSION = app;
			};
			name = Debug;
		};
		9C4D1F1C18658D2200EFE020 /* Release */ = {
			isa = XCBuildConfiguration;
			buildSettings = {
				ARCHS = "$(ARCHS_STANDARD_INCLUDING_64_BIT)";
				CODE_SIGN_IDENTITY = "iPhone Distribution: hang zhang (JM9WSY7Q38)";
				GCC_PRECOMPILE_PREFIX_HEADER = YES;
				GCC_PREFIX_HEADER = "ZTel/ZTel-Prefix.pch";
				INFOPLIST_FILE = "ZTel/ZTel-Info.plist";
				IPHONEOS_DEPLOYMENT_TARGET = 6.0;
				PRODUCT_NAME = "$(TARGET_NAME)";
				PROVISIONING_PROFILE = "16FF03DC-AEE6-4752-B17A-36F984187F04";
				TARGETED_DEVICE_FAMILY = 1;
				WRAPPER_EXTENSION = app;
			};
			name = Release;
		};
		9C4D1F1E18658D2200EFE020 /* Debug */ = {
			isa = XCBuildConfiguration;
			buildSettings = {
				ARCHS = "$(ARCHS_STANDARD_INCLUDING_64_BIT)";
				BUNDLE_LOADER = "$(BUILT_PRODUCTS_DIR)/ZTel.app/ZTel";
				FRAMEWORK_SEARCH_PATHS = (
					"$(SDKROOT)/Developer/Library/Frameworks",
					"$(inherited)",
					"$(DEVELOPER_FRAMEWORKS_DIR)",
				);
				GCC_PRECOMPILE_PREFIX_HEADER = YES;
				GCC_PREFIX_HEADER = "ZTel/ZTel-Prefix.pch";
				GCC_PREPROCESSOR_DEFINITIONS = (
					"DEBUG=1",
					"$(inherited)",
				);
				INFOPLIST_FILE = "ZTelTests/ZTelTests-Info.plist";
				PRODUCT_NAME = "$(TARGET_NAME)";
				TEST_HOST = "$(BUNDLE_LOADER)";
				WRAPPER_EXTENSION = xctest;
			};
			name = Debug;
		};
		9C4D1F1F18658D2200EFE020 /* Release */ = {
			isa = XCBuildConfiguration;
			buildSettings = {
				ARCHS = "$(ARCHS_STANDARD_INCLUDING_64_BIT)";
				BUNDLE_LOADER = "$(BUILT_PRODUCTS_DIR)/ZTel.app/ZTel";
				FRAMEWORK_SEARCH_PATHS = (
					"$(SDKROOT)/Developer/Library/Frameworks",
					"$(inherited)",
					"$(DEVELOPER_FRAMEWORKS_DIR)",
				);
				GCC_PRECOMPILE_PREFIX_HEADER = YES;
				GCC_PREFIX_HEADER = "ZTel/ZTel-Prefix.pch";
				INFOPLIST_FILE = "ZTelTests/ZTelTests-Info.plist";
				PRODUCT_NAME = "$(TARGET_NAME)";
				TEST_HOST = "$(BUNDLE_LOADER)";
				WRAPPER_EXTENSION = xctest;
			};
			name = Release;
		};
/* End XCBuildConfiguration section */

/* Begin XCConfigurationList section */
		9C4D1EE018658D2200EFE020 /* Build configuration list for PBXProject "ZTel" */ = {
			isa = XCConfigurationList;
			buildConfigurations = (
				9C4D1F1818658D2200EFE020 /* Debug */,
				9C4D1F1918658D2200EFE020 /* Release */,
			);
			defaultConfigurationIsVisible = 0;
			defaultConfigurationName = Release;
		};
		9C4D1F1A18658D2200EFE020 /* Build configuration list for PBXNativeTarget "ZTel" */ = {
			isa = XCConfigurationList;
			buildConfigurations = (
				9C4D1F1B18658D2200EFE020 /* Debug */,
				9C4D1F1C18658D2200EFE020 /* Release */,
			);
			defaultConfigurationIsVisible = 0;
			defaultConfigurationName = Release;
		};
		9C4D1F1D18658D2200EFE020 /* Build configuration list for PBXNativeTarget "ZTelTests" */ = {
			isa = XCConfigurationList;
			buildConfigurations = (
				9C4D1F1E18658D2200EFE020 /* Debug */,
				9C4D1F1F18658D2200EFE020 /* Release */,
			);
			defaultConfigurationIsVisible = 0;
			defaultConfigurationName = Release;
		};
/* End XCConfigurationList section */
	};
	rootObject = 9C4D1EDD18658D2200EFE020 /* Project object */;
}
