// !$*UTF8*$!
{
	archiveVersion = 1;
	classes = {
	};
	objectVersion = 46;
	objects = {

/* Begin PBXBuildFile section */
		9C4D1FA918658E9300EFE020 /* Foundation.framework in Frameworks */ = {isa = PBXBuildFile; fileRef = 9C4D1FA818658E9300EFE020 /* Foundation.framework */; };
		9C4D1FAB18658E9300EFE020 /* CoreGraphics.framework in Frameworks */ = {isa = PBXBuildFile; fileRef = 9C4D1FAA18658E9300EFE020 /* CoreGraphics.framework */; };
		9C4D1FAD18658E9300EFE020 /* UIKit.framework in Frameworks */ = {isa = PBXBuildFile; fileRef = 9C4D1FAC18658E9300EFE020 /* UIKit.framework */; };
		9C4D1FB318658E9300EFE020 /* InfoPlist.strings in Resources */ = {isa = PBXBuildFile; fileRef = 9C4D1FB118658E9300EFE020 /* InfoPlist.strings */; };
		9C4D1FB518658E9300EFE020 /* main.m in Sources */ = {isa = PBXBuildFile; fileRef = 9C4D1FB418658E9300EFE020 /* main.m */; };
		9C4D1FB918658E9300EFE020 /* ZAppDelegate.m in Sources */ = {isa = PBXBuildFile; fileRef = 9C4D1FB818658E9300EFE020 /* ZAppDelegate.m */; };
		9C4D1FCE18658E9300EFE020 /* XCTest.framework in Frameworks */ = {isa = PBXBuildFile; fileRef = 9C4D1FCD18658E9300EFE020 /* XCTest.framework */; };
		9C4D1FCF18658E9300EFE020 /* Foundation.framework in Frameworks */ = {isa = PBXBuildFile; fileRef = 9C4D1FA818658E9300EFE020 /* Foundation.framework */; };
		9C4D1FD018658E9300EFE020 /* UIKit.framework in Frameworks */ = {isa = PBXBuildFile; fileRef = 9C4D1FAC18658E9300EFE020 /* UIKit.framework */; };
		9C4D1FD818658E9300EFE020 /* InfoPlist.strings in Resources */ = {isa = PBXBuildFile; fileRef = 9C4D1FD618658E9300EFE020 /* InfoPlist.strings */; };
		9C4D1FDA18658E9300EFE020 /* ZFreshmanTests.m in Sources */ = {isa = PBXBuildFile; fileRef = 9C4D1FD918658E9300EFE020 /* ZFreshmanTests.m */; };
		9C6DD4C518AA6BAA005A7E1E /* HTML in Resources */ = {isa = PBXBuildFile; fileRef = 9C6DD4C418AA6BAA005A7E1E /* HTML */; };
		9C6DD4C718ABB5C1005A7E1E /* Main.storyboard in Resources */ = {isa = PBXBuildFile; fileRef = 9C6DD4C618ABB5C1005A7E1E /* Main.storyboard */; };
		9C6DD4CA18ABB7AA005A7E1E /* ZHomeViewController.m in Sources */ = {isa = PBXBuildFile; fileRef = 9C6DD4C918ABB7AA005A7E1E /* ZHomeViewController.m */; };
		9C6DD4CE18ABBCDD005A7E1E /* Default-568h@2x.png in Resources */ = {isa = PBXBuildFile; fileRef = 9C6DD4CB18ABBCDD005A7E1E /* Default-568h@2x.png */; };
		9C6DD4CF18ABBCDD005A7E1E /* Default.png in Resources */ = {isa = PBXBuildFile; fileRef = 9C6DD4CC18ABBCDD005A7E1E /* Default.png */; };
		9C6DD4D018ABBCDD005A7E1E /* Default@2x.png in Resources */ = {isa = PBXBuildFile; fileRef = 9C6DD4CD18ABBCDD005A7E1E /* Default@2x.png */; };
		9C6DD4D518ABC5D8005A7E1E /* UIColor+RExtension.m in Sources */ = {isa = PBXBuildFile; fileRef = 9C6DD4D418ABC5D8005A7E1E /* UIColor+RExtension.m */; };
		9C6DD4D718AC5D8D005A7E1E /* fresh@2x.png in Resources */ = {isa = PBXBuildFile; fileRef = 9C6DD4D618AC5D8D005A7E1E /* fresh@2x.png */; };
		9C6DD4DA18AC5F61005A7E1E /* ZShiningImageView.m in Sources */ = {isa = PBXBuildFile; fileRef = 9C6DD4D918AC5F61005A7E1E /* ZShiningImageView.m */; };
		9C6DD4DE18AC9487005A7E1E /* Icon-120@2x.png in Resources */ = {isa = PBXBuildFile; fileRef = 9C6DD4DB18AC9487005A7E1E /* Icon-120@2x.png */; };
		9C6DD4DF18AC9487005A7E1E /* Icon.png in Resources */ = {isa = PBXBuildFile; fileRef = 9C6DD4DC18AC9487005A7E1E /* Icon.png */; };
		9C6DD4E018AC9487005A7E1E /* Icon@2x.png in Resources */ = {isa = PBXBuildFile; fileRef = 9C6DD4DD18AC9487005A7E1E /* Icon@2x.png */; };
		9C6DD4E318ACA52C005A7E1E /* ZImageListCell.m in Sources */ = {isa = PBXBuildFile; fileRef = 9C6DD4E218ACA52C005A7E1E /* ZImageListCell.m */; };
		9C6DD4E518ACA622005A7E1E /* League.plist in Resources */ = {isa = PBXBuildFile; fileRef = 9C6DD4E418ACA622005A7E1E /* League.plist */; };
		9C6DD5B118ACC14D005A7E1E /* ZLeagueViewController.m in Sources */ = {isa = PBXBuildFile; fileRef = 9C6DD5B018ACC14D005A7E1E /* ZLeagueViewController.m */; };
		9C6DD61818ACCF4E005A7E1E /* 0@2x.png in Resources */ = {isa = PBXBuildFile; fileRef = 9C6DD5B418ACCF4D005A7E1E /* 0@2x.png */; };
		9C6DD61918ACCF4E005A7E1E /* 1@2x.png in Resources */ = {isa = PBXBuildFile; fileRef = 9C6DD5B518ACCF4D005A7E1E /* 1@2x.png */; };
		9C6DD61A18ACCF4E005A7E1E /* 2@2x.png in Resources */ = {isa = PBXBuildFile; fileRef = 9C6DD5B618ACCF4D005A7E1E /* 2@2x.png */; };
		9C6DD61B18ACCF4E005A7E1E /* 3@2x.png in Resources */ = {isa = PBXBuildFile; fileRef = 9C6DD5B718ACCF4D005A7E1E /* 3@2x.png */; };
		9C6DD61C18ACCF4E005A7E1E /* 4@2x.png in Resources */ = {isa = PBXBuildFile; fileRef = 9C6DD5B818ACCF4D005A7E1E /* 4@2x.png */; };
		9C6DD61D18ACCF4E005A7E1E /* 5@2x.png in Resources */ = {isa = PBXBuildFile; fileRef = 9C6DD5B918ACCF4D005A7E1E /* 5@2x.png */; };
		9C6DD61E18ACCF4E005A7E1E /* 6@2x.png in Resources */ = {isa = PBXBuildFile; fileRef = 9C6DD5BA18ACCF4D005A7E1E /* 6@2x.png */; };
		9C6DD61F18ACCF4E005A7E1E /* 7@2x.png in Resources */ = {isa = PBXBuildFile; fileRef = 9C6DD5BB18ACCF4D005A7E1E /* 7@2x.png */; };
		9C6DD62018ACCF4E005A7E1E /* 8@2x.png in Resources */ = {isa = PBXBuildFile; fileRef = 9C6DD5BC18ACCF4D005A7E1E /* 8@2x.png */; };
		9C6DD62118ACCF4E005A7E1E /* 9@2x.png in Resources */ = {isa = PBXBuildFile; fileRef = 9C6DD5BD18ACCF4D005A7E1E /* 9@2x.png */; };
		9C6DD62218ACCF4E005A7E1E /* 10@2x.png in Resources */ = {isa = PBXBuildFile; fileRef = 9C6DD5BE18ACCF4D005A7E1E /* 10@2x.png */; };
		9C6DD62318ACCF4E005A7E1E /* 11@2x.png in Resources */ = {isa = PBXBuildFile; fileRef = 9C6DD5BF18ACCF4D005A7E1E /* 11@2x.png */; };
		9C6DD62418ACCF4E005A7E1E /* 12@2x.png in Resources */ = {isa = PBXBuildFile; fileRef = 9C6DD5C018ACCF4D005A7E1E /* 12@2x.png */; };
		9C6DD62518ACCF4E005A7E1E /* 13@2x.png in Resources */ = {isa = PBXBuildFile; fileRef = 9C6DD5C118ACCF4D005A7E1E /* 13@2x.png */; };
		9C6DD62618ACCF4E005A7E1E /* 14@2x.png in Resources */ = {isa = PBXBuildFile; fileRef = 9C6DD5C218ACCF4D005A7E1E /* 14@2x.png */; };
		9C6DD62718ACCF4E005A7E1E /* 15@2x.png in Resources */ = {isa = PBXBuildFile; fileRef = 9C6DD5C318ACCF4D005A7E1E /* 15@2x.png */; };
		9C6DD62818ACCF4E005A7E1E /* 16@2x.png in Resources */ = {isa = PBXBuildFile; fileRef = 9C6DD5C418ACCF4D005A7E1E /* 16@2x.png */; };
		9C6DD62918ACCF4E005A7E1E /* 17@2x.png in Resources */ = {isa = PBXBuildFile; fileRef = 9C6DD5C518ACCF4D005A7E1E /* 17@2x.png */; };
		9C6DD62A18ACCF4E005A7E1E /* 18@2x.png in Resources */ = {isa = PBXBuildFile; fileRef = 9C6DD5C618ACCF4D005A7E1E /* 18@2x.png */; };
		9C6DD62B18ACCF4E005A7E1E /* 19@2x.png in Resources */ = {isa = PBXBuildFile; fileRef = 9C6DD5C718ACCF4D005A7E1E /* 19@2x.png */; };
		9C6DD62C18ACCF4E005A7E1E /* 20@2x.png in Resources */ = {isa = PBXBuildFile; fileRef = 9C6DD5C818ACCF4D005A7E1E /* 20@2x.png */; };
		9C6DD62D18ACCF4E005A7E1E /* 21@2x.png in Resources */ = {isa = PBXBuildFile; fileRef = 9C6DD5C918ACCF4D005A7E1E /* 21@2x.png */; };
		9C6DD62E18ACCF4E005A7E1E /* 22@2x.png in Resources */ = {isa = PBXBuildFile; fileRef = 9C6DD5CA18ACCF4D005A7E1E /* 22@2x.png */; };
		9C6DD62F18ACCF4E005A7E1E /* 23@2x.png in Resources */ = {isa = PBXBuildFile; fileRef = 9C6DD5CB18ACCF4D005A7E1E /* 23@2x.png */; };
		9C6DD63018ACCF4E005A7E1E /* 24@2x.png in Resources */ = {isa = PBXBuildFile; fileRef = 9C6DD5CC18ACCF4D005A7E1E /* 24@2x.png */; };
		9C6DD63118ACCF4E005A7E1E /* 25@2x.png in Resources */ = {isa = PBXBuildFile; fileRef = 9C6DD5CD18ACCF4D005A7E1E /* 25@2x.png */; };
		9C6DD63218ACCF4E005A7E1E /* 26@2x.png in Resources */ = {isa = PBXBuildFile; fileRef = 9C6DD5CE18ACCF4D005A7E1E /* 26@2x.png */; };
		9C6DD63318ACCF4E005A7E1E /* 27@2x.png in Resources */ = {isa = PBXBuildFile; fileRef = 9C6DD5CF18ACCF4D005A7E1E /* 27@2x.png */; };
		9C6DD63418ACCF4E005A7E1E /* 28@2x.png in Resources */ = {isa = PBXBuildFile; fileRef = 9C6DD5D018ACCF4D005A7E1E /* 28@2x.png */; };
		9C6DD63518ACCF4E005A7E1E /* 29@2x.png in Resources */ = {isa = PBXBuildFile; fileRef = 9C6DD5D118ACCF4D005A7E1E /* 29@2x.png */; };
		9C6DD63618ACCF4E005A7E1E /* 30@2x.png in Resources */ = {isa = PBXBuildFile; fileRef = 9C6DD5D218ACCF4D005A7E1E /* 30@2x.png */; };
		9C6DD63718ACCF4E005A7E1E /* 31@2x.png in Resources */ = {isa = PBXBuildFile; fileRef = 9C6DD5D318ACCF4D005A7E1E /* 31@2x.png */; };
		9C6DD63818ACCF4E005A7E1E /* 32@2x.png in Resources */ = {isa = PBXBuildFile; fileRef = 9C6DD5D418ACCF4D005A7E1E /* 32@2x.png */; };
		9C6DD63918ACCF4E005A7E1E /* 33@2x.png in Resources */ = {isa = PBXBuildFile; fileRef = 9C6DD5D518ACCF4D005A7E1E /* 33@2x.png */; };
		9C6DD63A18ACCF4E005A7E1E /* 34@2x.png in Resources */ = {isa = PBXBuildFile; fileRef = 9C6DD5D618ACCF4D005A7E1E /* 34@2x.png */; };
		9C6DD63B18ACCF4E005A7E1E /* 35@2x.png in Resources */ = {isa = PBXBuildFile; fileRef = 9C6DD5D718ACCF4D005A7E1E /* 35@2x.png */; };
		9C6DD63C18ACCF4E005A7E1E /* 36@2x.png in Resources */ = {isa = PBXBuildFile; fileRef = 9C6DD5D818ACCF4D005A7E1E /* 36@2x.png */; };
		9C6DD63D18ACCF4E005A7E1E /* 37@2x.png in Resources */ = {isa = PBXBuildFile; fileRef = 9C6DD5D918ACCF4D005A7E1E /* 37@2x.png */; };
		9C6DD63E18ACCF4E005A7E1E /* 38@2x.png in Resources */ = {isa = PBXBuildFile; fileRef = 9C6DD5DA18ACCF4D005A7E1E /* 38@2x.png */; };
		9C6DD63F18ACCF4E005A7E1E /* 39@2x.png in Resources */ = {isa = PBXBuildFile; fileRef = 9C6DD5DB18ACCF4D005A7E1E /* 39@2x.png */; };
		9C6DD64018ACCF4E005A7E1E /* 40@2x.png in Resources */ = {isa = PBXBuildFile; fileRef = 9C6DD5DC18ACCF4D005A7E1E /* 40@2x.png */; };
		9C6DD64118ACCF4E005A7E1E /* 41@2x.png in Resources */ = {isa = PBXBuildFile; fileRef = 9C6DD5DD18ACCF4D005A7E1E /* 41@2x.png */; };
		9C6DD64218ACCF4E005A7E1E /* 42@2x.png in Resources */ = {isa = PBXBuildFile; fileRef = 9C6DD5DE18ACCF4D005A7E1E /* 42@2x.png */; };
		9C6DD64318ACCF4E005A7E1E /* 43@2x.png in Resources */ = {isa = PBXBuildFile; fileRef = 9C6DD5DF18ACCF4D005A7E1E /* 43@2x.png */; };
		9C6DD64418ACCF4E005A7E1E /* 44@2x.png in Resources */ = {isa = PBXBuildFile; fileRef = 9C6DD5E018ACCF4D005A7E1E /* 44@2x.png */; };
		9C6DD64518ACCF4E005A7E1E /* 45@2x.png in Resources */ = {isa = PBXBuildFile; fileRef = 9C6DD5E118ACCF4D005A7E1E /* 45@2x.png */; };
		9C6DD64618ACCF4E005A7E1E /* 46@2x.png in Resources */ = {isa = PBXBuildFile; fileRef = 9C6DD5E218ACCF4D005A7E1E /* 46@2x.png */; };
		9C6DD64718ACCF4E005A7E1E /* 47@2x.png in Resources */ = {isa = PBXBuildFile; fileRef = 9C6DD5E318ACCF4D005A7E1E /* 47@2x.png */; };
		9C6DD64818ACCF4E005A7E1E /* 48@2x.png in Resources */ = {isa = PBXBuildFile; fileRef = 9C6DD5E418ACCF4D005A7E1E /* 48@2x.png */; };
		9C6DD64918ACCF4E005A7E1E /* 49@2x.png in Resources */ = {isa = PBXBuildFile; fileRef = 9C6DD5E518ACCF4D005A7E1E /* 49@2x.png */; };
		9C6DD64A18ACCF4E005A7E1E /* 50@2x.png in Resources */ = {isa = PBXBuildFile; fileRef = 9C6DD5E618ACCF4D005A7E1E /* 50@2x.png */; };
		9C6DD64B18ACCF4E005A7E1E /* 51@2x.png in Resources */ = {isa = PBXBuildFile; fileRef = 9C6DD5E718ACCF4D005A7E1E /* 51@2x.png */; };
		9C6DD64C18ACCF4E005A7E1E /* 52@2x.png in Resources */ = {isa = PBXBuildFile; fileRef = 9C6DD5E818ACCF4D005A7E1E /* 52@2x.png */; };
		9C6DD64D18ACCF4E005A7E1E /* 53@2x.png in Resources */ = {isa = PBXBuildFile; fileRef = 9C6DD5E918ACCF4D005A7E1E /* 53@2x.png */; };
		9C6DD64E18ACCF4E005A7E1E /* 54@2x.png in Resources */ = {isa = PBXBuildFile; fileRef = 9C6DD5EA18ACCF4D005A7E1E /* 54@2x.png */; };
		9C6DD64F18ACCF4E005A7E1E /* 55@2x.png in Resources */ = {isa = PBXBuildFile; fileRef = 9C6DD5EB18ACCF4D005A7E1E /* 55@2x.png */; };
		9C6DD65018ACCF4E005A7E1E /* 56@2x.png in Resources */ = {isa = PBXBuildFile; fileRef = 9C6DD5EC18ACCF4D005A7E1E /* 56@2x.png */; };
		9C6DD65118ACCF4E005A7E1E /* 57@2x.png in Resources */ = {isa = PBXBuildFile; fileRef = 9C6DD5ED18ACCF4D005A7E1E /* 57@2x.png */; };
		9C6DD65218ACCF4E005A7E1E /* 58@2x.png in Resources */ = {isa = PBXBuildFile; fileRef = 9C6DD5EE18ACCF4D005A7E1E /* 58@2x.png */; };
		9C6DD65318ACCF4E005A7E1E /* 59@2x.png in Resources */ = {isa = PBXBuildFile; fileRef = 9C6DD5EF18ACCF4D005A7E1E /* 59@2x.png */; };
		9C6DD65418ACCF4E005A7E1E /* 60@2x.png in Resources */ = {isa = PBXBuildFile; fileRef = 9C6DD5F018ACCF4D005A7E1E /* 60@2x.png */; };
		9C6DD65518ACCF4E005A7E1E /* 61@2x.png in Resources */ = {isa = PBXBuildFile; fileRef = 9C6DD5F118ACCF4D005A7E1E /* 61@2x.png */; };
		9C6DD65618ACCF4E005A7E1E /* 62@2x.png in Resources */ = {isa = PBXBuildFile; fileRef = 9C6DD5F218ACCF4E005A7E1E /* 62@2x.png */; };
		9C6DD65718ACCF4E005A7E1E /* 63@2x.png in Resources */ = {isa = PBXBuildFile; fileRef = 9C6DD5F318ACCF4E005A7E1E /* 63@2x.png */; };
		9C6DD65818ACCF4E005A7E1E /* 64@2x.png in Resources */ = {isa = PBXBuildFile; fileRef = 9C6DD5F418ACCF4E005A7E1E /* 64@2x.png */; };
		9C6DD65918ACCF4E005A7E1E /* 65@2x.png in Resources */ = {isa = PBXBuildFile; fileRef = 9C6DD5F518ACCF4E005A7E1E /* 65@2x.png */; };
		9C6DD65A18ACCF4E005A7E1E /* 66@2x.png in Resources */ = {isa = PBXBuildFile; fileRef = 9C6DD5F618ACCF4E005A7E1E /* 66@2x.png */; };
		9C6DD65B18ACCF4E005A7E1E /* 67@2x.png in Resources */ = {isa = PBXBuildFile; fileRef = 9C6DD5F718ACCF4E005A7E1E /* 67@2x.png */; };
		9C6DD65C18ACCF4E005A7E1E /* 68@2x.png in Resources */ = {isa = PBXBuildFile; fileRef = 9C6DD5F818ACCF4E005A7E1E /* 68@2x.png */; };
		9C6DD65D18ACCF4E005A7E1E /* 69@2x.png in Resources */ = {isa = PBXBuildFile; fileRef = 9C6DD5F918ACCF4E005A7E1E /* 69@2x.png */; };
		9C6DD65E18ACCF4E005A7E1E /* 70@2x.png in Resources */ = {isa = PBXBuildFile; fileRef = 9C6DD5FA18ACCF4E005A7E1E /* 70@2x.png */; };
		9C6DD65F18ACCF4E005A7E1E /* 71@2x.png in Resources */ = {isa = PBXBuildFile; fileRef = 9C6DD5FB18ACCF4E005A7E1E /* 71@2x.png */; };
		9C6DD66018ACCF4E005A7E1E /* 72@2x.png in Resources */ = {isa = PBXBuildFile; fileRef = 9C6DD5FC18ACCF4E005A7E1E /* 72@2x.png */; };
		9C6DD66118ACCF4E005A7E1E /* 73@2x.png in Resources */ = {isa = PBXBuildFile; fileRef = 9C6DD5FD18ACCF4E005A7E1E /* 73@2x.png */; };
		9C6DD66218ACCF4E005A7E1E /* 74@2x.png in Resources */ = {isa = PBXBuildFile; fileRef = 9C6DD5FE18ACCF4E005A7E1E /* 74@2x.png */; };
		9C6DD66318ACCF4E005A7E1E /* 75@2x.png in Resources */ = {isa = PBXBuildFile; fileRef = 9C6DD5FF18ACCF4E005A7E1E /* 75@2x.png */; };
		9C6DD66418ACCF4E005A7E1E /* 76@2x.png in Resources */ = {isa = PBXBuildFile; fileRef = 9C6DD60018ACCF4E005A7E1E /* 76@2x.png */; };
		9C6DD66518ACCF4E005A7E1E /* 77@2x.png in Resources */ = {isa = PBXBuildFile; fileRef = 9C6DD60118ACCF4E005A7E1E /* 77@2x.png */; };
		9C6DD66618ACCF4E005A7E1E /* 78@2x.png in Resources */ = {isa = PBXBuildFile; fileRef = 9C6DD60218ACCF4E005A7E1E /* 78@2x.png */; };
		9C6DD66718ACCF4E005A7E1E /* 79@2x.png in Resources */ = {isa = PBXBuildFile; fileRef = 9C6DD60318ACCF4E005A7E1E /* 79@2x.png */; };
		9C6DD66818ACCF4E005A7E1E /* 80@2x.png in Resources */ = {isa = PBXBuildFile; fileRef = 9C6DD60418ACCF4E005A7E1E /* 80@2x.png */; };
		9C6DD66918ACCF4E005A7E1E /* 81@2x.png in Resources */ = {isa = PBXBuildFile; fileRef = 9C6DD60518ACCF4E005A7E1E /* 81@2x.png */; };
		9C6DD66A18ACCF4E005A7E1E /* 82@2x.png in Resources */ = {isa = PBXBuildFile; fileRef = 9C6DD60618ACCF4E005A7E1E /* 82@2x.png */; };
		9C6DD66B18ACCF4E005A7E1E /* 83@2x.png in Resources */ = {isa = PBXBuildFile; fileRef = 9C6DD60718ACCF4E005A7E1E /* 83@2x.png */; };
		9C6DD66C18ACCF4E005A7E1E /* 84@2x.png in Resources */ = {isa = PBXBuildFile; fileRef = 9C6DD60818ACCF4E005A7E1E /* 84@2x.png */; };
		9C6DD66D18ACCF4E005A7E1E /* 85@2x.png in Resources */ = {isa = PBXBuildFile; fileRef = 9C6DD60918ACCF4E005A7E1E /* 85@2x.png */; };
		9C6DD66E18ACCF4E005A7E1E /* 86@2x.png in Resources */ = {isa = PBXBuildFile; fileRef = 9C6DD60A18ACCF4E005A7E1E /* 86@2x.png */; };
		9C6DD66F18ACCF4E005A7E1E /* 87@2x.png in Resources */ = {isa = PBXBuildFile; fileRef = 9C6DD60B18ACCF4E005A7E1E /* 87@2x.png */; };
		9C6DD67018ACCF4E005A7E1E /* 88@2x.png in Resources */ = {isa = PBXBuildFile; fileRef = 9C6DD60C18ACCF4E005A7E1E /* 88@2x.png */; };
		9C6DD67118ACCF4E005A7E1E /* 89@2x.png in Resources */ = {isa = PBXBuildFile; fileRef = 9C6DD60D18ACCF4E005A7E1E /* 89@2x.png */; };
		9C6DD67218ACCF4E005A7E1E /* 90@2x.png in Resources */ = {isa = PBXBuildFile; fileRef = 9C6DD60E18ACCF4E005A7E1E /* 90@2x.png */; };
		9C6DD67318ACCF4E005A7E1E /* 91@2x.png in Resources */ = {isa = PBXBuildFile; fileRef = 9C6DD60F18ACCF4E005A7E1E /* 91@2x.png */; };
		9C6DD67418ACCF4E005A7E1E /* 92@2x.png in Resources */ = {isa = PBXBuildFile; fileRef = 9C6DD61018ACCF4E005A7E1E /* 92@2x.png */; };
		9C6DD67518ACCF4E005A7E1E /* 93@2x.png in Resources */ = {isa = PBXBuildFile; fileRef = 9C6DD61118ACCF4E005A7E1E /* 93@2x.png */; };
		9C6DD67618ACCF4E005A7E1E /* 94@2x.png in Resources */ = {isa = PBXBuildFile; fileRef = 9C6DD61218ACCF4E005A7E1E /* 94@2x.png */; };
		9C6DD67718ACCF4E005A7E1E /* 95@2x.png in Resources */ = {isa = PBXBuildFile; fileRef = 9C6DD61318ACCF4E005A7E1E /* 95@2x.png */; };
		9C6DD67818ACCF4E005A7E1E /* 96@2x.png in Resources */ = {isa = PBXBuildFile; fileRef = 9C6DD61418ACCF4E005A7E1E /* 96@2x.png */; };
		9C6DD67918ACCF4E005A7E1E /* 97@2x.png in Resources */ = {isa = PBXBuildFile; fileRef = 9C6DD61518ACCF4E005A7E1E /* 97@2x.png */; };
		9C6DD67A18ACCF4E005A7E1E /* 98@2x.png in Resources */ = {isa = PBXBuildFile; fileRef = 9C6DD61618ACCF4E005A7E1E /* 98@2x.png */; };
		9C6DD67B18ACCF4E005A7E1E /* 99@2x.png in Resources */ = {isa = PBXBuildFile; fileRef = 9C6DD61718ACCF4E005A7E1E /* 99@2x.png */; };
		9C6DD67D18AD0DD2005A7E1E /* 100@2x.png in Resources */ = {isa = PBXBuildFile; fileRef = 9C6DD67C18AD0DD2005A7E1E /* 100@2x.png */; };
		9C6DD67F18AD0EE4005A7E1E /* bar@2x.png in Resources */ = {isa = PBXBuildFile; fileRef = 9C6DD67E18AD0EE4005A7E1E /* bar@2x.png */; };
		9C6DD68118AD0FA5005A7E1E /* UI7NavigationBarBackButton@2x.png in Resources */ = {isa = PBXBuildFile; fileRef = 9C6DD68018AD0FA5005A7E1E /* UI7NavigationBarBackButton@2x.png */; };
		9C6DD68318AE0686005A7E1E /* league@2x.png in Resources */ = {isa = PBXBuildFile; fileRef = 9C6DD68218AE0686005A7E1E /* league@2x.png */; };
		9C6DD68618AE07FE005A7E1E /* ZLeagueIntroViewController.m in Sources */ = {isa = PBXBuildFile; fileRef = 9C6DD68518AE07FE005A7E1E /* ZLeagueIntroViewController.m */; };
		9C6DD68818AE0F17005A7E1E /* zjg.jpg in Resources */ = {isa = PBXBuildFile; fileRef = 9C6DD68718AE0F17005A7E1E /* zjg.jpg */; };
		9C6DD68B18AE0FAD005A7E1E /* ZMapViewController.m in Sources */ = {isa = PBXBuildFile; fileRef = 9C6DD68A18AE0FAD005A7E1E /* ZMapViewController.m */; };
		9C6DD68E18AE13EC005A7E1E /* ZShadowLabel.m in Sources */ = {isa = PBXBuildFile; fileRef = 9C6DD68D18AE13EC005A7E1E /* ZShadowLabel.m */; };
		9C6DD69118AE1CCA005A7E1E /* ZQuestionViewController.m in Sources */ = {isa = PBXBuildFile; fileRef = 9C6DD69018AE1CCA005A7E1E /* ZQuestionViewController.m */; };
		9C9B212818B7B21B009D233E /* ZNavigationViewController.m in Sources */ = {isa = PBXBuildFile; fileRef = 9C9B212718B7B21B009D233E /* ZNavigationViewController.m */; };
		9CB07B9018BB69FC00EF40A9 /* ZMovieController.m in Sources */ = {isa = PBXBuildFile; fileRef = 9CB07B8F18BB69FC00EF40A9 /* ZMovieController.m */; };
		9CB07B9218BB737700EF40A9 /* TraningPlan.json in Resources */ = {isa = PBXBuildFile; fileRef = 9CB07B9118BB737700EF40A9 /* TraningPlan.json */; };
		9CB07B9518BB77C200EF40A9 /* ZMajorViewController.m in Sources */ = {isa = PBXBuildFile; fileRef = 9CB07B9418BB77C200EF40A9 /* ZMajorViewController.m */; };
/* End PBXBuildFile section */

/* Begin PBXContainerItemProxy section */
		9C4D1FD118658E9300EFE020 /* PBXContainerItemProxy */ = {
			isa = PBXContainerItemProxy;
			containerPortal = 9C4D1F9D18658E9300EFE020 /* Project object */;
			proxyType = 1;
			remoteGlobalIDString = 9C4D1FA418658E9300EFE020;
			remoteInfo = ZFreshman;
		};
/* End PBXContainerItemProxy section */

/* Begin PBXFileReference section */
		9C4D1FA518658E9300EFE020 /* ZFreshman.app */ = {isa = PBXFileReference; explicitFileType = wrapper.application; includeInIndex = 0; path = ZFreshman.app; sourceTree = BUILT_PRODUCTS_DIR; };
		9C4D1FA818658E9300EFE020 /* Foundation.framework */ = {isa = PBXFileReference; lastKnownFileType = wrapper.framework; name = Foundation.framework; path = System/Library/Frameworks/Foundation.framework; sourceTree = SDKROOT; };
		9C4D1FAA18658E9300EFE020 /* CoreGraphics.framework */ = {isa = PBXFileReference; lastKnownFileType = wrapper.framework; name = CoreGraphics.framework; path = System/Library/Frameworks/CoreGraphics.framework; sourceTree = SDKROOT; };
		9C4D1FAC18658E9300EFE020 /* UIKit.framework */ = {isa = PBXFileReference; lastKnownFileType = wrapper.framework; name = UIKit.framework; path = System/Library/Frameworks/UIKit.framework; sourceTree = SDKROOT; };
		9C4D1FB018658E9300EFE020 /* ZFreshman-Info.plist */ = {isa = PBXFileReference; lastKnownFileType = text.plist.xml; path = "ZFreshman-Info.plist"; sourceTree = "<group>"; };
		9C4D1FB218658E9300EFE020 /* en */ = {isa = PBXFileReference; lastKnownFileType = text.plist.strings; name = en; path = en.lproj/InfoPlist.strings; sourceTree = "<group>"; };
		9C4D1FB418658E9300EFE020 /* main.m */ = {isa = PBXFileReference; lastKnownFileType = sourcecode.c.objc; path = main.m; sourceTree = "<group>"; };
		9C4D1FB618658E9300EFE020 /* ZFreshman-Prefix.pch */ = {isa = PBXFileReference; lastKnownFileType = sourcecode.c.h; path = "ZFreshman-Prefix.pch"; sourceTree = "<group>"; };
		9C4D1FB718658E9300EFE020 /* ZAppDelegate.h */ = {isa = PBXFileReference; lastKnownFileType = sourcecode.c.h; path = ZAppDelegate.h; sourceTree = "<group>"; };
		9C4D1FB818658E9300EFE020 /* ZAppDelegate.m */ = {isa = PBXFileReference; lastKnownFileType = sourcecode.c.objc; path = ZAppDelegate.m; sourceTree = "<group>"; };
		9C4D1FCC18658E9300EFE020 /* ZFreshmanTests.xctest */ = {isa = PBXFileReference; explicitFileType = wrapper.cfbundle; includeInIndex = 0; path = ZFreshmanTests.xctest; sourceTree = BUILT_PRODUCTS_DIR; };
		9C4D1FCD18658E9300EFE020 /* XCTest.framework */ = {isa = PBXFileReference; lastKnownFileType = wrapper.framework; name = XCTest.framework; path = Library/Frameworks/XCTest.framework; sourceTree = DEVELOPER_DIR; };
		9C4D1FD518658E9300EFE020 /* ZFreshmanTests-Info.plist */ = {isa = PBXFileReference; lastKnownFileType = text.plist.xml; path = "ZFreshmanTests-Info.plist"; sourceTree = "<group>"; };
		9C4D1FD718658E9300EFE020 /* en */ = {isa = PBXFileReference; lastKnownFileType = text.plist.strings; name = en; path = en.lproj/InfoPlist.strings; sourceTree = "<group>"; };
		9C4D1FD918658E9300EFE020 /* ZFreshmanTests.m */ = {isa = PBXFileReference; lastKnownFileType = sourcecode.c.objc; path = ZFreshmanTests.m; sourceTree = "<group>"; };
		9C6DD4C418AA6BAA005A7E1E /* HTML */ = {isa = PBXFileReference; lastKnownFileType = folder; path = HTML; sourceTree = SOURCE_ROOT; };
		9C6DD4C618ABB5C1005A7E1E /* Main.storyboard */ = {isa = PBXFileReference; fileEncoding = 4; lastKnownFileType = file.storyboard; path = Main.storyboard; sourceTree = "<group>"; };
		9C6DD4C818ABB7AA005A7E1E /* ZHomeViewController.h */ = {isa = PBXFileReference; fileEncoding = 4; lastKnownFileType = sourcecode.c.h; path = ZHomeViewController.h; sourceTree = "<group>"; };
		9C6DD4C918ABB7AA005A7E1E /* ZHomeViewController.m */ = {isa = PBXFileReference; fileEncoding = 4; lastKnownFileType = sourcecode.c.objc; path = ZHomeViewController.m; sourceTree = "<group>"; };
		9C6DD4CB18ABBCDD005A7E1E /* Default-568h@2x.png */ = {isa = PBXFileReference; lastKnownFileType = image.png; path = "Default-568h@2x.png"; sourceTree = "<group>"; };
		9C6DD4CC18ABBCDD005A7E1E /* Default.png */ = {isa = PBXFileReference; lastKnownFileType = image.png; path = Default.png; sourceTree = "<group>"; };
		9C6DD4CD18ABBCDD005A7E1E /* Default@2x.png */ = {isa = PBXFileReference; lastKnownFileType = image.png; path = "Default@2x.png"; sourceTree = "<group>"; };
		9C6DD4D318ABC5D8005A7E1E /* UIColor+RExtension.h */ = {isa = PBXFileReference; fileEncoding = 4; lastKnownFileType = sourcecode.c.h; path = "UIColor+RExtension.h"; sourceTree = "<group>"; };
		9C6DD4D418ABC5D8005A7E1E /* UIColor+RExtension.m */ = {isa = PBXFileReference; fileEncoding = 4; lastKnownFileType = sourcecode.c.objc; path = "UIColor+RExtension.m"; sourceTree = "<group>"; };
		9C6DD4D618AC5D8D005A7E1E /* fresh@2x.png */ = {isa = PBXFileReference; lastKnownFileType = image.png; path = "fresh@2x.png"; sourceTree = "<group>"; };
		9C6DD4D818AC5F61005A7E1E /* ZShiningImageView.h */ = {isa = PBXFileReference; fileEncoding = 4; lastKnownFileType = sourcecode.c.h; path = ZShiningImageView.h; sourceTree = "<group>"; };
		9C6DD4D918AC5F61005A7E1E /* ZShiningImageView.m */ = {isa = PBXFileReference; fileEncoding = 4; lastKnownFileType = sourcecode.c.objc; path = ZShiningImageView.m; sourceTree = "<group>"; };
		9C6DD4DB18AC9487005A7E1E /* Icon-120@2x.png */ = {isa = PBXFileReference; lastKnownFileType = image.png; path = "Icon-120@2x.png"; sourceTree = "<group>"; };
		9C6DD4DC18AC9487005A7E1E /* Icon.png */ = {isa = PBXFileReference; lastKnownFileType = image.png; path = Icon.png; sourceTree = "<group>"; };
		9C6DD4DD18AC9487005A7E1E /* Icon@2x.png */ = {isa = PBXFileReference; lastKnownFileType = image.png; path = "Icon@2x.png"; sourceTree = "<group>"; };
		9C6DD4E118ACA52C005A7E1E /* ZImageListCell.h */ = {isa = PBXFileReference; fileEncoding = 4; lastKnownFileType = sourcecode.c.h; path = ZImageListCell.h; sourceTree = "<group>"; };
		9C6DD4E218ACA52C005A7E1E /* ZImageListCell.m */ = {isa = PBXFileReference; fileEncoding = 4; lastKnownFileType = sourcecode.c.objc; path = ZImageListCell.m; sourceTree = "<group>"; };
		9C6DD4E418ACA622005A7E1E /* League.plist */ = {isa = PBXFileReference; fileEncoding = 4; lastKnownFileType = text.plist.xml; path = League.plist; sourceTree = "<group>"; };
		9C6DD5AF18ACC14D005A7E1E /* ZLeagueViewController.h */ = {isa = PBXFileReference; fileEncoding = 4; lastKnownFileType = sourcecode.c.h; path = ZLeagueViewController.h; sourceTree = "<group>"; };
		9C6DD5B018ACC14D005A7E1E /* ZLeagueViewController.m */ = {isa = PBXFileReference; fileEncoding = 4; lastKnownFileType = sourcecode.c.objc; path = ZLeagueViewController.m; sourceTree = "<group>"; };
		9C6DD5B218ACC3D8005A7E1E /* zh-Hans */ = {isa = PBXFileReference; lastKnownFileType = text.plist.strings; name = "zh-Hans"; path = "zh-Hans.lproj/InfoPlist.strings"; sourceTree = "<group>"; };
		9C6DD5B318ACC3D8005A7E1E /* zh-Hans */ = {isa = PBXFileReference; lastKnownFileType = text.plist.strings; name = "zh-Hans"; path = "zh-Hans.lproj/InfoPlist.strings"; sourceTree = "<group>"; };
		9C6DD5B418ACCF4D005A7E1E /* 0@2x.png */ = {isa = PBXFileReference; lastKnownFileType = image.png; path = "0@2x.png"; sourceTree = "<group>"; };
		9C6DD5B518ACCF4D005A7E1E /* 1@2x.png */ = {isa = PBXFileReference; lastKnownFileType = image.png; path = "1@2x.png"; sourceTree = "<group>"; };
		9C6DD5B618ACCF4D005A7E1E /* 2@2x.png */ = {isa = PBXFileReference; lastKnownFileType = image.png; path = "2@2x.png"; sourceTree = "<group>"; };
		9C6DD5B718ACCF4D005A7E1E /* 3@2x.png */ = {isa = PBXFileReference; lastKnownFileType = image.png; path = "3@2x.png"; sourceTree = "<group>"; };
		9C6DD5B818ACCF4D005A7E1E /* 4@2x.png */ = {isa = PBXFileReference; lastKnownFileType = image.png; path = "4@2x.png"; sourceTree = "<group>"; };
		9C6DD5B918ACCF4D005A7E1E /* 5@2x.png */ = {isa = PBXFileReference; lastKnownFileType = image.png; path = "5@2x.png"; sourceTree = "<group>"; };
		9C6DD5BA18ACCF4D005A7E1E /* 6@2x.png */ = {isa = PBXFileReference; lastKnownFileType = image.png; path = "6@2x.png"; sourceTree = "<group>"; };
		9C6DD5BB18ACCF4D005A7E1E /* 7@2x.png */ = {isa = PBXFileReference; lastKnownFileType = image.png; path = "7@2x.png"; sourceTree = "<group>"; };
		9C6DD5BC18ACCF4D005A7E1E /* 8@2x.png */ = {isa = PBXFileReference; lastKnownFileType = image.png; path = "8@2x.png"; sourceTree = "<group>"; };
		9C6DD5BD18ACCF4D005A7E1E /* 9@2x.png */ = {isa = PBXFileReference; lastKnownFileType = image.png; path = "9@2x.png"; sourceTree = "<group>"; };
		9C6DD5BE18ACCF4D005A7E1E /* 10@2x.png */ = {isa = PBXFileReference; lastKnownFileType = image.png; path = "10@2x.png"; sourceTree = "<group>"; };
		9C6DD5BF18ACCF4D005A7E1E /* 11@2x.png */ = {isa = PBXFileReference; lastKnownFileType = image.png; path = "11@2x.png"; sourceTree = "<group>"; };
		9C6DD5C018ACCF4D005A7E1E /* 12@2x.png */ = {isa = PBXFileReference; lastKnownFileType = image.png; path = "12@2x.png"; sourceTree = "<group>"; };
		9C6DD5C118ACCF4D005A7E1E /* 13@2x.png */ = {isa = PBXFileReference; lastKnownFileType = image.png; path = "13@2x.png"; sourceTree = "<group>"; };
		9C6DD5C218ACCF4D005A7E1E /* 14@2x.png */ = {isa = PBXFileReference; lastKnownFileType = image.png; path = "14@2x.png"; sourceTree = "<group>"; };
		9C6DD5C318ACCF4D005A7E1E /* 15@2x.png */ = {isa = PBXFileReference; lastKnownFileType = image.png; path = "15@2x.png"; sourceTree = "<group>"; };
		9C6DD5C418ACCF4D005A7E1E /* 16@2x.png */ = {isa = PBXFileReference; lastKnownFileType = image.png; path = "16@2x.png"; sourceTree = "<group>"; };
		9C6DD5C518ACCF4D005A7E1E /* 17@2x.png */ = {isa = PBXFileReference; lastKnownFileType = image.png; path = "17@2x.png"; sourceTree = "<group>"; };
		9C6DD5C618ACCF4D005A7E1E /* 18@2x.png */ = {isa = PBXFileReference; lastKnownFileType = image.png; path = "18@2x.png"; sourceTree = "<group>"; };
		9C6DD5C718ACCF4D005A7E1E /* 19@2x.png */ = {isa = PBXFileReference; lastKnownFileType = image.png; path = "19@2x.png"; sourceTree = "<group>"; };
		9C6DD5C818ACCF4D005A7E1E /* 20@2x.png */ = {isa = PBXFileReference; lastKnownFileType = image.png; path = "20@2x.png"; sourceTree = "<group>"; };
		9C6DD5C918ACCF4D005A7E1E /* 21@2x.png */ = {isa = PBXFileReference; lastKnownFileType = image.png; path = "21@2x.png"; sourceTree = "<group>"; };
		9C6DD5CA18ACCF4D005A7E1E /* 22@2x.png */ = {isa = PBXFileReference; lastKnownFileType = image.png; path = "22@2x.png"; sourceTree = "<group>"; };
		9C6DD5CB18ACCF4D005A7E1E /* 23@2x.png */ = {isa = PBXFileReference; lastKnownFileType = image.png; path = "23@2x.png"; sourceTree = "<group>"; };
		9C6DD5CC18ACCF4D005A7E1E /* 24@2x.png */ = {isa = PBXFileReference; lastKnownFileType = image.png; path = "24@2x.png"; sourceTree = "<group>"; };
		9C6DD5CD18ACCF4D005A7E1E /* 25@2x.png */ = {isa = PBXFileReference; lastKnownFileType = image.png; path = "25@2x.png"; sourceTree = "<group>"; };
		9C6DD5CE18ACCF4D005A7E1E /* 26@2x.png */ = {isa = PBXFileReference; lastKnownFileType = image.png; path = "26@2x.png"; sourceTree = "<group>"; };
		9C6DD5CF18ACCF4D005A7E1E /* 27@2x.png */ = {isa = PBXFileReference; lastKnownFileType = image.png; path = "27@2x.png"; sourceTree = "<group>"; };
		9C6DD5D018ACCF4D005A7E1E /* 28@2x.png */ = {isa = PBXFileReference; lastKnownFileType = image.png; path = "28@2x.png"; sourceTree = "<group>"; };
		9C6DD5D118ACCF4D005A7E1E /* 29@2x.png */ = {isa = PBXFileReference; lastKnownFileType = image.png; path = "29@2x.png"; sourceTree = "<group>"; };
		9C6DD5D218ACCF4D005A7E1E /* 30@2x.png */ = {isa = PBXFileReference; lastKnownFileType = image.png; path = "30@2x.png"; sourceTree = "<group>"; };
		9C6DD5D318ACCF4D005A7E1E /* 31@2x.png */ = {isa = PBXFileReference; lastKnownFileType = image.png; path = "31@2x.png"; sourceTree = "<group>"; };
		9C6DD5D418ACCF4D005A7E1E /* 32@2x.png */ = {isa = PBXFileReference; lastKnownFileType = image.png; path = "32@2x.png"; sourceTree = "<group>"; };
		9C6DD5D518ACCF4D005A7E1E /* 33@2x.png */ = {isa = PBXFileReference; lastKnownFileType = image.png; path = "33@2x.png"; sourceTree = "<group>"; };
		9C6DD5D618ACCF4D005A7E1E /* 34@2x.png */ = {isa = PBXFileReference; lastKnownFileType = image.png; path = "34@2x.png"; sourceTree = "<group>"; };
		9C6DD5D718ACCF4D005A7E1E /* 35@2x.png */ = {isa = PBXFileReference; lastKnownFileType = image.png; path = "35@2x.png"; sourceTree = "<group>"; };
		9C6DD5D818ACCF4D005A7E1E /* 36@2x.png */ = {isa = PBXFileReference; lastKnownFileType = image.png; path = "36@2x.png"; sourceTree = "<group>"; };
		9C6DD5D918ACCF4D005A7E1E /* 37@2x.png */ = {isa = PBXFileReference; lastKnownFileType = image.png; path = "37@2x.png"; sourceTree = "<group>"; };
		9C6DD5DA18ACCF4D005A7E1E /* 38@2x.png */ = {isa = PBXFileReference; lastKnownFileType = image.png; path = "38@2x.png"; sourceTree = "<group>"; };
		9C6DD5DB18ACCF4D005A7E1E /* 39@2x.png */ = {isa = PBXFileReference; lastKnownFileType = image.png; path = "39@2x.png"; sourceTree = "<group>"; };
		9C6DD5DC18ACCF4D005A7E1E /* 40@2x.png */ = {isa = PBXFileReference; lastKnownFileType = image.png; path = "40@2x.png"; sourceTree = "<group>"; };
		9C6DD5DD18ACCF4D005A7E1E /* 41@2x.png */ = {isa = PBXFileReference; lastKnownFileType = image.png; path = "41@2x.png"; sourceTree = "<group>"; };
		9C6DD5DE18ACCF4D005A7E1E /* 42@2x.png */ = {isa = PBXFileReference; lastKnownFileType = image.png; path = "42@2x.png"; sourceTree = "<group>"; };
		9C6DD5DF18ACCF4D005A7E1E /* 43@2x.png */ = {isa = PBXFileReference; lastKnownFileType = image.png; path = "43@2x.png"; sourceTree = "<group>"; };
		9C6DD5E018ACCF4D005A7E1E /* 44@2x.png */ = {isa = PBXFileReference; lastKnownFileType = image.png; path = "44@2x.png"; sourceTree = "<group>"; };
		9C6DD5E118ACCF4D005A7E1E /* 45@2x.png */ = {isa = PBXFileReference; lastKnownFileType = image.png; path = "45@2x.png"; sourceTree = "<group>"; };
		9C6DD5E218ACCF4D005A7E1E /* 46@2x.png */ = {isa = PBXFileReference; lastKnownFileType = image.png; path = "46@2x.png"; sourceTree = "<group>"; };
		9C6DD5E318ACCF4D005A7E1E /* 47@2x.png */ = {isa = PBXFileReference; lastKnownFileType = image.png; path = "47@2x.png"; sourceTree = "<group>"; };
		9C6DD5E418ACCF4D005A7E1E /* 48@2x.png */ = {isa = PBXFileReference; lastKnownFileType = image.png; path = "48@2x.png"; sourceTree = "<group>"; };
		9C6DD5E518ACCF4D005A7E1E /* 49@2x.png */ = {isa = PBXFileReference; lastKnownFileType = image.png; path = "49@2x.png"; sourceTree = "<group>"; };
		9C6DD5E618ACCF4D005A7E1E /* 50@2x.png */ = {isa = PBXFileReference; lastKnownFileType = image.png; path = "50@2x.png"; sourceTree = "<group>"; };
		9C6DD5E718ACCF4D005A7E1E /* 51@2x.png */ = {isa = PBXFileReference; lastKnownFileType = image.png; path = "51@2x.png"; sourceTree = "<group>"; };
		9C6DD5E818ACCF4D005A7E1E /* 52@2x.png */ = {isa = PBXFileReference; lastKnownFileType = image.png; path = "52@2x.png"; sourceTree = "<group>"; };
		9C6DD5E918ACCF4D005A7E1E /* 53@2x.png */ = {isa = PBXFileReference; lastKnownFileType = image.png; path = "53@2x.png"; sourceTree = "<group>"; };
		9C6DD5EA18ACCF4D005A7E1E /* 54@2x.png */ = {isa = PBXFileReference; lastKnownFileType = image.png; path = "54@2x.png"; sourceTree = "<group>"; };
		9C6DD5EB18ACCF4D005A7E1E /* 55@2x.png */ = {isa = PBXFileReference; lastKnownFileType = image.png; path = "55@2x.png"; sourceTree = "<group>"; };
		9C6DD5EC18ACCF4D005A7E1E /* 56@2x.png */ = {isa = PBXFileReference; lastKnownFileType = image.png; path = "56@2x.png"; sourceTree = "<group>"; };
		9C6DD5ED18ACCF4D005A7E1E /* 57@2x.png */ = {isa = PBXFileReference; lastKnownFileType = image.png; path = "57@2x.png"; sourceTree = "<group>"; };
		9C6DD5EE18ACCF4D005A7E1E /* 58@2x.png */ = {isa = PBXFileReference; lastKnownFileType = image.png; path = "58@2x.png"; sourceTree = "<group>"; };
		9C6DD5EF18ACCF4D005A7E1E /* 59@2x.png */ = {isa = PBXFileReference; lastKnownFileType = image.png; path = "59@2x.png"; sourceTree = "<group>"; };
		9C6DD5F018ACCF4D005A7E1E /* 60@2x.png */ = {isa = PBXFileReference; lastKnownFileType = image.png; path = "60@2x.png"; sourceTree = "<group>"; };
		9C6DD5F118ACCF4D005A7E1E /* 61@2x.png */ = {isa = PBXFileReference; lastKnownFileType = image.png; path = "61@2x.png"; sourceTree = "<group>"; };
		9C6DD5F218ACCF4E005A7E1E /* 62@2x.png */ = {isa = PBXFileReference; lastKnownFileType = image.png; path = "62@2x.png"; sourceTree = "<group>"; };
		9C6DD5F318ACCF4E005A7E1E /* 63@2x.png */ = {isa = PBXFileReference; lastKnownFileType = image.png; path = "63@2x.png"; sourceTree = "<group>"; };
		9C6DD5F418ACCF4E005A7E1E /* 64@2x.png */ = {isa = PBXFileReference; lastKnownFileType = image.png; path = "64@2x.png"; sourceTree = "<group>"; };
		9C6DD5F518ACCF4E005A7E1E /* 65@2x.png */ = {isa = PBXFileReference; lastKnownFileType = image.png; path = "65@2x.png"; sourceTree = "<group>"; };
		9C6DD5F618ACCF4E005A7E1E /* 66@2x.png */ = {isa = PBXFileReference; lastKnownFileType = image.png; path = "66@2x.png"; sourceTree = "<group>"; };
		9C6DD5F718ACCF4E005A7E1E /* 67@2x.png */ = {isa = PBXFileReference; lastKnownFileType = image.png; path = "67@2x.png"; sourceTree = "<group>"; };
		9C6DD5F818ACCF4E005A7E1E /* 68@2x.png */ = {isa = PBXFileReference; lastKnownFileType = image.png; path = "68@2x.png"; sourceTree = "<group>"; };
		9C6DD5F918ACCF4E005A7E1E /* 69@2x.png */ = {isa = PBXFileReference; lastKnownFileType = image.png; path = "69@2x.png"; sourceTree = "<group>"; };
		9C6DD5FA18ACCF4E005A7E1E /* 70@2x.png */ = {isa = PBXFileReference; lastKnownFileType = image.png; path = "70@2x.png"; sourceTree = "<group>"; };
		9C6DD5FB18ACCF4E005A7E1E /* 71@2x.png */ = {isa = PBXFileReference; lastKnownFileType = image.png; path = "71@2x.png"; sourceTree = "<group>"; };
		9C6DD5FC18ACCF4E005A7E1E /* 72@2x.png */ = {isa = PBXFileReference; lastKnownFileType = image.png; path = "72@2x.png"; sourceTree = "<group>"; };
		9C6DD5FD18ACCF4E005A7E1E /* 73@2x.png */ = {isa = PBXFileReference; lastKnownFileType = image.png; path = "73@2x.png"; sourceTree = "<group>"; };
		9C6DD5FE18ACCF4E005A7E1E /* 74@2x.png */ = {isa = PBXFileReference; lastKnownFileType = image.png; path = "74@2x.png"; sourceTree = "<group>"; };
		9C6DD5FF18ACCF4E005A7E1E /* 75@2x.png */ = {isa = PBXFileReference; lastKnownFileType = image.png; path = "75@2x.png"; sourceTree = "<group>"; };
		9C6DD60018ACCF4E005A7E1E /* 76@2x.png */ = {isa = PBXFileReference; lastKnownFileType = image.png; path = "76@2x.png"; sourceTree = "<group>"; };
		9C6DD60118ACCF4E005A7E1E /* 77@2x.png */ = {isa = PBXFileReference; lastKnownFileType = image.png; path = "77@2x.png"; sourceTree = "<group>"; };
		9C6DD60218ACCF4E005A7E1E /* 78@2x.png */ = {isa = PBXFileReference; lastKnownFileType = image.png; path = "78@2x.png"; sourceTree = "<group>"; };
		9C6DD60318ACCF4E005A7E1E /* 79@2x.png */ = {isa = PBXFileReference; lastKnownFileType = image.png; path = "79@2x.png"; sourceTree = "<group>"; };
		9C6DD60418ACCF4E005A7E1E /* 80@2x.png */ = {isa = PBXFileReference; lastKnownFileType = image.png; path = "80@2x.png"; sourceTree = "<group>"; };
		9C6DD60518ACCF4E005A7E1E /* 81@2x.png */ = {isa = PBXFileReference; lastKnownFileType = image.png; path = "81@2x.png"; sourceTree = "<group>"; };
		9C6DD60618ACCF4E005A7E1E /* 82@2x.png */ = {isa = PBXFileReference; lastKnownFileType = image.png; path = "82@2x.png"; sourceTree = "<group>"; };
		9C6DD60718ACCF4E005A7E1E /* 83@2x.png */ = {isa = PBXFileReference; lastKnownFileType = image.png; path = "83@2x.png"; sourceTree = "<group>"; };
		9C6DD60818ACCF4E005A7E1E /* 84@2x.png */ = {isa = PBXFileReference; lastKnownFileType = image.png; path = "84@2x.png"; sourceTree = "<group>"; };
		9C6DD60918ACCF4E005A7E1E /* 85@2x.png */ = {isa = PBXFileReference; lastKnownFileType = image.png; path = "85@2x.png"; sourceTree = "<group>"; };
		9C6DD60A18ACCF4E005A7E1E /* 86@2x.png */ = {isa = PBXFileReference; lastKnownFileType = image.png; path = "86@2x.png"; sourceTree = "<group>"; };
		9C6DD60B18ACCF4E005A7E1E /* 87@2x.png */ = {isa = PBXFileReference; lastKnownFileType = image.png; path = "87@2x.png"; sourceTree = "<group>"; };
		9C6DD60C18ACCF4E005A7E1E /* 88@2x.png */ = {isa = PBXFileReference; lastKnownFileType = image.png; path = "88@2x.png"; sourceTree = "<group>"; };
		9C6DD60D18ACCF4E005A7E1E /* 89@2x.png */ = {isa = PBXFileReference; lastKnownFileType = image.png; path = "89@2x.png"; sourceTree = "<group>"; };
		9C6DD60E18ACCF4E005A7E1E /* 90@2x.png */ = {isa = PBXFileReference; lastKnownFileType = image.png; path = "90@2x.png"; sourceTree = "<group>"; };
		9C6DD60F18ACCF4E005A7E1E /* 91@2x.png */ = {isa = PBXFileReference; lastKnownFileType = image.png; path = "91@2x.png"; sourceTree = "<group>"; };
		9C6DD61018ACCF4E005A7E1E /* 92@2x.png */ = {isa = PBXFileReference; lastKnownFileType = image.png; path = "92@2x.png"; sourceTree = "<group>"; };
		9C6DD61118ACCF4E005A7E1E /* 93@2x.png */ = {isa = PBXFileReference; lastKnownFileType = image.png; path = "93@2x.png"; sourceTree = "<group>"; };
		9C6DD61218ACCF4E005A7E1E /* 94@2x.png */ = {isa = PBXFileReference; lastKnownFileType = image.png; path = "94@2x.png"; sourceTree = "<group>"; };
		9C6DD61318ACCF4E005A7E1E /* 95@2x.png */ = {isa = PBXFileReference; lastKnownFileType = image.png; path = "95@2x.png"; sourceTree = "<group>"; };
		9C6DD61418ACCF4E005A7E1E /* 96@2x.png */ = {isa = PBXFileReference; lastKnownFileType = image.png; path = "96@2x.png"; sourceTree = "<group>"; };
		9C6DD61518ACCF4E005A7E1E /* 97@2x.png */ = {isa = PBXFileReference; lastKnownFileType = image.png; path = "97@2x.png"; sourceTree = "<group>"; };
		9C6DD61618ACCF4E005A7E1E /* 98@2x.png */ = {isa = PBXFileReference; lastKnownFileType = image.png; path = "98@2x.png"; sourceTree = "<group>"; };
		9C6DD61718ACCF4E005A7E1E /* 99@2x.png */ = {isa = PBXFileReference; lastKnownFileType = image.png; path = "99@2x.png"; sourceTree = "<group>"; };
		9C6DD67C18AD0DD2005A7E1E /* 100@2x.png */ = {isa = PBXFileReference; lastKnownFileType = image.png; path = "100@2x.png"; sourceTree = "<group>"; };
		9C6DD67E18AD0EE4005A7E1E /* bar@2x.png */ = {isa = PBXFileReference; lastKnownFileType = image.png; path = "bar@2x.png"; sourceTree = "<group>"; };
		9C6DD68018AD0FA5005A7E1E /* UI7NavigationBarBackButton@2x.png */ = {isa = PBXFileReference; lastKnownFileType = image.png; path = "UI7NavigationBarBackButton@2x.png"; sourceTree = "<group>"; };
		9C6DD68218AE0686005A7E1E /* league@2x.png */ = {isa = PBXFileReference; lastKnownFileType = image.png; path = "league@2x.png"; sourceTree = "<group>"; };
		9C6DD68418AE07FE005A7E1E /* ZLeagueIntroViewController.h */ = {isa = PBXFileReference; fileEncoding = 4; lastKnownFileType = sourcecode.c.h; path = ZLeagueIntroViewController.h; sourceTree = "<group>"; };
		9C6DD68518AE07FE005A7E1E /* ZLeagueIntroViewController.m */ = {isa = PBXFileReference; fileEncoding = 4; lastKnownFileType = sourcecode.c.objc; path = ZLeagueIntroViewController.m; sourceTree = "<group>"; };
		9C6DD68718AE0F17005A7E1E /* zjg.jpg */ = {isa = PBXFileReference; lastKnownFileType = image.jpeg; path = zjg.jpg; sourceTree = "<group>"; };
		9C6DD68918AE0FAD005A7E1E /* ZMapViewController.h */ = {isa = PBXFileReference; fileEncoding = 4; lastKnownFileType = sourcecode.c.h; path = ZMapViewController.h; sourceTree = "<group>"; };
		9C6DD68A18AE0FAD005A7E1E /* ZMapViewController.m */ = {isa = PBXFileReference; fileEncoding = 4; lastKnownFileType = sourcecode.c.objc; path = ZMapViewController.m; sourceTree = "<group>"; };
		9C6DD68C18AE13EC005A7E1E /* ZShadowLabel.h */ = {isa = PBXFileReference; fileEncoding = 4; lastKnownFileType = sourcecode.c.h; path = ZShadowLabel.h; sourceTree = "<group>"; };
		9C6DD68D18AE13EC005A7E1E /* ZShadowLabel.m */ = {isa = PBXFileReference; fileEncoding = 4; lastKnownFileType = sourcecode.c.objc; path = ZShadowLabel.m; sourceTree = "<group>"; };
		9C6DD68F18AE1CCA005A7E1E /* ZQuestionViewController.h */ = {isa = PBXFileReference; fileEncoding = 4; lastKnownFileType = sourcecode.c.h; path = ZQuestionViewController.h; sourceTree = "<group>"; };
		9C6DD69018AE1CCA005A7E1E /* ZQuestionViewController.m */ = {isa = PBXFileReference; fileEncoding = 4; lastKnownFileType = sourcecode.c.objc; path = ZQuestionViewController.m; sourceTree = "<group>"; };
		9C9B212618B7B21B009D233E /* ZNavigationViewController.h */ = {isa = PBXFileReference; fileEncoding = 4; lastKnownFileType = sourcecode.c.h; path = ZNavigationViewController.h; sourceTree = "<group>"; };
		9C9B212718B7B21B009D233E /* ZNavigationViewController.m */ = {isa = PBXFileReference; fileEncoding = 4; lastKnownFileType = sourcecode.c.objc; path = ZNavigationViewController.m; sourceTree = "<group>"; };
		9CB07B8E18BB69FC00EF40A9 /* ZMovieController.h */ = {isa = PBXFileReference; fileEncoding = 4; lastKnownFileType = sourcecode.c.h; path = ZMovieController.h; sourceTree = "<group>"; };
		9CB07B8F18BB69FC00EF40A9 /* ZMovieController.m */ = {isa = PBXFileReference; fileEncoding = 4; lastKnownFileType = sourcecode.c.objc; path = ZMovieController.m; sourceTree = "<group>"; };
		9CB07B9118BB737700EF40A9 /* TraningPlan.json */ = {isa = PBXFileReference; fileEncoding = 4; lastKnownFileType = text.json; path = TraningPlan.json; sourceTree = "<group>"; };
		9CB07B9318BB77C200EF40A9 /* ZMajorViewController.h */ = {isa = PBXFileReference; fileEncoding = 4; lastKnownFileType = sourcecode.c.h; path = ZMajorViewController.h; sourceTree = "<group>"; };
		9CB07B9418BB77C200EF40A9 /* ZMajorViewController.m */ = {isa = PBXFileReference; fileEncoding = 4; lastKnownFileType = sourcecode.c.objc; path = ZMajorViewController.m; sourceTree = "<group>"; };
/* End PBXFileReference section */

/* Begin PBXFrameworksBuildPhase section */
		9C4D1FA218658E9300EFE020 /* Frameworks */ = {
			isa = PBXFrameworksBuildPhase;
			buildActionMask = 2147483647;
			files = (
				9C4D1FAB18658E9300EFE020 /* CoreGraphics.framework in Frameworks */,
				9C4D1FAD18658E9300EFE020 /* UIKit.framework in Frameworks */,
				9C4D1FA918658E9300EFE020 /* Foundation.framework in Frameworks */,
			);
			runOnlyForDeploymentPostprocessing = 0;
		};
		9C4D1FC918658E9300EFE020 /* Frameworks */ = {
			isa = PBXFrameworksBuildPhase;
			buildActionMask = 2147483647;
			files = (
				9C4D1FCE18658E9300EFE020 /* XCTest.framework in Frameworks */,
				9C4D1FD018658E9300EFE020 /* UIKit.framework in Frameworks */,
				9C4D1FCF18658E9300EFE020 /* Foundation.framework in Frameworks */,
			);
			runOnlyForDeploymentPostprocessing = 0;
		};
/* End PBXFrameworksBuildPhase section */

/* Begin PBXGroup section */
		9C4D1F9C18658E9300EFE020 = {
			isa = PBXGroup;
			children = (
				9C4D1FAE18658E9300EFE020 /* ZFreshman */,
				9C4D1FD318658E9300EFE020 /* ZFreshmanTests */,
				9C4D1FA718658E9300EFE020 /* Frameworks */,
				9C4D1FA618658E9300EFE020 /* Products */,
				9C6DD4C118AA6B56005A7E1E /* Resouces */,
			);
			sourceTree = "<group>";
		};
		9C4D1FA618658E9300EFE020 /* Products */ = {
			isa = PBXGroup;
			children = (
				9C4D1FA518658E9300EFE020 /* ZFreshman.app */,
				9C4D1FCC18658E9300EFE020 /* ZFreshmanTests.xctest */,
			);
			name = Products;
			sourceTree = "<group>";
		};
		9C4D1FA718658E9300EFE020 /* Frameworks */ = {
			isa = PBXGroup;
			children = (
				9C4D1FA818658E9300EFE020 /* Foundation.framework */,
				9C4D1FAA18658E9300EFE020 /* CoreGraphics.framework */,
				9C4D1FAC18658E9300EFE020 /* UIKit.framework */,
				9C4D1FCD18658E9300EFE020 /* XCTest.framework */,
			);
			name = Frameworks;
			sourceTree = "<group>";
		};
		9C4D1FAE18658E9300EFE020 /* ZFreshman */ = {
			isa = PBXGroup;
			children = (
				9C6DD4C618ABB5C1005A7E1E /* Main.storyboard */,
				9C4D1FAF18658E9300EFE020 /* Supporting Files */,
				9C6DD4D318ABC5D8005A7E1E /* UIColor+RExtension.h */,
				9C6DD4D418ABC5D8005A7E1E /* UIColor+RExtension.m */,
				9C4D1FB718658E9300EFE020 /* ZAppDelegate.h */,
				9C4D1FB818658E9300EFE020 /* ZAppDelegate.m */,
				9C6DD4C818ABB7AA005A7E1E /* ZHomeViewController.h */,
				9C6DD4C918ABB7AA005A7E1E /* ZHomeViewController.m */,
				9C6DD4E118ACA52C005A7E1E /* ZImageListCell.h */,
				9C6DD4E218ACA52C005A7E1E /* ZImageListCell.m */,
				9C6DD68418AE07FE005A7E1E /* ZLeagueIntroViewController.h */,
				9C6DD68518AE07FE005A7E1E /* ZLeagueIntroViewController.m */,
				9C6DD5AF18ACC14D005A7E1E /* ZLeagueViewController.h */,
				9C6DD5B018ACC14D005A7E1E /* ZLeagueViewController.m */,
				9C6DD68918AE0FAD005A7E1E /* ZMapViewController.h */,
				9C6DD68A18AE0FAD005A7E1E /* ZMapViewController.m */,
				9CB07B8E18BB69FC00EF40A9 /* ZMovieController.h */,
				9CB07B8F18BB69FC00EF40A9 /* ZMovieController.m */,
				9C9B212618B7B21B009D233E /* ZNavigationViewController.h */,
				9C9B212718B7B21B009D233E /* ZNavigationViewController.m */,
				9C6DD68F18AE1CCA005A7E1E /* ZQuestionViewController.h */,
				9C6DD69018AE1CCA005A7E1E /* ZQuestionViewController.m */,
				9C6DD68C18AE13EC005A7E1E /* ZShadowLabel.h */,
				9C6DD68D18AE13EC005A7E1E /* ZShadowLabel.m */,
				9C6DD4D818AC5F61005A7E1E /* ZShiningImageView.h */,
				9C6DD4D918AC5F61005A7E1E /* ZShiningImageView.m */,
				9CB07B9318BB77C200EF40A9 /* ZMajorViewController.h */,
				9CB07B9418BB77C200EF40A9 /* ZMajorViewController.m */,
			);
			path = ZFreshman;
			sourceTree = "<group>";
		};
		9C4D1FAF18658E9300EFE020 /* Supporting Files */ = {
			isa = PBXGroup;
			children = (
				9C4D1FB018658E9300EFE020 /* ZFreshman-Info.plist */,
				9C4D1FB118658E9300EFE020 /* InfoPlist.strings */,
				9C4D1FB418658E9300EFE020 /* main.m */,
				9C4D1FB618658E9300EFE020 /* ZFreshman-Prefix.pch */,
			);
			name = "Supporting Files";
			sourceTree = "<group>";
		};
		9C4D1FD318658E9300EFE020 /* ZFreshmanTests */ = {
			isa = PBXGroup;
			children = (
				9C4D1FD918658E9300EFE020 /* ZFreshmanTests.m */,
				9C4D1FD418658E9300EFE020 /* Supporting Files */,
			);
			path = ZFreshmanTests;
			sourceTree = "<group>";
		};
		9C4D1FD418658E9300EFE020 /* Supporting Files */ = {
			isa = PBXGroup;
			children = (
				9C4D1FD518658E9300EFE020 /* ZFreshmanTests-Info.plist */,
				9C4D1FD618658E9300EFE020 /* InfoPlist.strings */,
			);
			name = "Supporting Files";
			sourceTree = "<group>";
		};
		9C6DD4C118AA6B56005A7E1E /* Resouces */ = {
			isa = PBXGroup;
			children = (
				9CB07B9118BB737700EF40A9 /* TraningPlan.json */,
				9C6DD68218AE0686005A7E1E /* league@2x.png */,
				9C6DD68718AE0F17005A7E1E /* zjg.jpg */,
				9C6DD67E18AD0EE4005A7E1E /* bar@2x.png */,
				9C6DD4CB18ABBCDD005A7E1E /* Default-568h@2x.png */,
				9C6DD4CC18ABBCDD005A7E1E /* Default.png */,
				9C6DD4CD18ABBCDD005A7E1E /* Default@2x.png */,
				9C6DD4D618AC5D8D005A7E1E /* fresh@2x.png */,
				9C6DD4C418AA6BAA005A7E1E /* HTML */,
				9C6DD4DB18AC9487005A7E1E /* Icon-120@2x.png */,
				9C6DD4DC18AC9487005A7E1E /* Icon.png */,
				9C6DD4DD18AC9487005A7E1E /* Icon@2x.png */,
				9C6DD4E618ACBC0D005A7E1E /* League */,
				9C6DD4E418ACA622005A7E1E /* League.plist */,
				9C6DD68018AD0FA5005A7E1E /* UI7NavigationBarBackButton@2x.png */,
			);
			path = Resouces;
			sourceTree = "<group>";
		};
		9C6DD4E618ACBC0D005A7E1E /* League */ = {
			isa = PBXGroup;
			children = (
				9C6DD5B418ACCF4D005A7E1E /* 0@2x.png */,
				9C6DD5B518ACCF4D005A7E1E /* 1@2x.png */,
				9C6DD5B618ACCF4D005A7E1E /* 2@2x.png */,
				9C6DD5B718ACCF4D005A7E1E /* 3@2x.png */,
				9C6DD5B818ACCF4D005A7E1E /* 4@2x.png */,
				9C6DD5B918ACCF4D005A7E1E /* 5@2x.png */,
				9C6DD5BA18ACCF4D005A7E1E /* 6@2x.png */,
				9C6DD5BB18ACCF4D005A7E1E /* 7@2x.png */,
				9C6DD5BC18ACCF4D005A7E1E /* 8@2x.png */,
				9C6DD5BD18ACCF4D005A7E1E /* 9@2x.png */,
				9C6DD5BE18ACCF4D005A7E1E /* 10@2x.png */,
				9C6DD5BF18ACCF4D005A7E1E /* 11@2x.png */,
				9C6DD5C018ACCF4D005A7E1E /* 12@2x.png */,
				9C6DD5C118ACCF4D005A7E1E /* 13@2x.png */,
				9C6DD5C218ACCF4D005A7E1E /* 14@2x.png */,
				9C6DD5C318ACCF4D005A7E1E /* 15@2x.png */,
				9C6DD5C418ACCF4D005A7E1E /* 16@2x.png */,
				9C6DD5C518ACCF4D005A7E1E /* 17@2x.png */,
				9C6DD5C618ACCF4D005A7E1E /* 18@2x.png */,
				9C6DD5C718ACCF4D005A7E1E /* 19@2x.png */,
				9C6DD5C818ACCF4D005A7E1E /* 20@2x.png */,
				9C6DD5C918ACCF4D005A7E1E /* 21@2x.png */,
				9C6DD5CA18ACCF4D005A7E1E /* 22@2x.png */,
				9C6DD5CB18ACCF4D005A7E1E /* 23@2x.png */,
				9C6DD5CC18ACCF4D005A7E1E /* 24@2x.png */,
				9C6DD5CD18ACCF4D005A7E1E /* 25@2x.png */,
				9C6DD5CE18ACCF4D005A7E1E /* 26@2x.png */,
				9C6DD5CF18ACCF4D005A7E1E /* 27@2x.png */,
				9C6DD5D018ACCF4D005A7E1E /* 28@2x.png */,
				9C6DD5D118ACCF4D005A7E1E /* 29@2x.png */,
				9C6DD5D218ACCF4D005A7E1E /* 30@2x.png */,
				9C6DD5D318ACCF4D005A7E1E /* 31@2x.png */,
				9C6DD5D418ACCF4D005A7E1E /* 32@2x.png */,
				9C6DD5D518ACCF4D005A7E1E /* 33@2x.png */,
				9C6DD5D618ACCF4D005A7E1E /* 34@2x.png */,
				9C6DD5D718ACCF4D005A7E1E /* 35@2x.png */,
				9C6DD5D818ACCF4D005A7E1E /* 36@2x.png */,
				9C6DD5D918ACCF4D005A7E1E /* 37@2x.png */,
				9C6DD5DA18ACCF4D005A7E1E /* 38@2x.png */,
				9C6DD5DB18ACCF4D005A7E1E /* 39@2x.png */,
				9C6DD5DC18ACCF4D005A7E1E /* 40@2x.png */,
				9C6DD5DD18ACCF4D005A7E1E /* 41@2x.png */,
				9C6DD5DE18ACCF4D005A7E1E /* 42@2x.png */,
				9C6DD5DF18ACCF4D005A7E1E /* 43@2x.png */,
				9C6DD5E018ACCF4D005A7E1E /* 44@2x.png */,
				9C6DD5E118ACCF4D005A7E1E /* 45@2x.png */,
				9C6DD5E218ACCF4D005A7E1E /* 46@2x.png */,
				9C6DD5E318ACCF4D005A7E1E /* 47@2x.png */,
				9C6DD5E418ACCF4D005A7E1E /* 48@2x.png */,
				9C6DD5E518ACCF4D005A7E1E /* 49@2x.png */,
				9C6DD5E618ACCF4D005A7E1E /* 50@2x.png */,
				9C6DD5E718ACCF4D005A7E1E /* 51@2x.png */,
				9C6DD5E818ACCF4D005A7E1E /* 52@2x.png */,
				9C6DD5E918ACCF4D005A7E1E /* 53@2x.png */,
				9C6DD5EA18ACCF4D005A7E1E /* 54@2x.png */,
				9C6DD5EB18ACCF4D005A7E1E /* 55@2x.png */,
				9C6DD5EC18ACCF4D005A7E1E /* 56@2x.png */,
				9C6DD5ED18ACCF4D005A7E1E /* 57@2x.png */,
				9C6DD5EE18ACCF4D005A7E1E /* 58@2x.png */,
				9C6DD5EF18ACCF4D005A7E1E /* 59@2x.png */,
				9C6DD5F018ACCF4D005A7E1E /* 60@2x.png */,
				9C6DD5F118ACCF4D005A7E1E /* 61@2x.png */,
				9C6DD5F218ACCF4E005A7E1E /* 62@2x.png */,
				9C6DD5F318ACCF4E005A7E1E /* 63@2x.png */,
				9C6DD5F418ACCF4E005A7E1E /* 64@2x.png */,
				9C6DD5F518ACCF4E005A7E1E /* 65@2x.png */,
				9C6DD5F618ACCF4E005A7E1E /* 66@2x.png */,
				9C6DD5F718ACCF4E005A7E1E /* 67@2x.png */,
				9C6DD5F818ACCF4E005A7E1E /* 68@2x.png */,
				9C6DD5F918ACCF4E005A7E1E /* 69@2x.png */,
				9C6DD5FA18ACCF4E005A7E1E /* 70@2x.png */,
				9C6DD5FB18ACCF4E005A7E1E /* 71@2x.png */,
				9C6DD5FC18ACCF4E005A7E1E /* 72@2x.png */,
				9C6DD5FD18ACCF4E005A7E1E /* 73@2x.png */,
				9C6DD5FE18ACCF4E005A7E1E /* 74@2x.png */,
				9C6DD5FF18ACCF4E005A7E1E /* 75@2x.png */,
				9C6DD60018ACCF4E005A7E1E /* 76@2x.png */,
				9C6DD60118ACCF4E005A7E1E /* 77@2x.png */,
				9C6DD60218ACCF4E005A7E1E /* 78@2x.png */,
				9C6DD60318ACCF4E005A7E1E /* 79@2x.png */,
				9C6DD60418ACCF4E005A7E1E /* 80@2x.png */,
				9C6DD60518ACCF4E005A7E1E /* 81@2x.png */,
				9C6DD60618ACCF4E005A7E1E /* 82@2x.png */,
				9C6DD60718ACCF4E005A7E1E /* 83@2x.png */,
				9C6DD60818ACCF4E005A7E1E /* 84@2x.png */,
				9C6DD60918ACCF4E005A7E1E /* 85@2x.png */,
				9C6DD60A18ACCF4E005A7E1E /* 86@2x.png */,
				9C6DD60B18ACCF4E005A7E1E /* 87@2x.png */,
				9C6DD60C18ACCF4E005A7E1E /* 88@2x.png */,
				9C6DD60D18ACCF4E005A7E1E /* 89@2x.png */,
				9C6DD60E18ACCF4E005A7E1E /* 90@2x.png */,
				9C6DD60F18ACCF4E005A7E1E /* 91@2x.png */,
				9C6DD61018ACCF4E005A7E1E /* 92@2x.png */,
				9C6DD61118ACCF4E005A7E1E /* 93@2x.png */,
				9C6DD61218ACCF4E005A7E1E /* 94@2x.png */,
				9C6DD61318ACCF4E005A7E1E /* 95@2x.png */,
				9C6DD61418ACCF4E005A7E1E /* 96@2x.png */,
				9C6DD61518ACCF4E005A7E1E /* 97@2x.png */,
				9C6DD61618ACCF4E005A7E1E /* 98@2x.png */,
				9C6DD61718ACCF4E005A7E1E /* 99@2x.png */,
				9C6DD67C18AD0DD2005A7E1E /* 100@2x.png */,
			);
			path = League;
			sourceTree = "<group>";
		};
/* End PBXGroup section */

/* Begin PBXNativeTarget section */
		9C4D1FA418658E9300EFE020 /* ZFreshman */ = {
			isa = PBXNativeTarget;
			buildConfigurationList = 9C4D1FDD18658E9300EFE020 /* Build configuration list for PBXNativeTarget "ZFreshman" */;
			buildPhases = (
				9C4D1FA118658E9300EFE020 /* Sources */,
				9C4D1FA218658E9300EFE020 /* Frameworks */,
				9C4D1FA318658E9300EFE020 /* Resources */,
			);
			buildRules = (
			);
			dependencies = (
			);
			name = ZFreshman;
			productName = ZFreshman;
			productReference = 9C4D1FA518658E9300EFE020 /* ZFreshman.app */;
			productType = "com.apple.product-type.application";
		};
		9C4D1FCB18658E9300EFE020 /* ZFreshmanTests */ = {
			isa = PBXNativeTarget;
			buildConfigurationList = 9C4D1FE018658E9300EFE020 /* Build configuration list for PBXNativeTarget "ZFreshmanTests" */;
			buildPhases = (
				9C4D1FC818658E9300EFE020 /* Sources */,
				9C4D1FC918658E9300EFE020 /* Frameworks */,
				9C4D1FCA18658E9300EFE020 /* Resources */,
			);
			buildRules = (
			);
			dependencies = (
				9C4D1FD218658E9300EFE020 /* PBXTargetDependency */,
			);
			name = ZFreshmanTests;
			productName = ZFreshmanTests;
			productReference = 9C4D1FCC18658E9300EFE020 /* ZFreshmanTests.xctest */;
			productType = "com.apple.product-type.bundle.unit-test";
		};
/* End PBXNativeTarget section */

/* Begin PBXProject section */
		9C4D1F9D18658E9300EFE020 /* Project object */ = {
			isa = PBXProject;
			attributes = {
				CLASSPREFIX = Z;
				LastUpgradeCheck = 0500;
				ORGANIZATIONNAME = Ricky;
				TargetAttributes = {
					9C4D1FA418658E9300EFE020 = {
						DevelopmentTeam = B3YWFPRYS3;
					};
					9C4D1FCB18658E9300EFE020 = {
						TestTargetID = 9C4D1FA418658E9300EFE020;
					};
				};
			};
			buildConfigurationList = 9C4D1FA018658E9300EFE020 /* Build configuration list for PBXProject "ZFreshman" */;
			compatibilityVersion = "Xcode 3.2";
			developmentRegion = English;
			hasScannedForEncodings = 0;
			knownRegions = (
				en,
				Base,
				"zh-Hans",
			);
			mainGroup = 9C4D1F9C18658E9300EFE020;
			productRefGroup = 9C4D1FA618658E9300EFE020 /* Products */;
			projectDirPath = "";
			projectRoot = "";
			targets = (
				9C4D1FA418658E9300EFE020 /* ZFreshman */,
				9C4D1FCB18658E9300EFE020 /* ZFreshmanTests */,
			);
		};
/* End PBXProject section */

/* Begin PBXResourcesBuildPhase section */
		9C4D1FA318658E9300EFE020 /* Resources */ = {
			isa = PBXResourcesBuildPhase;
			buildActionMask = 2147483647;
			files = (
				9C6DD65818ACCF4E005A7E1E /* 64@2x.png in Resources */,
				9C6DD67418ACCF4E005A7E1E /* 92@2x.png in Resources */,
				9C6DD61F18ACCF4E005A7E1E /* 7@2x.png in Resources */,
				9C6DD66F18ACCF4E005A7E1E /* 87@2x.png in Resources */,
				9C6DD64118ACCF4E005A7E1E /* 41@2x.png in Resources */,
				9C6DD64918ACCF4E005A7E1E /* 49@2x.png in Resources */,
				9C6DD66318ACCF4E005A7E1E /* 75@2x.png in Resources */,
				9C6DD63818ACCF4E005A7E1E /* 32@2x.png in Resources */,
				9C6DD67D18AD0DD2005A7E1E /* 100@2x.png in Resources */,
				9C6DD61918ACCF4E005A7E1E /* 1@2x.png in Resources */,
				9C6DD66718ACCF4E005A7E1E /* 79@2x.png in Resources */,
				9C6DD64318ACCF4E005A7E1E /* 43@2x.png in Resources */,
				9C6DD62618ACCF4E005A7E1E /* 14@2x.png in Resources */,
				9C6DD65A18ACCF4E005A7E1E /* 66@2x.png in Resources */,
				9C6DD67618ACCF4E005A7E1E /* 94@2x.png in Resources */,
				9C6DD66618ACCF4E005A7E1E /* 78@2x.png in Resources */,
				9C6DD64B18ACCF4E005A7E1E /* 51@2x.png in Resources */,
				9C6DD68818AE0F17005A7E1E /* zjg.jpg in Resources */,
				9C6DD65018ACCF4E005A7E1E /* 56@2x.png in Resources */,
				9C6DD62318ACCF4E005A7E1E /* 11@2x.png in Resources */,
				9C6DD64A18ACCF4E005A7E1E /* 50@2x.png in Resources */,
				9C6DD62D18ACCF4E005A7E1E /* 21@2x.png in Resources */,
				9C6DD63418ACCF4E005A7E1E /* 28@2x.png in Resources */,
				9C6DD64618ACCF4E005A7E1E /* 46@2x.png in Resources */,
				9C6DD4DF18AC9487005A7E1E /* Icon.png in Resources */,
				9C6DD64018ACCF4E005A7E1E /* 40@2x.png in Resources */,
				9C6DD64C18ACCF4E005A7E1E /* 52@2x.png in Resources */,
				9C6DD64718ACCF4E005A7E1E /* 47@2x.png in Resources */,
				9C6DD67118ACCF4E005A7E1E /* 89@2x.png in Resources */,
				9C6DD67F18AD0EE4005A7E1E /* bar@2x.png in Resources */,
				9C6DD62718ACCF4E005A7E1E /* 15@2x.png in Resources */,
				9C6DD66918ACCF4E005A7E1E /* 81@2x.png in Resources */,
				9C6DD4D018ABBCDD005A7E1E /* Default@2x.png in Resources */,
				9C6DD67A18ACCF4E005A7E1E /* 98@2x.png in Resources */,
				9C6DD4C718ABB5C1005A7E1E /* Main.storyboard in Resources */,
				9C6DD4D718AC5D8D005A7E1E /* fresh@2x.png in Resources */,
				9C6DD62E18ACCF4E005A7E1E /* 22@2x.png in Resources */,
				9C6DD61E18ACCF4E005A7E1E /* 6@2x.png in Resources */,
				9C6DD68318AE0686005A7E1E /* league@2x.png in Resources */,
				9C6DD63618ACCF4E005A7E1E /* 30@2x.png in Resources */,
				9C6DD66E18ACCF4E005A7E1E /* 86@2x.png in Resources */,
				9C6DD64E18ACCF4E005A7E1E /* 54@2x.png in Resources */,
				9C6DD66B18ACCF4E005A7E1E /* 83@2x.png in Resources */,
				9C6DD61C18ACCF4E005A7E1E /* 4@2x.png in Resources */,
				9C6DD66A18ACCF4E005A7E1E /* 82@2x.png in Resources */,
				9C6DD4CE18ABBCDD005A7E1E /* Default-568h@2x.png in Resources */,
				9C6DD62F18ACCF4E005A7E1E /* 23@2x.png in Resources */,
				9C6DD66818ACCF4E005A7E1E /* 80@2x.png in Resources */,
				9C6DD63B18ACCF4E005A7E1E /* 35@2x.png in Resources */,
				9C4D1FB318658E9300EFE020 /* InfoPlist.strings in Resources */,
				9C6DD66218ACCF4E005A7E1E /* 74@2x.png in Resources */,
				9C6DD67718ACCF4E005A7E1E /* 95@2x.png in Resources */,
				9C6DD65218ACCF4E005A7E1E /* 58@2x.png in Resources */,
				9C6DD65518ACCF4E005A7E1E /* 61@2x.png in Resources */,
				9C6DD63A18ACCF4E005A7E1E /* 34@2x.png in Resources */,
				9C6DD67018ACCF4E005A7E1E /* 88@2x.png in Resources */,
				9C6DD4DE18AC9487005A7E1E /* Icon-120@2x.png in Resources */,
				9C6DD65418ACCF4E005A7E1E /* 60@2x.png in Resources */,
				9C6DD63518ACCF4E005A7E1E /* 29@2x.png in Resources */,
				9C6DD62918ACCF4E005A7E1E /* 17@2x.png in Resources */,
				9CB07B9218BB737700EF40A9 /* TraningPlan.json in Resources */,
				9C6DD65318ACCF4E005A7E1E /* 59@2x.png in Resources */,
				9C6DD63218ACCF4E005A7E1E /* 26@2x.png in Resources */,
				9C6DD64818ACCF4E005A7E1E /* 48@2x.png in Resources */,
				9C6DD63718ACCF4E005A7E1E /* 31@2x.png in Resources */,
				9C6DD67B18ACCF4E005A7E1E /* 99@2x.png in Resources */,
				9C6DD65118ACCF4E005A7E1E /* 57@2x.png in Resources */,
				9C6DD63F18ACCF4E005A7E1E /* 39@2x.png in Resources */,
				9C6DD65918ACCF4E005A7E1E /* 65@2x.png in Resources */,
				9C6DD63318ACCF4E005A7E1E /* 27@2x.png in Resources */,
				9C6DD66018ACCF4E005A7E1E /* 72@2x.png in Resources */,
				9C6DD62A18ACCF4E005A7E1E /* 18@2x.png in Resources */,
				9C6DD64418ACCF4E005A7E1E /* 44@2x.png in Resources */,
				9C6DD67318ACCF4E005A7E1E /* 91@2x.png in Resources */,
				9C6DD62818ACCF4E005A7E1E /* 16@2x.png in Resources */,
				9C6DD62518ACCF4E005A7E1E /* 13@2x.png in Resources */,
				9C6DD66118ACCF4E005A7E1E /* 73@2x.png in Resources */,
				9C6DD65E18ACCF4E005A7E1E /* 70@2x.png in Resources */,
				9C6DD63D18ACCF4E005A7E1E /* 37@2x.png in Resources */,
				9C6DD62418ACCF4E005A7E1E /* 12@2x.png in Resources */,
				9C6DD67218ACCF4E005A7E1E /* 90@2x.png in Resources */,
				9C6DD67818ACCF4E005A7E1E /* 96@2x.png in Resources */,
				9C6DD63C18ACCF4E005A7E1E /* 36@2x.png in Resources */,
				9C6DD65D18ACCF4E005A7E1E /* 69@2x.png in Resources */,
				9C6DD66C18ACCF4E005A7E1E /* 84@2x.png in Resources */,
				9C6DD66518ACCF4E005A7E1E /* 77@2x.png in Resources */,
				9C6DD64D18ACCF4E005A7E1E /* 53@2x.png in Resources */,
				9C6DD65F18ACCF4E005A7E1E /* 71@2x.png in Resources */,
				9C6DD4C518AA6BAA005A7E1E /* HTML in Resources */,
				9C6DD65618ACCF4E005A7E1E /* 62@2x.png in Resources */,
				9C6DD62C18ACCF4E005A7E1E /* 20@2x.png in Resources */,
				9C6DD65718ACCF4E005A7E1E /* 63@2x.png in Resources */,
				9C6DD62B18ACCF4E005A7E1E /* 19@2x.png in Resources */,
				9C6DD63118ACCF4E005A7E1E /* 25@2x.png in Resources */,
				9C6DD68118AD0FA5005A7E1E /* UI7NavigationBarBackButton@2x.png in Resources */,
				9C6DD66D18ACCF4E005A7E1E /* 85@2x.png in Resources */,
				9C6DD64518ACCF4E005A7E1E /* 45@2x.png in Resources */,
				9C6DD61B18ACCF4E005A7E1E /* 3@2x.png in Resources */,
				9C6DD67918ACCF4E005A7E1E /* 97@2x.png in Resources */,
				9C6DD62118ACCF4E005A7E1E /* 9@2x.png in Resources */,
				9C6DD63918ACCF4E005A7E1E /* 33@2x.png in Resources */,
				9C6DD63E18ACCF4E005A7E1E /* 38@2x.png in Resources */,
				9C6DD64F18ACCF4E005A7E1E /* 55@2x.png in Resources */,
				9C6DD4CF18ABBCDD005A7E1E /* Default.png in Resources */,
				9C6DD65C18ACCF4E005A7E1E /* 68@2x.png in Resources */,
				9C6DD4E518ACA622005A7E1E /* League.plist in Resources */,
				9C6DD61818ACCF4E005A7E1E /* 0@2x.png in Resources */,
				9C6DD67518ACCF4E005A7E1E /* 93@2x.png in Resources */,
				9C6DD64218ACCF4E005A7E1E /* 42@2x.png in Resources */,
				9C6DD65B18ACCF4E005A7E1E /* 67@2x.png in Resources */,
				9C6DD61A18ACCF4E005A7E1E /* 2@2x.png in Resources */,
				9C6DD66418ACCF4E005A7E1E /* 76@2x.png in Resources */,
				9C6DD63018ACCF4E005A7E1E /* 24@2x.png in Resources */,
				9C6DD61D18ACCF4E005A7E1E /* 5@2x.png in Resources */,
				9C6DD62018ACCF4E005A7E1E /* 8@2x.png in Resources */,
				9C6DD62218ACCF4E005A7E1E /* 10@2x.png in Resources */,
				9C6DD4E018AC9487005A7E1E /* Icon@2x.png in Resources */,
			);
			runOnlyForDeploymentPostprocessing = 0;
		};
		9C4D1FCA18658E9300EFE020 /* Resources */ = {
			isa = PBXResourcesBuildPhase;
			buildActionMask = 2147483647;
			files = (
				9C4D1FD818658E9300EFE020 /* InfoPlist.strings in Resources */,
			);
			runOnlyForDeploymentPostprocessing = 0;
		};
/* End PBXResourcesBuildPhase section */

/* Begin PBXSourcesBuildPhase section */
		9C4D1FA118658E9300EFE020 /* Sources */ = {
			isa = PBXSourcesBuildPhase;
			buildActionMask = 2147483647;
			files = (
				9C6DD5B118ACC14D005A7E1E /* ZLeagueViewController.m in Sources */,
				9C4D1FB518658E9300EFE020 /* main.m in Sources */,
				9C4D1FB918658E9300EFE020 /* ZAppDelegate.m in Sources */,
				9C9B212818B7B21B009D233E /* ZNavigationViewController.m in Sources */,
				9CB07B9018BB69FC00EF40A9 /* ZMovieController.m in Sources */,
				9C6DD68E18AE13EC005A7E1E /* ZShadowLabel.m in Sources */,
				9C6DD4DA18AC5F61005A7E1E /* ZShiningImageView.m in Sources */,
				9C6DD4D518ABC5D8005A7E1E /* UIColor+RExtension.m in Sources */,
				9C6DD4E318ACA52C005A7E1E /* ZImageListCell.m in Sources */,
				9CB07B9518BB77C200EF40A9 /* ZMajorViewController.m in Sources */,
				9C6DD4CA18ABB7AA005A7E1E /* ZHomeViewController.m in Sources */,
				9C6DD68618AE07FE005A7E1E /* ZLeagueIntroViewController.m in Sources */,
				9C6DD68B18AE0FAD005A7E1E /* ZMapViewController.m in Sources */,
				9C6DD69118AE1CCA005A7E1E /* ZQuestionViewController.m in Sources */,
			);
			runOnlyForDeploymentPostprocessing = 0;
		};
		9C4D1FC818658E9300EFE020 /* Sources */ = {
			isa = PBXSourcesBuildPhase;
			buildActionMask = 2147483647;
			files = (
				9C4D1FDA18658E9300EFE020 /* ZFreshmanTests.m in Sources */,
			);
			runOnlyForDeploymentPostprocessing = 0;
		};
/* End PBXSourcesBuildPhase section */

/* Begin PBXTargetDependency section */
		9C4D1FD218658E9300EFE020 /* PBXTargetDependency */ = {
			isa = PBXTargetDependency;
			target = 9C4D1FA418658E9300EFE020 /* ZFreshman */;
			targetProxy = 9C4D1FD118658E9300EFE020 /* PBXContainerItemProxy */;
		};
/* End PBXTargetDependency section */

/* Begin PBXVariantGroup section */
		9C4D1FB118658E9300EFE020 /* InfoPlist.strings */ = {
			isa = PBXVariantGroup;
			children = (
				9C4D1FB218658E9300EFE020 /* en */,
				9C6DD5B218ACC3D8005A7E1E /* zh-Hans */,
			);
			name = InfoPlist.strings;
			sourceTree = "<group>";
		};
		9C4D1FD618658E9300EFE020 /* InfoPlist.strings */ = {
			isa = PBXVariantGroup;
			children = (
				9C4D1FD718658E9300EFE020 /* en */,
				9C6DD5B318ACC3D8005A7E1E /* zh-Hans */,
			);
			name = InfoPlist.strings;
			sourceTree = "<group>";
		};
/* End PBXVariantGroup section */

/* Begin XCBuildConfiguration section */
		9C4D1FDB18658E9300EFE020 /* Debug */ = {
			isa = XCBuildConfiguration;
			buildSettings = {
				ALWAYS_SEARCH_USER_PATHS = NO;
				ARCHS = "$(ARCHS_STANDARD_INCLUDING_64_BIT)";
				CLANG_CXX_LANGUAGE_STANDARD = "gnu++0x";
				CLANG_CXX_LIBRARY = "libc++";
				CLANG_ENABLE_MODULES = YES;
				CLANG_ENABLE_OBJC_ARC = YES;
				CLANG_WARN_BOOL_CONVERSION = YES;
				CLANG_WARN_CONSTANT_CONVERSION = YES;
				CLANG_WARN_DIRECT_OBJC_ISA_USAGE = YES_ERROR;
				CLANG_WARN_EMPTY_BODY = YES;
				CLANG_WARN_ENUM_CONVERSION = YES;
				CLANG_WARN_INT_CONVERSION = YES;
				CLANG_WARN_OBJC_ROOT_CLASS = YES_ERROR;
				CLANG_WARN__DUPLICATE_METHOD_MATCH = YES;
				"CODE_SIGN_IDENTITY[sdk=iphoneos*]" = "iPhone Developer";
				COPY_PHASE_STRIP = NO;
				GCC_C_LANGUAGE_STANDARD = gnu99;
				GCC_DYNAMIC_NO_PIC = NO;
				GCC_OPTIMIZATION_LEVEL = 0;
				GCC_PREPROCESSOR_DEFINITIONS = (
					"DEBUG=1",
					"$(inherited)",
				);
				GCC_SYMBOLS_PRIVATE_EXTERN = NO;
				GCC_WARN_64_TO_32_BIT_CONVERSION = YES;
				GCC_WARN_ABOUT_RETURN_TYPE = YES_ERROR;
				GCC_WARN_UNDECLARED_SELECTOR = YES;
				GCC_WARN_UNINITIALIZED_AUTOS = YES;
				GCC_WARN_UNUSED_FUNCTION = YES;
				GCC_WARN_UNUSED_VARIABLE = YES;
				IPHONEOS_DEPLOYMENT_TARGET = 6.0;
				ONLY_ACTIVE_ARCH = YES;
				SDKROOT = iphoneos;
				TARGETED_DEVICE_FAMILY = "1,2";
			};
			name = Debug;
		};
		9C4D1FDC18658E9300EFE020 /* Release */ = {
			isa = XCBuildConfiguration;
			buildSettings = {
				ALWAYS_SEARCH_USER_PATHS = NO;
				ARCHS = "$(ARCHS_STANDARD_INCLUDING_64_BIT)";
				CLANG_CXX_LANGUAGE_STANDARD = "gnu++0x";
				CLANG_CXX_LIBRARY = "libc++";
				CLANG_ENABLE_MODULES = YES;
				CLANG_ENABLE_OBJC_ARC = YES;
				CLANG_WARN_BOOL_CONVERSION = YES;
				CLANG_WARN_CONSTANT_CONVERSION = YES;
				CLANG_WARN_DIRECT_OBJC_ISA_USAGE = YES_ERROR;
				CLANG_WARN_EMPTY_BODY = YES;
				CLANG_WARN_ENUM_CONVERSION = YES;
				CLANG_WARN_INT_CONVERSION = YES;
				CLANG_WARN_OBJC_ROOT_CLASS = YES_ERROR;
				CLANG_WARN__DUPLICATE_METHOD_MATCH = YES;
				"CODE_SIGN_IDENTITY[sdk=iphoneos*]" = "iPhone Developer";
				COPY_PHASE_STRIP = YES;
				ENABLE_NS_ASSERTIONS = NO;
				GCC_C_LANGUAGE_STANDARD = gnu99;
				GCC_WARN_64_TO_32_BIT_CONVERSION = YES;
				GCC_WARN_ABOUT_RETURN_TYPE = YES_ERROR;
				GCC_WARN_UNDECLARED_SELECTOR = YES;
				GCC_WARN_UNINITIALIZED_AUTOS = YES;
				GCC_WARN_UNUSED_FUNCTION = YES;
				GCC_WARN_UNUSED_VARIABLE = YES;
				IPHONEOS_DEPLOYMENT_TARGET = 6.0;
				SDKROOT = iphoneos;
				TARGETED_DEVICE_FAMILY = "1,2";
				VALIDATE_PRODUCT = YES;
			};
			name = Release;
		};
		9C4D1FDE18658E9300EFE020 /* Debug */ = {
			isa = XCBuildConfiguration;
			buildSettings = {
				CODE_SIGN_IDENTITY = "iPhone Developer";
				"CODE_SIGN_IDENTITY[sdk=iphoneos*]" = "iPhone Developer";
				GCC_PRECOMPILE_PREFIX_HEADER = YES;
				GCC_PREFIX_HEADER = "ZFreshman/ZFreshman-Prefix.pch";
				INFOPLIST_FILE = "ZFreshman/ZFreshman-Info.plist";
				PRODUCT_NAME = "$(TARGET_NAME)";
				PROVISIONING_PROFILE = "";
				TARGETED_DEVICE_FAMILY = 1;
				WRAPPER_EXTENSION = app;
			};
			name = Debug;
		};
		9C4D1FDF18658E9300EFE020 /* Release */ = {
			isa = XCBuildConfiguration;
			buildSettings = {
				CODE_SIGN_IDENTITY = "iPhone Developer";
				"CODE_SIGN_IDENTITY[sdk=iphoneos*]" = "iPhone Developer";
				GCC_PRECOMPILE_PREFIX_HEADER = YES;
				GCC_PREFIX_HEADER = "ZFreshman/ZFreshman-Prefix.pch";
				INFOPLIST_FILE = "ZFreshman/ZFreshman-Info.plist";
				PRODUCT_NAME = "$(TARGET_NAME)";
				PROVISIONING_PROFILE = "";
				TARGETED_DEVICE_FAMILY = 1;
				WRAPPER_EXTENSION = app;
			};
			name = Release;
		};
		9C4D1FE118658E9300EFE020 /* Debug */ = {
			isa = XCBuildConfiguration;
			buildSettings = {
				ARCHS = "$(ARCHS_STANDARD_INCLUDING_64_BIT)";
				BUNDLE_LOADER = "$(BUILT_PRODUCTS_DIR)/ZFreshman.app/ZFreshman";
				FRAMEWORK_SEARCH_PATHS = (
					"$(SDKROOT)/Developer/Library/Frameworks",
					"$(inherited)",
					"$(DEVELOPER_FRAMEWORKS_DIR)",
				);
				GCC_PRECOMPILE_PREFIX_HEADER = YES;
				GCC_PREFIX_HEADER = "ZFreshman/ZFreshman-Prefix.pch";
				GCC_PREPROCESSOR_DEFINITIONS = (
					"DEBUG=1",
					"$(inherited)",
				);
				INFOPLIST_FILE = "ZFreshmanTests/ZFreshmanTests-Info.plist";
				PRODUCT_NAME = "$(TARGET_NAME)";
				TEST_HOST = "$(BUNDLE_LOADER)";
				WRAPPER_EXTENSION = xctest;
			};
			name = Debug;
		};
		9C4D1FE218658E9300EFE020 /* Release */ = {
			isa = XCBuildConfiguration;
			buildSettings = {
				ARCHS = "$(ARCHS_STANDARD_INCLUDING_64_BIT)";
				BUNDLE_LOADER = "$(BUILT_PRODUCTS_DIR)/ZFreshman.app/ZFreshman";
				FRAMEWORK_SEARCH_PATHS = (
					"$(SDKROOT)/Developer/Library/Frameworks",
					"$(inherited)",
					"$(DEVELOPER_FRAMEWORKS_DIR)",
				);
				GCC_PRECOMPILE_PREFIX_HEADER = YES;
				GCC_PREFIX_HEADER = "ZFreshman/ZFreshman-Prefix.pch";
				INFOPLIST_FILE = "ZFreshmanTests/ZFreshmanTests-Info.plist";
				PRODUCT_NAME = "$(TARGET_NAME)";
				TEST_HOST = "$(BUNDLE_LOADER)";
				WRAPPER_EXTENSION = xctest;
			};
			name = Release;
		};
/* End XCBuildConfiguration section */

/* Begin XCConfigurationList section */
		9C4D1FA018658E9300EFE020 /* Build configuration list for PBXProject "ZFreshman" */ = {
			isa = XCConfigurationList;
			buildConfigurations = (
				9C4D1FDB18658E9300EFE020 /* Debug */,
				9C4D1FDC18658E9300EFE020 /* Release */,
			);
			defaultConfigurationIsVisible = 0;
			defaultConfigurationName = Release;
		};
		9C4D1FDD18658E9300EFE020 /* Build configuration list for PBXNativeTarget "ZFreshman" */ = {
			isa = XCConfigurationList;
			buildConfigurations = (
				9C4D1FDE18658E9300EFE020 /* Debug */,
				9C4D1FDF18658E9300EFE020 /* Release */,
			);
			defaultConfigurationIsVisible = 0;
			defaultConfigurationName = Release;
		};
		9C4D1FE018658E9300EFE020 /* Build configuration list for PBXNativeTarget "ZFreshmanTests" */ = {
			isa = XCConfigurationList;
			buildConfigurations = (
				9C4D1FE118658E9300EFE020 /* Debug */,
				9C4D1FE218658E9300EFE020 /* Release */,
			);
			defaultConfigurationIsVisible = 0;
			defaultConfigurationName = Release;
		};
/* End XCConfigurationList section */
	};
	rootObject = 9C4D1F9D18658E9300EFE020 /* Project object */;
}
