// !$*UTF8*$!
{
	archiveVersion = 1;
	classes = {
	};
	objectVersion = 46;
	objects = {

/* Begin PBXBuildFile section */
		9C287D05188048C900934786 /* libXQuquerSDK-all.a in Frameworks */ = {isa = PBXBuildFile; fileRef = 9C287D03188048C900934786 /* libXQuquerSDK-all.a */; };
		9C287D071880490800934786 /* Storyboard.storyboard in Resources */ = {isa = PBXBuildFile; fileRef = 9C287D061880490800934786 /* Storyboard.storyboard */; };
		9C287D0A188049BE00934786 /* ZShareViewController.mm in Sources */ = {isa = PBXBuildFile; fileRef = 9C287D09188049BE00934786 /* ZShareViewController.mm */; };
		9C287D0E18804A9C00934786 /* AudioToolbox.framework in Frameworks */ = {isa = PBXBuildFile; fileRef = 9C287D0D18804A9C00934786 /* AudioToolbox.framework */; };
		9C287D1018804AB100934786 /* CFNetwork.framework in Frameworks */ = {isa = PBXBuildFile; fileRef = 9C287D0F18804AB100934786 /* CFNetwork.framework */; };
		9C287D1218804ABC00934786 /* MobileCoreServices.framework in Frameworks */ = {isa = PBXBuildFile; fileRef = 9C287D1118804ABC00934786 /* MobileCoreServices.framework */; };
		9C287D1418804AC900934786 /* libz.1.2.5.dylib in Frameworks */ = {isa = PBXBuildFile; fileRef = 9C287D1318804AC900934786 /* libz.1.2.5.dylib */; };
		9C287D1618804AD400934786 /* SystemConfiguration.framework in Frameworks */ = {isa = PBXBuildFile; fileRef = 9C287D1518804AD400934786 /* SystemConfiguration.framework */; };
		9C287D1818804AEF00934786 /* QuartzCore.framework in Frameworks */ = {isa = PBXBuildFile; fileRef = 9C287D1718804AEF00934786 /* QuartzCore.framework */; };
		9C39311418839F9F0080D691 /* ios7 in Resources */ = {isa = PBXBuildFile; fileRef = 9C39311218839F9F0080D691 /* ios7 */; };
		9C39311518839F9F0080D691 /* simple in Resources */ = {isa = PBXBuildFile; fileRef = 9C39311318839F9F0080D691 /* simple */; };
		9C3931181883ACEC0080D691 /* ZFileItem.m in Sources */ = {isa = PBXBuildFile; fileRef = 9C3931171883ACEC0080D691 /* ZFileItem.m */; };
		9C4D1F2D18658D8400EFE020 /* Foundation.framework in Frameworks */ = {isa = PBXBuildFile; fileRef = 9C4D1F2C18658D8400EFE020 /* Foundation.framework */; };
		9C4D1F3118658D8400EFE020 /* UIKit.framework in Frameworks */ = {isa = PBXBuildFile; fileRef = 9C4D1F3018658D8400EFE020 /* UIKit.framework */; };
		9C4D1F3718658D8400EFE020 /* InfoPlist.strings in Resources */ = {isa = PBXBuildFile; fileRef = 9C4D1F3518658D8400EFE020 /* InfoPlist.strings */; };
		9C4D1F3918658D8400EFE020 /* main.m in Sources */ = {isa = PBXBuildFile; fileRef = 9C4D1F3818658D8400EFE020 /* main.m */; };
		9C4D1F3D18658D8400EFE020 /* ZAppDelegate.m in Sources */ = {isa = PBXBuildFile; fileRef = 9C4D1F3C18658D8400EFE020 /* ZAppDelegate.m */; };
		9C4D1F4618658D8400EFE020 /* XCTest.framework in Frameworks */ = {isa = PBXBuildFile; fileRef = 9C4D1F4518658D8400EFE020 /* XCTest.framework */; };
		9C4D1F4718658D8400EFE020 /* Foundation.framework in Frameworks */ = {isa = PBXBuildFile; fileRef = 9C4D1F2C18658D8400EFE020 /* Foundation.framework */; };
		9C4D1F4818658D8400EFE020 /* UIKit.framework in Frameworks */ = {isa = PBXBuildFile; fileRef = 9C4D1F3018658D8400EFE020 /* UIKit.framework */; };
		9C4D1F5018658D8400EFE020 /* InfoPlist.strings in Resources */ = {isa = PBXBuildFile; fileRef = 9C4D1F4E18658D8400EFE020 /* InfoPlist.strings */; };
		9C4D1F5218658D8400EFE020 /* ZShareTests.m in Sources */ = {isa = PBXBuildFile; fileRef = 9C4D1F5118658D8400EFE020 /* ZShareTests.m */; };
		9CD39E441880776900CF97A1 /* NSString+RExtension.m in Sources */ = {isa = PBXBuildFile; fileRef = 9CD39E431880776900CF97A1 /* NSString+RExtension.m */; settings = {COMPILER_FLAGS = "-fno-objc-arc"; }; };
		9CD39E46188079F100CF97A1 /* ASIHTTPRequest.framework in Frameworks */ = {isa = PBXBuildFile; fileRef = 9CD39E45188079F100CF97A1 /* ASIHTTPRequest.framework */; };
		9CD39E4818807E8A00CF97A1 /* bootstrap_cheatsheet.pdf in Resources */ = {isa = PBXBuildFile; fileRef = 9CD39E4718807E8A00CF97A1 /* bootstrap_cheatsheet.pdf */; };
		9CD39E4D1880FA1100CF97A1 /* icon-60@2x.png in Resources */ = {isa = PBXBuildFile; fileRef = 9CD39E4A1880FA1100CF97A1 /* icon-60@2x.png */; };
		9CD39E4E1880FA1100CF97A1 /* icon.png in Resources */ = {isa = PBXBuildFile; fileRef = 9CD39E4B1880FA1100CF97A1 /* icon.png */; };
		9CD39E4F1880FA1100CF97A1 /* icon@2x.png in Resources */ = {isa = PBXBuildFile; fileRef = 9CD39E4C1880FA1100CF97A1 /* icon@2x.png */; };
		9CD39E531880FE3800CF97A1 /* Default-568h@2x.png in Resources */ = {isa = PBXBuildFile; fileRef = 9CD39E501880FE3800CF97A1 /* Default-568h@2x.png */; };
		9CD39E541880FE3800CF97A1 /* Default@2x.png in Resources */ = {isa = PBXBuildFile; fileRef = 9CD39E511880FE3800CF97A1 /* Default@2x.png */; };
		9CD39E551880FE3800CF97A1 /* Default.png in Resources */ = {isa = PBXBuildFile; fileRef = 9CD39E521880FE3800CF97A1 /* Default.png */; };
		9CD39E57188101EB00CF97A1 /* bar@2x.png in Resources */ = {isa = PBXBuildFile; fileRef = 9CD39E56188101EB00CF97A1 /* bar@2x.png */; };
		9CD39E681881413600CF97A1 /* LICENSE in Resources */ = {isa = PBXBuildFile; fileRef = 9CD39E621881413600CF97A1 /* LICENSE */; };
		9CD39E691881413600CF97A1 /* mongoose.c in Sources */ = {isa = PBXBuildFile; fileRef = 9CD39E631881413600CF97A1 /* mongoose.c */; };
		9CD39E6A1881413600CF97A1 /* MongooseDaemon.m in Sources */ = {isa = PBXBuildFile; fileRef = 9CD39E661881413600CF97A1 /* MongooseDaemon.m */; };
		9CD39E6B1881413600CF97A1 /* README.rdoc in Resources */ = {isa = PBXBuildFile; fileRef = 9CD39E671881413600CF97A1 /* README.rdoc */; };
		9CD39E6E1881426A00CF97A1 /* settings@2x.png in Resources */ = {isa = PBXBuildFile; fileRef = 9CD39E6C1881426A00CF97A1 /* settings@2x.png */; };
		9CD39E6F1881426A00CF97A1 /* file@2x.png in Resources */ = {isa = PBXBuildFile; fileRef = 9CD39E6D1881426A00CF97A1 /* file@2x.png */; };
		9CD39E711881459200CF97A1 /* index.html in Resources */ = {isa = PBXBuildFile; fileRef = 9CD39E701881459200CF97A1 /* index.html */; };
		9CD39E7418814A7B00CF97A1 /* ZTokenManager.m in Sources */ = {isa = PBXBuildFile; fileRef = 9CD39E7318814A7B00CF97A1 /* ZTokenManager.m */; };
		9CD39E8018814E6500CF97A1 /* FMDatabase.m in Sources */ = {isa = PBXBuildFile; fileRef = 9CD39E7718814E6500CF97A1 /* FMDatabase.m */; };
		9CD39E8118814E6500CF97A1 /* FMDatabaseAdditions.m in Sources */ = {isa = PBXBuildFile; fileRef = 9CD39E7918814E6500CF97A1 /* FMDatabaseAdditions.m */; };
		9CD39E8218814E6500CF97A1 /* FMDatabasePool.m in Sources */ = {isa = PBXBuildFile; fileRef = 9CD39E7B18814E6500CF97A1 /* FMDatabasePool.m */; };
		9CD39E8318814E6500CF97A1 /* FMDatabaseQueue.m in Sources */ = {isa = PBXBuildFile; fileRef = 9CD39E7D18814E6500CF97A1 /* FMDatabaseQueue.m */; };
		9CD39E8418814E6500CF97A1 /* FMResultSet.m in Sources */ = {isa = PBXBuildFile; fileRef = 9CD39E7F18814E6500CF97A1 /* FMResultSet.m */; };
		9CD39E8618814ECC00CF97A1 /* libsqlite3.0.dylib in Frameworks */ = {isa = PBXBuildFile; fileRef = 9CD39E8518814ECC00CF97A1 /* libsqlite3.0.dylib */; };
		9CD39E891881B85900CF97A1 /* UIDevice+RExtension.m in Sources */ = {isa = PBXBuildFile; fileRef = 9CD39E881881B85900CF97A1 /* UIDevice+RExtension.m */; };
/* End PBXBuildFile section */

/* Begin PBXContainerItemProxy section */
		9C4D1F4918658D8400EFE020 /* PBXContainerItemProxy */ = {
			isa = PBXContainerItemProxy;
			containerPortal = 9C4D1F2118658D8400EFE020 /* Project object */;
			proxyType = 1;
			remoteGlobalIDString = 9C4D1F2818658D8400EFE020;
			remoteInfo = ZShare;
		};
/* End PBXContainerItemProxy section */

/* Begin PBXFileReference section */
		9C287D03188048C900934786 /* libXQuquerSDK-all.a */ = {isa = PBXFileReference; lastKnownFileType = archive.ar; path = "libXQuquerSDK-all.a"; sourceTree = "<group>"; };
		9C287D04188048C900934786 /* XQuquerService.h */ = {isa = PBXFileReference; fileEncoding = 4; lastKnownFileType = sourcecode.c.h; path = XQuquerService.h; sourceTree = "<group>"; };
		9C287D061880490800934786 /* Storyboard.storyboard */ = {isa = PBXFileReference; fileEncoding = 4; lastKnownFileType = file.storyboard; path = Storyboard.storyboard; sourceTree = "<group>"; };
		9C287D08188049BE00934786 /* ZShareViewController.h */ = {isa = PBXFileReference; fileEncoding = 4; lastKnownFileType = sourcecode.c.h; path = ZShareViewController.h; sourceTree = "<group>"; };
		9C287D09188049BE00934786 /* ZShareViewController.mm */ = {isa = PBXFileReference; fileEncoding = 4; lastKnownFileType = sourcecode.cpp.objcpp; path = ZShareViewController.mm; sourceTree = "<group>"; };
		9C287D0B188049CA00934786 /* zh-Hans */ = {isa = PBXFileReference; lastKnownFileType = text.plist.strings; name = "zh-Hans"; path = "zh-Hans.lproj/InfoPlist.strings"; sourceTree = "<group>"; };
		9C287D0C188049CA00934786 /* zh-Hans */ = {isa = PBXFileReference; lastKnownFileType = text.plist.strings; name = "zh-Hans"; path = "zh-Hans.lproj/InfoPlist.strings"; sourceTree = "<group>"; };
		9C287D0D18804A9C00934786 /* AudioToolbox.framework */ = {isa = PBXFileReference; lastKnownFileType = wrapper.framework; name = AudioToolbox.framework; path = System/Library/Frameworks/AudioToolbox.framework; sourceTree = SDKROOT; };
		9C287D0F18804AB100934786 /* CFNetwork.framework */ = {isa = PBXFileReference; lastKnownFileType = wrapper.framework; name = CFNetwork.framework; path = System/Library/Frameworks/CFNetwork.framework; sourceTree = SDKROOT; };
		9C287D1118804ABC00934786 /* MobileCoreServices.framework */ = {isa = PBXFileReference; lastKnownFileType = wrapper.framework; name = MobileCoreServices.framework; path = System/Library/Frameworks/MobileCoreServices.framework; sourceTree = SDKROOT; };
		9C287D1318804AC900934786 /* libz.1.2.5.dylib */ = {isa = PBXFileReference; lastKnownFileType = "compiled.mach-o.dylib"; name = libz.1.2.5.dylib; path = usr/lib/libz.1.2.5.dylib; sourceTree = SDKROOT; };
		9C287D1518804AD400934786 /* SystemConfiguration.framework */ = {isa = PBXFileReference; lastKnownFileType = wrapper.framework; name = SystemConfiguration.framework; path = System/Library/Frameworks/SystemConfiguration.framework; sourceTree = SDKROOT; };
		9C287D1718804AEF00934786 /* QuartzCore.framework */ = {isa = PBXFileReference; lastKnownFileType = wrapper.framework; name = QuartzCore.framework; path = System/Library/Frameworks/QuartzCore.framework; sourceTree = SDKROOT; };
		9C39311218839F9F0080D691 /* ios7 */ = {isa = PBXFileReference; lastKnownFileType = folder; path = ios7; sourceTree = "<group>"; };
		9C39311318839F9F0080D691 /* simple */ = {isa = PBXFileReference; lastKnownFileType = folder; path = simple; sourceTree = "<group>"; };
		9C3931161883ACEC0080D691 /* ZFileItem.h */ = {isa = PBXFileReference; fileEncoding = 4; lastKnownFileType = sourcecode.c.h; path = ZFileItem.h; sourceTree = "<group>"; };
		9C3931171883ACEC0080D691 /* ZFileItem.m */ = {isa = PBXFileReference; fileEncoding = 4; lastKnownFileType = sourcecode.c.objc; path = ZFileItem.m; sourceTree = "<group>"; };
		9C4D1F2918658D8400EFE020 /* ZShare.app */ = {isa = PBXFileReference; explicitFileType = wrapper.application; includeInIndex = 0; path = ZShare.app; sourceTree = BUILT_PRODUCTS_DIR; };
		9C4D1F2C18658D8400EFE020 /* Foundation.framework */ = {isa = PBXFileReference; lastKnownFileType = wrapper.framework; name = Foundation.framework; path = System/Library/Frameworks/Foundation.framework; sourceTree = SDKROOT; };
		9C4D1F2E18658D8400EFE020 /* CoreGraphics.framework */ = {isa = PBXFileReference; lastKnownFileType = wrapper.framework; name = CoreGraphics.framework; path = System/Library/Frameworks/CoreGraphics.framework; sourceTree = SDKROOT; };
		9C4D1F3018658D8400EFE020 /* UIKit.framework */ = {isa = PBXFileReference; lastKnownFileType = wrapper.framework; name = UIKit.framework; path = System/Library/Frameworks/UIKit.framework; sourceTree = SDKROOT; };
		9C4D1F3418658D8400EFE020 /* ZShare-Info.plist */ = {isa = PBXFileReference; lastKnownFileType = text.plist.xml; path = "ZShare-Info.plist"; sourceTree = "<group>"; };
		9C4D1F3818658D8400EFE020 /* main.m */ = {isa = PBXFileReference; lastKnownFileType = sourcecode.c.objc; path = main.m; sourceTree = "<group>"; };
		9C4D1F3A18658D8400EFE020 /* ZShare-Prefix.pch */ = {isa = PBXFileReference; lastKnownFileType = sourcecode.c.h; path = "ZShare-Prefix.pch"; sourceTree = "<group>"; };
		9C4D1F3B18658D8400EFE020 /* ZAppDelegate.h */ = {isa = PBXFileReference; lastKnownFileType = sourcecode.c.h; path = ZAppDelegate.h; sourceTree = "<group>"; };
		9C4D1F3C18658D8400EFE020 /* ZAppDelegate.m */ = {isa = PBXFileReference; lastKnownFileType = sourcecode.c.objc; path = ZAppDelegate.m; sourceTree = "<group>"; };
		9C4D1F4418658D8400EFE020 /* ZShareTests.xctest */ = {isa = PBXFileReference; explicitFileType = wrapper.cfbundle; includeInIndex = 0; path = ZShareTests.xctest; sourceTree = BUILT_PRODUCTS_DIR; };
		9C4D1F4518658D8400EFE020 /* XCTest.framework */ = {isa = PBXFileReference; lastKnownFileType = wrapper.framework; name = XCTest.framework; path = Library/Frameworks/XCTest.framework; sourceTree = DEVELOPER_DIR; };
		9C4D1F4D18658D8400EFE020 /* ZShareTests-Info.plist */ = {isa = PBXFileReference; lastKnownFileType = text.plist.xml; path = "ZShareTests-Info.plist"; sourceTree = "<group>"; };
		9C4D1F5118658D8400EFE020 /* ZShareTests.m */ = {isa = PBXFileReference; lastKnownFileType = sourcecode.c.objc; path = ZShareTests.m; sourceTree = "<group>"; };
		9CD39E421880776900CF97A1 /* NSString+RExtension.h */ = {isa = PBXFileReference; fileEncoding = 4; lastKnownFileType = sourcecode.c.h; path = "NSString+RExtension.h"; sourceTree = "<group>"; };
		9CD39E431880776900CF97A1 /* NSString+RExtension.m */ = {isa = PBXFileReference; fileEncoding = 4; lastKnownFileType = sourcecode.c.objc; path = "NSString+RExtension.m"; sourceTree = "<group>"; };
		9CD39E45188079F100CF97A1 /* ASIHTTPRequest.framework */ = {isa = PBXFileReference; lastKnownFileType = wrapper.framework; path = ASIHTTPRequest.framework; sourceTree = "<group>"; };
		9CD39E4718807E8A00CF97A1 /* bootstrap_cheatsheet.pdf */ = {isa = PBXFileReference; lastKnownFileType = image.pdf; path = bootstrap_cheatsheet.pdf; sourceTree = "<group>"; };
		9CD39E4A1880FA1100CF97A1 /* icon-60@2x.png */ = {isa = PBXFileReference; lastKnownFileType = image.png; path = "icon-60@2x.png"; sourceTree = "<group>"; };
		9CD39E4B1880FA1100CF97A1 /* icon.png */ = {isa = PBXFileReference; lastKnownFileType = image.png; path = icon.png; sourceTree = "<group>"; };
		9CD39E4C1880FA1100CF97A1 /* icon@2x.png */ = {isa = PBXFileReference; lastKnownFileType = image.png; path = "icon@2x.png"; sourceTree = "<group>"; };
		9CD39E501880FE3800CF97A1 /* Default-568h@2x.png */ = {isa = PBXFileReference; lastKnownFileType = image.png; path = "Default-568h@2x.png"; sourceTree = "<group>"; };
		9CD39E511880FE3800CF97A1 /* Default@2x.png */ = {isa = PBXFileReference; lastKnownFileType = image.png; path = "Default@2x.png"; sourceTree = "<group>"; };
		9CD39E521880FE3800CF97A1 /* Default.png */ = {isa = PBXFileReference; lastKnownFileType = image.png; path = Default.png; sourceTree = "<group>"; };
		9CD39E56188101EB00CF97A1 /* bar@2x.png */ = {isa = PBXFileReference; lastKnownFileType = image.png; path = "bar@2x.png"; sourceTree = "<group>"; };
		9CD39E621881413600CF97A1 /* LICENSE */ = {isa = PBXFileReference; fileEncoding = 4; lastKnownFileType = text; path = LICENSE; sourceTree = "<group>"; };
		9CD39E631881413600CF97A1 /* mongoose.c */ = {isa = PBXFileReference; fileEncoding = 4; lastKnownFileType = sourcecode.c.c; path = mongoose.c; sourceTree = "<group>"; };
		9CD39E641881413600CF97A1 /* mongoose.h */ = {isa = PBXFileReference; fileEncoding = 4; lastKnownFileType = sourcecode.c.h; path = mongoose.h; sourceTree = "<group>"; };
		9CD39E651881413600CF97A1 /* MongooseDaemon.h */ = {isa = PBXFileReference; fileEncoding = 4; lastKnownFileType = sourcecode.c.h; path = MongooseDaemon.h; sourceTree = "<group>"; };
		9CD39E661881413600CF97A1 /* MongooseDaemon.m */ = {isa = PBXFileReference; fileEncoding = 4; lastKnownFileType = sourcecode.c.objc; path = MongooseDaemon.m; sourceTree = "<group>"; };
		9CD39E671881413600CF97A1 /* README.rdoc */ = {isa = PBXFileReference; fileEncoding = 4; lastKnownFileType = text; path = README.rdoc; sourceTree = "<group>"; };
		9CD39E6C1881426A00CF97A1 /* settings@2x.png */ = {isa = PBXFileReference; lastKnownFileType = image.png; path = "settings@2x.png"; sourceTree = "<group>"; };
		9CD39E6D1881426A00CF97A1 /* file@2x.png */ = {isa = PBXFileReference; lastKnownFileType = image.png; path = "file@2x.png"; sourceTree = "<group>"; };
		9CD39E701881459200CF97A1 /* index.html */ = {isa = PBXFileReference; fileEncoding = 4; lastKnownFileType = text.html; path = index.html; sourceTree = "<group>"; };
		9CD39E7218814A7B00CF97A1 /* ZTokenManager.h */ = {isa = PBXFileReference; fileEncoding = 4; lastKnownFileType = sourcecode.c.h; path = ZTokenManager.h; sourceTree = "<group>"; };
		9CD39E7318814A7B00CF97A1 /* ZTokenManager.m */ = {isa = PBXFileReference; fileEncoding = 4; lastKnownFileType = sourcecode.c.objc; path = ZTokenManager.m; sourceTree = "<group>"; };
		9CD39E7618814E6500CF97A1 /* FMDatabase.h */ = {isa = PBXFileReference; fileEncoding = 4; lastKnownFileType = sourcecode.c.h; path = FMDatabase.h; sourceTree = "<group>"; };
		9CD39E7718814E6500CF97A1 /* FMDatabase.m */ = {isa = PBXFileReference; fileEncoding = 4; lastKnownFileType = sourcecode.c.objc; path = FMDatabase.m; sourceTree = "<group>"; };
		9CD39E7818814E6500CF97A1 /* FMDatabaseAdditions.h */ = {isa = PBXFileReference; fileEncoding = 4; lastKnownFileType = sourcecode.c.h; path = FMDatabaseAdditions.h; sourceTree = "<group>"; };
		9CD39E7918814E6500CF97A1 /* FMDatabaseAdditions.m */ = {isa = PBXFileReference; fileEncoding = 4; lastKnownFileType = sourcecode.c.objc; path = FMDatabaseAdditions.m; sourceTree = "<group>"; };
		9CD39E7A18814E6500CF97A1 /* FMDatabasePool.h */ = {isa = PBXFileReference; fileEncoding = 4; lastKnownFileType = sourcecode.c.h; path = FMDatabasePool.h; sourceTree = "<group>"; };
		9CD39E7B18814E6500CF97A1 /* FMDatabasePool.m */ = {isa = PBXFileReference; fileEncoding = 4; lastKnownFileType = sourcecode.c.objc; path = FMDatabasePool.m; sourceTree = "<group>"; };
		9CD39E7C18814E6500CF97A1 /* FMDatabaseQueue.h */ = {isa = PBXFileReference; fileEncoding = 4; lastKnownFileType = sourcecode.c.h; path = FMDatabaseQueue.h; sourceTree = "<group>"; };
		9CD39E7D18814E6500CF97A1 /* FMDatabaseQueue.m */ = {isa = PBXFileReference; fileEncoding = 4; lastKnownFileType = sourcecode.c.objc; path = FMDatabaseQueue.m; sourceTree = "<group>"; };
		9CD39E7E18814E6500CF97A1 /* FMResultSet.h */ = {isa = PBXFileReference; fileEncoding = 4; lastKnownFileType = sourcecode.c.h; path = FMResultSet.h; sourceTree = "<group>"; };
		9CD39E7F18814E6500CF97A1 /* FMResultSet.m */ = {isa = PBXFileReference; fileEncoding = 4; lastKnownFileType = sourcecode.c.objc; path = FMResultSet.m; sourceTree = "<group>"; };
		9CD39E8518814ECC00CF97A1 /* libsqlite3.0.dylib */ = {isa = PBXFileReference; lastKnownFileType = "compiled.mach-o.dylib"; name = libsqlite3.0.dylib; path = usr/lib/libsqlite3.0.dylib; sourceTree = SDKROOT; };
		9CD39E871881B85900CF97A1 /* UIDevice+RExtension.h */ = {isa = PBXFileReference; fileEncoding = 4; lastKnownFileType = sourcecode.c.h; path = "UIDevice+RExtension.h"; sourceTree = "<group>"; };
		9CD39E881881B85900CF97A1 /* UIDevice+RExtension.m */ = {isa = PBXFileReference; fileEncoding = 4; lastKnownFileType = sourcecode.c.objc; path = "UIDevice+RExtension.m"; sourceTree = "<group>"; };
/* End PBXFileReference section */

/* Begin PBXFrameworksBuildPhase section */
		9C4D1F2618658D8400EFE020 /* Frameworks */ = {
			isa = PBXFrameworksBuildPhase;
			buildActionMask = 2147483647;
			files = (
				9CD39E8618814ECC00CF97A1 /* libsqlite3.0.dylib in Frameworks */,
				9C287D1818804AEF00934786 /* QuartzCore.framework in Frameworks */,
				9C287D1618804AD400934786 /* SystemConfiguration.framework in Frameworks */,
				9C287D1418804AC900934786 /* libz.1.2.5.dylib in Frameworks */,
				9C287D1218804ABC00934786 /* MobileCoreServices.framework in Frameworks */,
				9CD39E46188079F100CF97A1 /* ASIHTTPRequest.framework in Frameworks */,
				9C287D1018804AB100934786 /* CFNetwork.framework in Frameworks */,
				9C287D0E18804A9C00934786 /* AudioToolbox.framework in Frameworks */,
				9C287D05188048C900934786 /* libXQuquerSDK-all.a in Frameworks */,
				9C4D1F3118658D8400EFE020 /* UIKit.framework in Frameworks */,
				9C4D1F2D18658D8400EFE020 /* Foundation.framework in Frameworks */,
			);
			runOnlyForDeploymentPostprocessing = 0;
		};
		9C4D1F4118658D8400EFE020 /* Frameworks */ = {
			isa = PBXFrameworksBuildPhase;
			buildActionMask = 2147483647;
			files = (
				9C4D1F4618658D8400EFE020 /* XCTest.framework in Frameworks */,
				9C4D1F4818658D8400EFE020 /* UIKit.framework in Frameworks */,
				9C4D1F4718658D8400EFE020 /* Foundation.framework in Frameworks */,
			);
			runOnlyForDeploymentPostprocessing = 0;
		};
/* End PBXFrameworksBuildPhase section */

/* Begin PBXGroup section */
		9C287D02188048C900934786 /* XQuquerSDK */ = {
			isa = PBXGroup;
			children = (
				9C287D03188048C900934786 /* libXQuquerSDK-all.a */,
				9C287D04188048C900934786 /* XQuquerService.h */,
			);
			path = XQuquerSDK;
			sourceTree = "<group>";
		};
		9C4D1F2018658D8400EFE020 = {
			isa = PBXGroup;
			children = (
				9CD39E7518814E6500CF97A1 /* FMDB */,
				9C4D1F2B18658D8400EFE020 /* Frameworks */,
				9CD39E611881413600CF97A1 /* MongooseDaemon */,
				9C4D1F2A18658D8400EFE020 /* Products */,
				9CD39E491880FA1100CF97A1 /* Resources */,
				9C287D02188048C900934786 /* XQuquerSDK */,
				9C4D1F3218658D8400EFE020 /* ZShare */,
				9C4D1F4B18658D8400EFE020 /* ZShareTests */,
			);
			sourceTree = "<group>";
		};
		9C4D1F2A18658D8400EFE020 /* Products */ = {
			isa = PBXGroup;
			children = (
				9C4D1F2918658D8400EFE020 /* ZShare.app */,
				9C4D1F4418658D8400EFE020 /* ZShareTests.xctest */,
			);
			name = Products;
			sourceTree = "<group>";
		};
		9C4D1F2B18658D8400EFE020 /* Frameworks */ = {
			isa = PBXGroup;
			children = (
				9CD39E8518814ECC00CF97A1 /* libsqlite3.0.dylib */,
				9CD39E45188079F100CF97A1 /* ASIHTTPRequest.framework */,
				9C287D1718804AEF00934786 /* QuartzCore.framework */,
				9C287D1518804AD400934786 /* SystemConfiguration.framework */,
				9C287D1318804AC900934786 /* libz.1.2.5.dylib */,
				9C287D1118804ABC00934786 /* MobileCoreServices.framework */,
				9C287D0F18804AB100934786 /* CFNetwork.framework */,
				9C287D0D18804A9C00934786 /* AudioToolbox.framework */,
				9C4D1F2C18658D8400EFE020 /* Foundation.framework */,
				9C4D1F2E18658D8400EFE020 /* CoreGraphics.framework */,
				9C4D1F3018658D8400EFE020 /* UIKit.framework */,
				9C4D1F4518658D8400EFE020 /* XCTest.framework */,
			);
			name = Frameworks;
			sourceTree = "<group>";
		};
		9C4D1F3218658D8400EFE020 /* ZShare */ = {
			isa = PBXGroup;
			children = (
				9CD39E4718807E8A00CF97A1 /* bootstrap_cheatsheet.pdf */,
				9CD39E421880776900CF97A1 /* NSString+RExtension.h */,
				9CD39E431880776900CF97A1 /* NSString+RExtension.m */,
				9C287D061880490800934786 /* Storyboard.storyboard */,
				9C4D1F3318658D8400EFE020 /* Supporting Files */,
				9C4D1F3B18658D8400EFE020 /* ZAppDelegate.h */,
				9C4D1F3C18658D8400EFE020 /* ZAppDelegate.m */,
				9C287D08188049BE00934786 /* ZShareViewController.h */,
				9C287D09188049BE00934786 /* ZShareViewController.mm */,
				9CD39E7218814A7B00CF97A1 /* ZTokenManager.h */,
				9CD39E7318814A7B00CF97A1 /* ZTokenManager.m */,
				9CD39E871881B85900CF97A1 /* UIDevice+RExtension.h */,
				9CD39E881881B85900CF97A1 /* UIDevice+RExtension.m */,
				9C3931161883ACEC0080D691 /* ZFileItem.h */,
				9C3931171883ACEC0080D691 /* ZFileItem.m */,
			);
			path = ZShare;
			sourceTree = "<group>";
		};
		9C4D1F3318658D8400EFE020 /* Supporting Files */ = {
			isa = PBXGroup;
			children = (
				9C4D1F3418658D8400EFE020 /* ZShare-Info.plist */,
				9C4D1F3518658D8400EFE020 /* InfoPlist.strings */,
				9C4D1F3818658D8400EFE020 /* main.m */,
				9C4D1F3A18658D8400EFE020 /* ZShare-Prefix.pch */,
			);
			name = "Supporting Files";
			sourceTree = "<group>";
		};
		9C4D1F4B18658D8400EFE020 /* ZShareTests */ = {
			isa = PBXGroup;
			children = (
				9C4D1F5118658D8400EFE020 /* ZShareTests.m */,
				9C4D1F4C18658D8400EFE020 /* Supporting Files */,
			);
			path = ZShareTests;
			sourceTree = "<group>";
		};
		9C4D1F4C18658D8400EFE020 /* Supporting Files */ = {
			isa = PBXGroup;
			children = (
				9C4D1F4D18658D8400EFE020 /* ZShareTests-Info.plist */,
				9C4D1F4E18658D8400EFE020 /* InfoPlist.strings */,
			);
			name = "Supporting Files";
			sourceTree = "<group>";
		};
		9CD39E491880FA1100CF97A1 /* Resources */ = {
			isa = PBXGroup;
			children = (
				9C39311218839F9F0080D691 /* ios7 */,
				9C39311318839F9F0080D691 /* simple */,
				9CD39E701881459200CF97A1 /* index.html */,
				9CD39E6C1881426A00CF97A1 /* settings@2x.png */,
				9CD39E6D1881426A00CF97A1 /* file@2x.png */,
				9CD39E56188101EB00CF97A1 /* bar@2x.png */,
				9CD39E501880FE3800CF97A1 /* Default-568h@2x.png */,
				9CD39E521880FE3800CF97A1 /* Default.png */,
				9CD39E511880FE3800CF97A1 /* Default@2x.png */,
				9CD39E4A1880FA1100CF97A1 /* icon-60@2x.png */,
				9CD39E4B1880FA1100CF97A1 /* icon.png */,
				9CD39E4C1880FA1100CF97A1 /* icon@2x.png */,
			);
			path = Resources;
			sourceTree = "<group>";
		};
		9CD39E611881413600CF97A1 /* MongooseDaemon */ = {
			isa = PBXGroup;
			children = (
				9CD39E621881413600CF97A1 /* LICENSE */,
				9CD39E631881413600CF97A1 /* mongoose.c */,
				9CD39E641881413600CF97A1 /* mongoose.h */,
				9CD39E651881413600CF97A1 /* MongooseDaemon.h */,
				9CD39E661881413600CF97A1 /* MongooseDaemon.m */,
				9CD39E671881413600CF97A1 /* README.rdoc */,
			);
			path = MongooseDaemon;
			sourceTree = "<group>";
		};
		9CD39E7518814E6500CF97A1 /* FMDB */ = {
			isa = PBXGroup;
			children = (
				9CD39E7618814E6500CF97A1 /* FMDatabase.h */,
				9CD39E7718814E6500CF97A1 /* FMDatabase.m */,
				9CD39E7818814E6500CF97A1 /* FMDatabaseAdditions.h */,
				9CD39E7918814E6500CF97A1 /* FMDatabaseAdditions.m */,
				9CD39E7A18814E6500CF97A1 /* FMDatabasePool.h */,
				9CD39E7B18814E6500CF97A1 /* FMDatabasePool.m */,
				9CD39E7C18814E6500CF97A1 /* FMDatabaseQueue.h */,
				9CD39E7D18814E6500CF97A1 /* FMDatabaseQueue.m */,
				9CD39E7E18814E6500CF97A1 /* FMResultSet.h */,
				9CD39E7F18814E6500CF97A1 /* FMResultSet.m */,
			);
			path = FMDB;
			sourceTree = "<group>";
		};
/* End PBXGroup section */

/* Begin PBXNativeTarget section */
		9C4D1F2818658D8400EFE020 /* ZShare */ = {
			isa = PBXNativeTarget;
			buildConfigurationList = 9C4D1F5518658D8400EFE020 /* Build configuration list for PBXNativeTarget "ZShare" */;
			buildPhases = (
				9C4D1F2518658D8400EFE020 /* Sources */,
				9C4D1F2618658D8400EFE020 /* Frameworks */,
				9C4D1F2718658D8400EFE020 /* Resources */,
			);
			buildRules = (
			);
			dependencies = (
			);
			name = ZShare;
			productName = ZShare;
			productReference = 9C4D1F2918658D8400EFE020 /* ZShare.app */;
			productType = "com.apple.product-type.application";
		};
		9C4D1F4318658D8400EFE020 /* ZShareTests */ = {
			isa = PBXNativeTarget;
			buildConfigurationList = 9C4D1F5818658D8400EFE020 /* Build configuration list for PBXNativeTarget "ZShareTests" */;
			buildPhases = (
				9C4D1F4018658D8400EFE020 /* Sources */,
				9C4D1F4118658D8400EFE020 /* Frameworks */,
				9C4D1F4218658D8400EFE020 /* Resources */,
			);
			buildRules = (
			);
			dependencies = (
				9C4D1F4A18658D8400EFE020 /* PBXTargetDependency */,
			);
			name = ZShareTests;
			productName = ZShareTests;
			productReference = 9C4D1F4418658D8400EFE020 /* ZShareTests.xctest */;
			productType = "com.apple.product-type.bundle.unit-test";
		};
/* End PBXNativeTarget section */

/* Begin PBXProject section */
		9C4D1F2118658D8400EFE020 /* Project object */ = {
			isa = PBXProject;
			attributes = {
				CLASSPREFIX = Z;
				LastUpgradeCheck = 0500;
				ORGANIZATIONNAME = Ricky;
				TargetAttributes = {
					9C4D1F4318658D8400EFE020 = {
						TestTargetID = 9C4D1F2818658D8400EFE020;
					};
				};
			};
			buildConfigurationList = 9C4D1F2418658D8400EFE020 /* Build configuration list for PBXProject "ZShare" */;
			compatibilityVersion = "Xcode 3.2";
			developmentRegion = English;
			hasScannedForEncodings = 0;
			knownRegions = (
				en,
				"zh-Hans",
			);
			mainGroup = 9C4D1F2018658D8400EFE020;
			productRefGroup = 9C4D1F2A18658D8400EFE020 /* Products */;
			projectDirPath = "";
			projectRoot = "";
			targets = (
				9C4D1F2818658D8400EFE020 /* ZShare */,
				9C4D1F4318658D8400EFE020 /* ZShareTests */,
			);
		};
/* End PBXProject section */

/* Begin PBXResourcesBuildPhase section */
		9C4D1F2718658D8400EFE020 /* Resources */ = {
			isa = PBXResourcesBuildPhase;
			buildActionMask = 2147483647;
			files = (
				9CD39E711881459200CF97A1 /* index.html in Resources */,
				9CD39E6F1881426A00CF97A1 /* file@2x.png in Resources */,
				9CD39E541880FE3800CF97A1 /* Default@2x.png in Resources */,
				9CD39E6E1881426A00CF97A1 /* settings@2x.png in Resources */,
				9CD39E551880FE3800CF97A1 /* Default.png in Resources */,
				9CD39E4F1880FA1100CF97A1 /* icon@2x.png in Resources */,
				9C39311418839F9F0080D691 /* ios7 in Resources */,
				9CD39E4D1880FA1100CF97A1 /* icon-60@2x.png in Resources */,
				9C4D1F3718658D8400EFE020 /* InfoPlist.strings in Resources */,
				9CD39E681881413600CF97A1 /* LICENSE in Resources */,
				9CD39E4E1880FA1100CF97A1 /* icon.png in Resources */,
				9CD39E6B1881413600CF97A1 /* README.rdoc in Resources */,
				9C39311518839F9F0080D691 /* simple in Resources */,
				9C287D071880490800934786 /* Storyboard.storyboard in Resources */,
				9CD39E531880FE3800CF97A1 /* Default-568h@2x.png in Resources */,
				9CD39E57188101EB00CF97A1 /* bar@2x.png in Resources */,
				9CD39E4818807E8A00CF97A1 /* bootstrap_cheatsheet.pdf in Resources */,
			);
			runOnlyForDeploymentPostprocessing = 0;
		};
		9C4D1F4218658D8400EFE020 /* Resources */ = {
			isa = PBXResourcesBuildPhase;
			buildActionMask = 2147483647;
			files = (
				9C4D1F5018658D8400EFE020 /* InfoPlist.strings in Resources */,
			);
			runOnlyForDeploymentPostprocessing = 0;
		};
/* End PBXResourcesBuildPhase section */

/* Begin PBXSourcesBuildPhase section */
		9C4D1F2518658D8400EFE020 /* Sources */ = {
			isa = PBXSourcesBuildPhase;
			buildActionMask = 2147483647;
			files = (
				9CD39E7418814A7B00CF97A1 /* ZTokenManager.m in Sources */,
				9CD39E891881B85900CF97A1 /* UIDevice+RExtension.m in Sources */,
				9C287D0A188049BE00934786 /* ZShareViewController.mm in Sources */,
				9C4D1F3918658D8400EFE020 /* main.m in Sources */,
				9CD39E691881413600CF97A1 /* mongoose.c in Sources */,
				9CD39E441880776900CF97A1 /* NSString+RExtension.m in Sources */,
				9CD39E8118814E6500CF97A1 /* FMDatabaseAdditions.m in Sources */,
				9C3931181883ACEC0080D691 /* ZFileItem.m in Sources */,
				9CD39E8418814E6500CF97A1 /* FMResultSet.m in Sources */,
				9CD39E6A1881413600CF97A1 /* MongooseDaemon.m in Sources */,
				9CD39E8218814E6500CF97A1 /* FMDatabasePool.m in Sources */,
				9CD39E8318814E6500CF97A1 /* FMDatabaseQueue.m in Sources */,
				9C4D1F3D18658D8400EFE020 /* ZAppDelegate.m in Sources */,
				9CD39E8018814E6500CF97A1 /* FMDatabase.m in Sources */,
			);
			runOnlyForDeploymentPostprocessing = 0;
		};
		9C4D1F4018658D8400EFE020 /* Sources */ = {
			isa = PBXSourcesBuildPhase;
			buildActionMask = 2147483647;
			files = (
				9C4D1F5218658D8400EFE020 /* ZShareTests.m in Sources */,
			);
			runOnlyForDeploymentPostprocessing = 0;
		};
/* End PBXSourcesBuildPhase section */

/* Begin PBXTargetDependency section */
		9C4D1F4A18658D8400EFE020 /* PBXTargetDependency */ = {
			isa = PBXTargetDependency;
			target = 9C4D1F2818658D8400EFE020 /* ZShare */;
			targetProxy = 9C4D1F4918658D8400EFE020 /* PBXContainerItemProxy */;
		};
/* End PBXTargetDependency section */

/* Begin PBXVariantGroup section */
		9C4D1F3518658D8400EFE020 /* InfoPlist.strings */ = {
			isa = PBXVariantGroup;
			children = (
				9C287D0B188049CA00934786 /* zh-Hans */,
			);
			name = InfoPlist.strings;
			sourceTree = "<group>";
		};
		9C4D1F4E18658D8400EFE020 /* InfoPlist.strings */ = {
			isa = PBXVariantGroup;
			children = (
				9C287D0C188049CA00934786 /* zh-Hans */,
			);
			name = InfoPlist.strings;
			sourceTree = "<group>";
		};
/* End PBXVariantGroup section */

/* Begin XCBuildConfiguration section */
		9C4D1F5318658D8400EFE020 /* Debug */ = {
			isa = XCBuildConfiguration;
			buildSettings = {
				ALWAYS_SEARCH_USER_PATHS = NO;
				ARCHS = "$(ARCHS_STANDARD_INCLUDING_64_BIT)";
				CLANG_CXX_LANGUAGE_STANDARD = "gnu++0x";
				CLANG_CXX_LIBRARY = "libc++";
				CLANG_ENABLE_MODULES = YES;
				CLANG_ENABLE_OBJC_ARC = YES;
				CLANG_WARN_BOOL_CONVERSION = YES;
				CLANG_WARN_CONSTANT_CONVERSION = YES;
				CLANG_WARN_DIRECT_OBJC_ISA_USAGE = YES_ERROR;
				CLANG_WARN_EMPTY_BODY = YES;
				CLANG_WARN_ENUM_CONVERSION = YES;
				CLANG_WARN_INT_CONVERSION = YES;
				CLANG_WARN_OBJC_ROOT_CLASS = YES_ERROR;
				CLANG_WARN__DUPLICATE_METHOD_MATCH = YES;
				"CODE_SIGN_IDENTITY[sdk=iphoneos*]" = "iPhone Developer";
				COPY_PHASE_STRIP = NO;
				GCC_C_LANGUAGE_STANDARD = gnu99;
				GCC_DYNAMIC_NO_PIC = NO;
				GCC_OPTIMIZATION_LEVEL = 0;
				GCC_PREPROCESSOR_DEFINITIONS = (
					"DEBUG=1",
					"$(inherited)",
				);
				GCC_SYMBOLS_PRIVATE_EXTERN = NO;
				GCC_WARN_64_TO_32_BIT_CONVERSION = YES;
				GCC_WARN_ABOUT_RETURN_TYPE = YES_ERROR;
				GCC_WARN_UNDECLARED_SELECTOR = YES;
				GCC_WARN_UNINITIALIZED_AUTOS = YES;
				GCC_WARN_UNUSED_FUNCTION = YES;
				GCC_WARN_UNUSED_VARIABLE = YES;
				IPHONEOS_DEPLOYMENT_TARGET = 6.0;
				ONLY_ACTIVE_ARCH = YES;
				SDKROOT = iphoneos;
			};
			name = Debug;
		};
		9C4D1F5418658D8400EFE020 /* Release */ = {
			isa = XCBuildConfiguration;
			buildSettings = {
				ALWAYS_SEARCH_USER_PATHS = NO;
				ARCHS = "$(ARCHS_STANDARD_INCLUDING_64_BIT)";
				CLANG_CXX_LANGUAGE_STANDARD = "gnu++0x";
				CLANG_CXX_LIBRARY = "libc++";
				CLANG_ENABLE_MODULES = YES;
				CLANG_ENABLE_OBJC_ARC = YES;
				CLANG_WARN_BOOL_CONVERSION = YES;
				CLANG_WARN_CONSTANT_CONVERSION = YES;
				CLANG_WARN_DIRECT_OBJC_ISA_USAGE = YES_ERROR;
				CLANG_WARN_EMPTY_BODY = YES;
				CLANG_WARN_ENUM_CONVERSION = YES;
				CLANG_WARN_INT_CONVERSION = YES;
				CLANG_WARN_OBJC_ROOT_CLASS = YES_ERROR;
				CLANG_WARN__DUPLICATE_METHOD_MATCH = YES;
				"CODE_SIGN_IDENTITY[sdk=iphoneos*]" = "iPhone Developer";
				COPY_PHASE_STRIP = YES;
				ENABLE_NS_ASSERTIONS = NO;
				GCC_C_LANGUAGE_STANDARD = gnu99;
				GCC_WARN_64_TO_32_BIT_CONVERSION = YES;
				GCC_WARN_ABOUT_RETURN_TYPE = YES_ERROR;
				GCC_WARN_UNDECLARED_SELECTOR = YES;
				GCC_WARN_UNINITIALIZED_AUTOS = YES;
				GCC_WARN_UNUSED_FUNCTION = YES;
				GCC_WARN_UNUSED_VARIABLE = YES;
				IPHONEOS_DEPLOYMENT_TARGET = 6.0;
				SDKROOT = iphoneos;
				VALIDATE_PRODUCT = YES;
			};
			name = Release;
		};
		9C4D1F5618658D8400EFE020 /* Debug */ = {
			isa = XCBuildConfiguration;
			buildSettings = {
				ARCHS = "$(ARCHS_STANDARD)";
				FRAMEWORK_SEARCH_PATHS = (
					"$(inherited)",
					/Users/ricky/Data/Code/Z/ZShare,
				);
				GCC_PRECOMPILE_PREFIX_HEADER = YES;
				GCC_PREFIX_HEADER = "ZShare/ZShare-Prefix.pch";
				INFOPLIST_FILE = "ZShare/ZShare-Info.plist";
				LIBRARY_SEARCH_PATHS = (
					"$(inherited)",
					/Users/ricky/Data/Code/Z/ZShare/XQuquerSDK,
				);
				PRODUCT_NAME = "$(TARGET_NAME)";
				VALID_ARCHS = "armv7 armv7s";
				WRAPPER_EXTENSION = app;
			};
			name = Debug;
		};
		9C4D1F5718658D8400EFE020 /* Release */ = {
			isa = XCBuildConfiguration;
			buildSettings = {
				ARCHS = "$(ARCHS_STANDARD)";
				FRAMEWORK_SEARCH_PATHS = (
					"$(inherited)",
					/Users/ricky/Data/Code/Z/ZShare,
				);
				GCC_PRECOMPILE_PREFIX_HEADER = YES;
				GCC_PREFIX_HEADER = "ZShare/ZShare-Prefix.pch";
				INFOPLIST_FILE = "ZShare/ZShare-Info.plist";
				LIBRARY_SEARCH_PATHS = (
					"$(inherited)",
					/Users/ricky/Data/Code/Z/ZShare/XQuquerSDK,
				);
				PRODUCT_NAME = "$(TARGET_NAME)";
				VALID_ARCHS = "armv7 armv7s";
				WRAPPER_EXTENSION = app;
			};
			name = Release;
		};
		9C4D1F5918658D8400EFE020 /* Debug */ = {
			isa = XCBuildConfiguration;
			buildSettings = {
				ARCHS = "$(ARCHS_STANDARD_INCLUDING_64_BIT)";
				BUNDLE_LOADER = "$(BUILT_PRODUCTS_DIR)/ZShare.app/ZShare";
				FRAMEWORK_SEARCH_PATHS = (
					"$(SDKROOT)/Developer/Library/Frameworks",
					"$(inherited)",
					"$(DEVELOPER_FRAMEWORKS_DIR)",
				);
				GCC_PRECOMPILE_PREFIX_HEADER = YES;
				GCC_PREFIX_HEADER = "ZShare/ZShare-Prefix.pch";
				GCC_PREPROCESSOR_DEFINITIONS = (
					"DEBUG=1",
					"$(inherited)",
				);
				INFOPLIST_FILE = "ZShareTests/ZShareTests-Info.plist";
				PRODUCT_NAME = "$(TARGET_NAME)";
				TEST_HOST = "$(BUNDLE_LOADER)";
				WRAPPER_EXTENSION = xctest;
			};
			name = Debug;
		};
		9C4D1F5A18658D8400EFE020 /* Release */ = {
			isa = XCBuildConfiguration;
			buildSettings = {
				ARCHS = "$(ARCHS_STANDARD_INCLUDING_64_BIT)";
				BUNDLE_LOADER = "$(BUILT_PRODUCTS_DIR)/ZShare.app/ZShare";
				FRAMEWORK_SEARCH_PATHS = (
					"$(SDKROOT)/Developer/Library/Frameworks",
					"$(inherited)",
					"$(DEVELOPER_FRAMEWORKS_DIR)",
				);
				GCC_PRECOMPILE_PREFIX_HEADER = YES;
				GCC_PREFIX_HEADER = "ZShare/ZShare-Prefix.pch";
				INFOPLIST_FILE = "ZShareTests/ZShareTests-Info.plist";
				PRODUCT_NAME = "$(TARGET_NAME)";
				TEST_HOST = "$(BUNDLE_LOADER)";
				WRAPPER_EXTENSION = xctest;
			};
			name = Release;
		};
/* End XCBuildConfiguration section */

/* Begin XCConfigurationList section */
		9C4D1F2418658D8400EFE020 /* Build configuration list for PBXProject "ZShare" */ = {
			isa = XCConfigurationList;
			buildConfigurations = (
				9C4D1F5318658D8400EFE020 /* Debug */,
				9C4D1F5418658D8400EFE020 /* Release */,
			);
			defaultConfigurationIsVisible = 0;
			defaultConfigurationName = Release;
		};
		9C4D1F5518658D8400EFE020 /* Build configuration list for PBXNativeTarget "ZShare" */ = {
			isa = XCConfigurationList;
			buildConfigurations = (
				9C4D1F5618658D8400EFE020 /* Debug */,
				9C4D1F5718658D8400EFE020 /* Release */,
			);
			defaultConfigurationIsVisible = 0;
			defaultConfigurationName = Release;
		};
		9C4D1F5818658D8400EFE020 /* Build configuration list for PBXNativeTarget "ZShareTests" */ = {
			isa = XCConfigurationList;
			buildConfigurations = (
				9C4D1F5918658D8400EFE020 /* Debug */,
				9C4D1F5A18658D8400EFE020 /* Release */,
			);
			defaultConfigurationIsVisible = 0;
			defaultConfigurationName = Release;
		};
/* End XCConfigurationList section */
	};
	rootObject = 9C4D1F2118658D8400EFE020 /* Project object */;
}
